
Microsoft Visual Studio Solution File, Format Version 12.00
# Visual Studio Version 17
VisualStudioVersion = 17.9.34723.18
MinimumVisualStudioVersion = 10.0.40219.1
Project("{8BC9CEB8-8B4A-11D0-8D11-00A0C91BC942}") = "Hell", "Hell\Hell.vcxproj", "{DCFB2570-C82D-4D58-AC1F-D9DEBBBE95D0}"
EndProject
Project("{8BC9CEB8-8B4A-11D0-8D11-00A0C91BC942}") = "02_suma", "02_suma\02_suma.vcxproj", "{44FC9E52-4B53-49F2-8C66-CFE28D985124}"
EndProject
Project("{8BC9CEB8-8B4A-11D0-8D11-00A0C91BC942}") = "03_rectange", "03_rectange\03_rectange.vcxproj", "{09E9EA1D-489B-4EC9-9202-DE4B8292461A}"
EndProject
Project("{8BC9CEB8-8B4A-11D0-8D11-00A0C91BC942}") = "04_cirle", "04_cirle\04_cirle.vcxproj", "{1C8FAF7B-0803-4FF8-A0DF-11965FB64529}"
EndProject
Project("{8BC9CEB8-8B4A-11D0-8D11-00A0C91BC942}") = "05_reverse", "05_reverse\05_reverse.vcxproj", "{FB342B7B-A7E4-4B2C-B279-7A9F689B3ACA}"
EndProject
Project("{8BC9CEB8-8B4A-11D0-8D11-00A0C91BC942}") = "06_square_equation", "06_square_equation\06_square_equation.vcxproj", "{95F120F7-9400-4A07-9737-5A2F96A2BB25}"
EndProject
Project("{8BC9CEB8-8B4A-11D0-8D11-00A0C91BC942}") = "07_square_equation2", "07_square_equation2\07_square_equation2.vcxproj", "{68421E90-5E30-4A6B-A50E-F0F009523051}"
EndProject
Project("{8BC9CEB8-8B4A-11D0-8D11-00A0C91BC942}") = "09_for", "09_for\09_for.vcxproj", "{A6BF75DF-2D3E-4B4D-826C-EA0FCC5052CD}"
EndProject
Project("{8BC9CEB8-8B4A-11D0-8D11-00A0C91BC942}") = "017_fibonacci", "fibonacci\fibonacci.vcxproj", "{06186D18-1084-4321-9999-1EAA21493FA0}"
EndProject
Project("{8BC9CEB8-8B4A-11D0-8D11-00A0C91BC942}") = "018_primes", "018_primes\018_primes.vcxproj", "{9FE849C8-E018-4E3D-8DF5-209D089CD5A2}"
EndProject
Project("{8BC9CEB8-8B4A-11D0-8D11-00A0C91BC942}") = "019_an1", "019_an1\019_an1.vcxproj", "{E4904301-EB6D-4108-9008-C8DFBCC698FC}"
EndProject
Project("{8BC9CEB8-8B4A-11D0-8D11-00A0C91BC942}") = "020_an2", "020_an2\020_an2.vcxproj", "{EA69F153-601F-4D5A-829C-41A1136D6B20}"
EndProject
Project("{8BC9CEB8-8B4A-11D0-8D11-00A0C91BC942}") = "020_an2cpp", "020_an2cpp\020_an2cpp.vcxproj", "{C353DED4-79A3-4161-BF71-B35DD3BB26EA}"
EndProject
Project("{8BC9CEB8-8B4A-11D0-8D11-00A0C91BC942}") = "021_an3", "021_an3\021_an3.vcxproj", "{81284A80-765B-4B76-9F2C-D5C5A67DBB7A}"
EndProject
Global
	GlobalSection(SolutionConfigurationPlatforms) = preSolution
		Debug|x64 = Debug|x64
		Debug|x86 = Debug|x86
		Release|x64 = Release|x64
		Release|x86 = Release|x86
	EndGlobalSection
	GlobalSection(ProjectConfigurationPlatforms) = postSolution
		{DCFB2570-C82D-4D58-AC1F-D9DEBBBE95D0}.Debug|x64.ActiveCfg = Debug|x64
		{DCFB2570-C82D-4D58-AC1F-D9DEBBBE95D0}.Debug|x64.Build.0 = Debug|x64
		{DCFB2570-C82D-4D58-AC1F-D9DEBBBE95D0}.Debug|x86.ActiveCfg = Debug|Win32
		{DCFB2570-C82D-4D58-AC1F-D9DEBBBE95D0}.Debug|x86.Build.0 = Debug|Win32
		{DCFB2570-C82D-4D58-AC1F-D9DEBBBE95D0}.Release|x64.ActiveCfg = Release|x64
		{DCFB2570-C82D-4D58-AC1F-D9DEBBBE95D0}.Release|x64.Build.0 = Release|x64
		{DCFB2570-C82D-4D58-AC1F-D9DEBBBE95D0}.Release|x86.ActiveCfg = Release|Win32
		{DCFB2570-C82D-4D58-AC1F-D9DEBBBE95D0}.Release|x86.Build.0 = Release|Win32
		{44FC9E52-4B53-49F2-8C66-CFE28D985124}.Debug|x64.ActiveCfg = Debug|x64
		{44FC9E52-4B53-49F2-8C66-CFE28D985124}.Debug|x64.Build.0 = Debug|x64
		{44FC9E52-4B53-49F2-8C66-CFE28D985124}.Debug|x86.ActiveCfg = Debug|Win32
		{44FC9E52-4B53-49F2-8C66-CFE28D985124}.Debug|x86.Build.0 = Debug|Win32
		{44FC9E52-4B53-49F2-8C66-CFE28D985124}.Release|x64.ActiveCfg = Release|x64
		{44FC9E52-4B53-49F2-8C66-CFE28D985124}.Release|x64.Build.0 = Release|x64
		{44FC9E52-4B53-49F2-8C66-CFE28D985124}.Release|x86.ActiveCfg = Release|Win32
		{44FC9E52-4B53-49F2-8C66-CFE28D985124}.Release|x86.Build.0 = Release|Win32
		{09E9EA1D-489B-4EC9-9202-DE4B8292461A}.Debug|x64.ActiveCfg = Debug|x64
		{09E9EA1D-489B-4EC9-9202-DE4B8292461A}.Debug|x64.Build.0 = Debug|x64
		{09E9EA1D-489B-4EC9-9202-DE4B8292461A}.Debug|x86.ActiveCfg = Debug|Win32
		{09E9EA1D-489B-4EC9-9202-DE4B8292461A}.Debug|x86.Build.0 = Debug|Win32
		{09E9EA1D-489B-4EC9-9202-DE4B8292461A}.Release|x64.ActiveCfg = Release|x64
		{09E9EA1D-489B-4EC9-9202-DE4B8292461A}.Release|x64.Build.0 = Release|x64
		{09E9EA1D-489B-4EC9-9202-DE4B8292461A}.Release|x86.ActiveCfg = Release|Win32
		{09E9EA1D-489B-4EC9-9202-DE4B8292461A}.Release|x86.Build.0 = Release|Win32
		{1C8FAF7B-0803-4FF8-A0DF-11965FB64529}.Debug|x64.ActiveCfg = Debug|x64
		{1C8FAF7B-0803-4FF8-A0DF-11965FB64529}.Debug|x64.Build.0 = Debug|x64
		{1C8FAF7B-0803-4FF8-A0DF-11965FB64529}.Debug|x86.ActiveCfg = Debug|Win32
		{1C8FAF7B-0803-4FF8-A0DF-11965FB64529}.Debug|x86.Build.0 = Debug|Win32
		{1C8FAF7B-0803-4FF8-A0DF-11965FB64529}.Release|x64.ActiveCfg = Release|x64
		{1C8FAF7B-0803-4FF8-A0DF-11965FB64529}.Release|x64.Build.0 = Release|x64
		{1C8FAF7B-0803-4FF8-A0DF-11965FB64529}.Release|x86.ActiveCfg = Release|Win32
		{1C8FAF7B-0803-4FF8-A0DF-11965FB64529}.Release|x86.Build.0 = Release|Win32
		{FB342B7B-A7E4-4B2C-B279-7A9F689B3ACA}.Debug|x64.ActiveCfg = Debug|x64
		{FB342B7B-A7E4-4B2C-B279-7A9F689B3ACA}.Debug|x64.Build.0 = Debug|x64
		{FB342B7B-A7E4-4B2C-B279-7A9F689B3ACA}.Debug|x86.ActiveCfg = Debug|Win32
		{FB342B7B-A7E4-4B2C-B279-7A9F689B3ACA}.Debug|x86.Build.0 = Debug|Win32
		{FB342B7B-A7E4-4B2C-B279-7A9F689B3ACA}.Release|x64.ActiveCfg = Release|x64
		{FB342B7B-A7E4-4B2C-B279-7A9F689B3ACA}.Release|x64.Build.0 = Release|x64
		{FB342B7B-A7E4-4B2C-B279-7A9F689B3ACA}.Release|x86.ActiveCfg = Release|Win32
		{FB342B7B-A7E4-4B2C-B279-7A9F689B3ACA}.Release|x86.Build.0 = Release|Win32
		{95F120F7-9400-4A07-9737-5A2F96A2BB25}.Debug|x64.ActiveCfg = Debug|x64
		{95F120F7-9400-4A07-9737-5A2F96A2BB25}.Debug|x64.Build.0 = Debug|x64
		{95F120F7-9400-4A07-9737-5A2F96A2BB25}.Debug|x86.ActiveCfg = Debug|Win32
		{95F120F7-9400-4A07-9737-5A2F96A2BB25}.Debug|x86.Build.0 = Debug|Win32
		{95F120F7-9400-4A07-9737-5A2F96A2BB25}.Release|x64.ActiveCfg = Release|x64
		{95F120F7-9400-4A07-9737-5A2F96A2BB25}.Release|x64.Build.0 = Release|x64
		{95F120F7-9400-4A07-9737-5A2F96A2BB25}.Release|x86.ActiveCfg = Release|Win32
		{95F120F7-9400-4A07-9737-5A2F96A2BB25}.Release|x86.Build.0 = Release|Win32
		{68421E90-5E30-4A6B-A50E-F0F009523051}.Debug|x64.ActiveCfg = Debug|x64
		{68421E90-5E30-4A6B-A50E-F0F009523051}.Debug|x64.Build.0 = Debug|x64
		{68421E90-5E30-4A6B-A50E-F0F009523051}.Debug|x86.ActiveCfg = Debug|Win32
		{68421E90-5E30-4A6B-A50E-F0F009523051}.Debug|x86.Build.0 = Debug|Win32
		{68421E90-5E30-4A6B-A50E-F0F009523051}.Release|x64.ActiveCfg = Release|x64
		{68421E90-5E30-4A6B-A50E-F0F009523051}.Release|x64.Build.0 = Release|x64
		{68421E90-5E30-4A6B-A50E-F0F009523051}.Release|x86.ActiveCfg = Release|Win32
		{68421E90-5E30-4A6B-A50E-F0F009523051}.Release|x86.Build.0 = Release|Win32
		{A6BF75DF-2D3E-4B4D-826C-EA0FCC5052CD}.Debug|x64.ActiveCfg = Debug|x64
		{A6BF75DF-2D3E-4B4D-826C-EA0FCC5052CD}.Debug|x64.Build.0 = Debug|x64
		{A6BF75DF-2D3E-4B4D-826C-EA0FCC5052CD}.Debug|x86.ActiveCfg = Debug|Win32
		{A6BF75DF-2D3E-4B4D-826C-EA0FCC5052CD}.Debug|x86.Build.0 = Debug|Win32
		{A6BF75DF-2D3E-4B4D-826C-EA0FCC5052CD}.Release|x64.ActiveCfg = Release|x64
		{A6BF75DF-2D3E-4B4D-826C-EA0FCC5052CD}.Release|x64.Build.0 = Release|x64
		{A6BF75DF-2D3E-4B4D-826C-EA0FCC5052CD}.Release|x86.ActiveCfg = Release|Win32
		{A6BF75DF-2D3E-4B4D-826C-EA0FCC5052CD}.Release|x86.Build.0 = Release|Win32
		{06186D18-1084-4321-9999-1EAA21493FA0}.Debug|x64.ActiveCfg = Debug|x64
		{06186D18-1084-4321-9999-1EAA21493FA0}.Debug|x64.Build.0 = Debug|x64
		{06186D18-1084-4321-9999-1EAA21493FA0}.Debug|x86.ActiveCfg = Debug|Win32
		{06186D18-1084-4321-9999-1EAA21493FA0}.Debug|x86.Build.0 = Debug|Win32
		{06186D18-1084-4321-9999-1EAA21493FA0}.Release|x64.ActiveCfg = Release|x64
		{06186D18-1084-4321-9999-1EAA21493FA0}.Release|x64.Build.0 = Release|x64
		{06186D18-1084-4321-9999-1EAA21493FA0}.Release|x86.ActiveCfg = Release|Win32
		{06186D18-1084-4321-9999-1EAA21493FA0}.Release|x86.Build.0 = Release|Win32
		{9FE849C8-E018-4E3D-8DF5-209D089CD5A2}.Debug|x64.ActiveCfg = Debug|x64
		{9FE849C8-E018-4E3D-8DF5-209D089CD5A2}.Debug|x64.Build.0 = Debug|x64
		{9FE849C8-E018-4E3D-8DF5-209D089CD5A2}.Debug|x86.ActiveCfg = Debug|Win32
		{9FE849C8-E018-4E3D-8DF5-209D089CD5A2}.Debug|x86.Build.0 = Debug|Win32
		{9FE849C8-E018-4E3D-8DF5-209D089CD5A2}.Release|x64.ActiveCfg = Release|x64
		{9FE849C8-E018-4E3D-8DF5-209D089CD5A2}.Release|x64.Build.0 = Release|x64
		{9FE849C8-E018-4E3D-8DF5-209D089CD5A2}.Release|x86.ActiveCfg = Release|Win32
		{9FE849C8-E018-4E3D-8DF5-209D089CD5A2}.Release|x86.Build.0 = Release|Win32
		{E4904301-EB6D-4108-9008-C8DFBCC698FC}.Debug|x64.ActiveCfg = Debug|x64
		{E4904301-EB6D-4108-9008-C8DFBCC698FC}.Debug|x64.Build.0 = Debug|x64
		{E4904301-EB6D-4108-9008-C8DFBCC698FC}.Debug|x86.ActiveCfg = Debug|Win32
		{E4904301-EB6D-4108-9008-C8DFBCC698FC}.Debug|x86.Build.0 = Debug|Win32
		{E4904301-EB6D-4108-9008-C8DFBCC698FC}.Release|x64.ActiveCfg = Release|x64
		{E4904301-EB6D-4108-9008-C8DFBCC698FC}.Release|x64.Build.0 = Release|x64
		{E4904301-EB6D-4108-9008-C8DFBCC698FC}.Release|x86.ActiveCfg = Release|Win32
		{E4904301-EB6D-4108-9008-C8DFBCC698FC}.Release|x86.Build.0 = Release|Win32
		{EA69F153-601F-4D5A-829C-41A1136D6B20}.Debug|x64.ActiveCfg = Debug|x64
		{EA69F153-601F-4D5A-829C-41A1136D6B20}.Debug|x64.Build.0 = Debug|x64
		{EA69F153-601F-4D5A-829C-41A1136D6B20}.Debug|x86.ActiveCfg = Debug|Win32
		{EA69F153-601F-4D5A-829C-41A1136D6B20}.Debug|x86.Build.0 = Debug|Win32
		{EA69F153-601F-4D5A-829C-41A1136D6B20}.Release|x64.ActiveCfg = Release|x64
		{EA69F153-601F-4D5A-829C-41A1136D6B20}.Release|x64.Build.0 = Release|x64
		{EA69F153-601F-4D5A-829C-41A1136D6B20}.Release|x86.ActiveCfg = Release|Win32
		{EA69F153-601F-4D5A-829C-41A1136D6B20}.Release|x86.Build.0 = Release|Win32
		{C353DED4-79A3-4161-BF71-B35DD3BB26EA}.Debug|x64.ActiveCfg = Debug|x64
		{C353DED4-79A3-4161-BF71-B35DD3BB26EA}.Debug|x64.Build.0 = Debug|x64
		{C353DED4-79A3-4161-BF71-B35DD3BB26EA}.Debug|x86.ActiveCfg = Debug|Win32
		{C353DED4-79A3-4161-BF71-B35DD3BB26EA}.Debug|x86.Build.0 = Debug|Win32
		{C353DED4-79A3-4161-BF71-B35DD3BB26EA}.Release|x64.ActiveCfg = Release|x64
		{C353DED4-79A3-4161-BF71-B35DD3BB26EA}.Release|x64.Build.0 = Release|x64
		{C353DED4-79A3-4161-BF71-B35DD3BB26EA}.Release|x86.ActiveCfg = Release|Win32
		{C353DED4-79A3-4161-BF71-B35DD3BB26EA}.Release|x86.Build.0 = Release|Win32
		{81284A80-765B-4B76-9F2C-D5C5A67DBB7A}.Debug|x64.ActiveCfg = Debug|x64
		{81284A80-765B-4B76-9F2C-D5C5A67DBB7A}.Debug|x64.Build.0 = Debug|x64
		{81284A80-765B-4B76-9F2C-D5C5A67DBB7A}.Debug|x86.ActiveCfg = Debug|Win32
		{81284A80-765B-4B76-9F2C-D5C5A67DBB7A}.Debug|x86.Build.0 = Debug|Win32
		{81284A80-765B-4B76-9F2C-D5C5A67DBB7A}.Release|x64.ActiveCfg = Release|x64
		{81284A80-765B-4B76-9F2C-D5C5A67DBB7A}.Release|x64.Build.0 = Release|x64
		{81284A80-765B-4B76-9F2C-D5C5A67DBB7A}.Release|x86.ActiveCfg = Release|Win32
		{81284A80-765B-4B76-9F2C-D5C5A67DBB7A}.Release|x86.Build.0 = Release|Win32
	EndGlobalSection
	GlobalSection(SolutionProperties) = preSolution
		HideSolutionNode = FALSE
	EndGlobalSection
	GlobalSection(ExtensibilityGlobals) = postSolution
		SolutionGuid = {FB165E73-8387-488F-98B3-96FA5FBF33DC}
	EndGlobalSection
EndGlobal
