
Microsoft Visual Studio Solution File, Format Version 12.00
# Visual Studio Version 17
VisualStudioVersion = 17.5.33516.290
MinimumVisualStudioVersion = 10.0.40219.1
Project("{8BC9CEB8-8B4A-11D0-8D11-00A0C91BC942}") = "ArrayMultiplyByNumber", "ArrayMultiplyByNumber\ArrayMultiplyByNumber.vcxproj", "{ED49170E-26F4-4088-A002-8F2A8CFCA41D}"
EndProject
Project("{8BC9CEB8-8B4A-11D0-8D11-00A0C91BC942}") = "ArrayProduct", "ArrayProduct\ArrayProduct.vcxproj", "{21BE28AE-61F9-46C3-A4A9-36BB7FAE28A2}"
EndProject
Project("{8BC9CEB8-8B4A-11D0-8D11-00A0C91BC942}") = "ArraysAdamarProduct", "ArraysAdamarProduct\ArraysAdamarProduct.vcxproj", "{31F1C119-919D-45FF-BC46-552C37056F79}"
EndProject
Project("{8BC9CEB8-8B4A-11D0-8D11-00A0C91BC942}") = "ArraysSum", "ArraysSum\ArraysSum.vcxproj", "{2F3AF855-09FB-41AB-910A-81BBFDBD50CE}"
EndProject
Project("{8BC9CEB8-8B4A-11D0-8D11-00A0C91BC942}") = "MatrixInputOutput", "MatrixInputOutput\MatrixInputOutput.vcxproj", "{2DFBF2DB-2884-46E9-A91E-C97F6EED572E}"
EndProject
Project("{8BC9CEB8-8B4A-11D0-8D11-00A0C91BC942}") = "ShowMeTheASCII", "ShowMeTheASCII\ShowMeTheASCII.vcxproj", "{72BFEFC7-9BC2-4415-84F3-06A8D636F13C}"
EndProject
Project("{8BC9CEB8-8B4A-11D0-8D11-00A0C91BC942}") = "TextStatistics", "TextStatistics\TextStatistics.vcxproj", "{E11D4D74-F203-4E05-BC73-E9C13643C9A9}"
EndProject
Global
	GlobalSection(SolutionConfigurationPlatforms) = preSolution
		Debug|x64 = Debug|x64
		Debug|x86 = Debug|x86
		Release|x64 = Release|x64
		Release|x86 = Release|x86
	EndGlobalSection
	GlobalSection(ProjectConfigurationPlatforms) = postSolution
		{ED49170E-26F4-4088-A002-8F2A8CFCA41D}.Debug|x64.ActiveCfg = Debug|x64
		{ED49170E-26F4-4088-A002-8F2A8CFCA41D}.Debug|x64.Build.0 = Debug|x64
		{ED49170E-26F4-4088-A002-8F2A8CFCA41D}.Debug|x86.ActiveCfg = Debug|Win32
		{ED49170E-26F4-4088-A002-8F2A8CFCA41D}.Debug|x86.Build.0 = Debug|Win32
		{ED49170E-26F4-4088-A002-8F2A8CFCA41D}.Release|x64.ActiveCfg = Release|x64
		{ED49170E-26F4-4088-A002-8F2A8CFCA41D}.Release|x64.Build.0 = Release|x64
		{ED49170E-26F4-4088-A002-8F2A8CFCA41D}.Release|x86.ActiveCfg = Release|Win32
		{ED49170E-26F4-4088-A002-8F2A8CFCA41D}.Release|x86.Build.0 = Release|Win32
		{21BE28AE-61F9-46C3-A4A9-36BB7FAE28A2}.Debug|x64.ActiveCfg = Debug|x64
		{21BE28AE-61F9-46C3-A4A9-36BB7FAE28A2}.Debug|x64.Build.0 = Debug|x64
		{21BE28AE-61F9-46C3-A4A9-36BB7FAE28A2}.Debug|x86.ActiveCfg = Debug|Win32
		{21BE28AE-61F9-46C3-A4A9-36BB7FAE28A2}.Debug|x86.Build.0 = Debug|Win32
		{21BE28AE-61F9-46C3-A4A9-36BB7FAE28A2}.Release|x64.ActiveCfg = Release|x64
		{21BE28AE-61F9-46C3-A4A9-36BB7FAE28A2}.Release|x64.Build.0 = Release|x64
		{21BE28AE-61F9-46C3-A4A9-36BB7FAE28A2}.Release|x86.ActiveCfg = Release|Win32
		{21BE28AE-61F9-46C3-A4A9-36BB7FAE28A2}.Release|x86.Build.0 = Release|Win32
		{31F1C119-919D-45FF-BC46-552C37056F79}.Debug|x64.ActiveCfg = Debug|x64
		{31F1C119-919D-45FF-BC46-552C37056F79}.Debug|x64.Build.0 = Debug|x64
		{31F1C119-919D-45FF-BC46-552C37056F79}.Debug|x86.ActiveCfg = Debug|Win32
		{31F1C119-919D-45FF-BC46-552C37056F79}.Debug|x86.Build.0 = Debug|Win32
		{31F1C119-919D-45FF-BC46-552C37056F79}.Release|x64.ActiveCfg = Release|x64
		{31F1C119-919D-45FF-BC46-552C37056F79}.Release|x64.Build.0 = Release|x64
		{31F1C119-919D-45FF-BC46-552C37056F79}.Release|x86.ActiveCfg = Release|Win32
		{31F1C119-919D-45FF-BC46-552C37056F79}.Release|x86.Build.0 = Release|Win32
		{2F3AF855-09FB-41AB-910A-81BBFDBD50CE}.Debug|x64.ActiveCfg = Debug|x64
		{2F3AF855-09FB-41AB-910A-81BBFDBD50CE}.Debug|x64.Build.0 = Debug|x64
		{2F3AF855-09FB-41AB-910A-81BBFDBD50CE}.Debug|x86.ActiveCfg = Debug|Win32
		{2F3AF855-09FB-41AB-910A-81BBFDBD50CE}.Debug|x86.Build.0 = Debug|Win32
		{2F3AF855-09FB-41AB-910A-81BBFDBD50CE}.Release|x64.ActiveCfg = Release|x64
		{2F3AF855-09FB-41AB-910A-81BBFDBD50CE}.Release|x64.Build.0 = Release|x64
		{2F3AF855-09FB-41AB-910A-81BBFDBD50CE}.Release|x86.ActiveCfg = Release|Win32
		{2F3AF855-09FB-41AB-910A-81BBFDBD50CE}.Release|x86.Build.0 = Release|Win32
		{2DFBF2DB-2884-46E9-A91E-C97F6EED572E}.Debug|x64.ActiveCfg = Debug|x64
		{2DFBF2DB-2884-46E9-A91E-C97F6EED572E}.Debug|x64.Build.0 = Debug|x64
		{2DFBF2DB-2884-46E9-A91E-C97F6EED572E}.Debug|x86.ActiveCfg = Debug|Win32
		{2DFBF2DB-2884-46E9-A91E-C97F6EED572E}.Debug|x86.Build.0 = Debug|Win32
		{2DFBF2DB-2884-46E9-A91E-C97F6EED572E}.Release|x64.ActiveCfg = Release|x64
		{2DFBF2DB-2884-46E9-A91E-C97F6EED572E}.Release|x64.Build.0 = Release|x64
		{2DFBF2DB-2884-46E9-A91E-C97F6EED572E}.Release|x86.ActiveCfg = Release|Win32
		{2DFBF2DB-2884-46E9-A91E-C97F6EED572E}.Release|x86.Build.0 = Release|Win32
		{72BFEFC7-9BC2-4415-84F3-06A8D636F13C}.Debug|x64.ActiveCfg = Debug|x64
		{72BFEFC7-9BC2-4415-84F3-06A8D636F13C}.Debug|x64.Build.0 = Debug|x64
		{72BFEFC7-9BC2-4415-84F3-06A8D636F13C}.Debug|x86.ActiveCfg = Debug|Win32
		{72BFEFC7-9BC2-4415-84F3-06A8D636F13C}.Debug|x86.Build.0 = Debug|Win32
		{72BFEFC7-9BC2-4415-84F3-06A8D636F13C}.Release|x64.ActiveCfg = Release|x64
		{72BFEFC7-9BC2-4415-84F3-06A8D636F13C}.Release|x64.Build.0 = Release|x64
		{72BFEFC7-9BC2-4415-84F3-06A8D636F13C}.Release|x86.ActiveCfg = Release|Win32
		{72BFEFC7-9BC2-4415-84F3-06A8D636F13C}.Release|x86.Build.0 = Release|Win32
		{E11D4D74-F203-4E05-BC73-E9C13643C9A9}.Debug|x64.ActiveCfg = Debug|x64
		{E11D4D74-F203-4E05-BC73-E9C13643C9A9}.Debug|x64.Build.0 = Debug|x64
		{E11D4D74-F203-4E05-BC73-E9C13643C9A9}.Debug|x86.ActiveCfg = Debug|Win32
		{E11D4D74-F203-4E05-BC73-E9C13643C9A9}.Debug|x86.Build.0 = Debug|Win32
		{E11D4D74-F203-4E05-BC73-E9C13643C9A9}.Release|x64.ActiveCfg = Release|x64
		{E11D4D74-F203-4E05-BC73-E9C13643C9A9}.Release|x64.Build.0 = Release|x64
		{E11D4D74-F203-4E05-BC73-E9C13643C9A9}.Release|x86.ActiveCfg = Release|Win32
		{E11D4D74-F203-4E05-BC73-E9C13643C9A9}.Release|x86.Build.0 = Release|Win32
	EndGlobalSection
	GlobalSection(SolutionProperties) = preSolution
		HideSolutionNode = FALSE
	EndGlobalSection
	GlobalSection(ExtensibilityGlobals) = postSolution
		SolutionGuid = {09EE3E18-B60F-4475-8F86-C25B3624B38B}
	EndGlobalSection
EndGlobal
