
Microsoft Visual Studio Solution File, Format Version 12.00
# Visual Studio Version 16
VisualStudioVersion = 16.0.31112.23
MinimumVisualStudioVersion = 10.0.40219.1
Project("{8BC9CEB8-8B4A-11D0-8D11-00A0C91BC942}") = "1.Pool", "1.Pool\1.Pool.vcxproj", "{9FD06AA6-B73A-49CE-841E-793DEDD9F9A7}"
EndProject
Project("{8BC9CEB8-8B4A-11D0-8D11-00A0C91BC942}") = "2.Average Velocity", "2.Average Velocity\2.Average Velocity.vcxproj", "{D69807AF-AA25-4706-9518-8500D86C40AE}"
EndProject
Project("{8BC9CEB8-8B4A-11D0-8D11-00A0C91BC942}") = "3.Tank", "3.Tank\3.Tank.vcxproj", "{630BAFCE-E7F6-4CB7-8998-BA5AC8827895}"
EndProject
Project("{8BC9CEB8-8B4A-11D0-8D11-00A0C91BC942}") = "4.Telegram", "4.Telegram\4.Telegram.vcxproj", "{82EFDE0E-96BA-425E-ABD9-4D7E81244118}"
EndProject
Project("{8BC9CEB8-8B4A-11D0-8D11-00A0C91BC942}") = "5.Transport", "5.Transport\5.Transport.vcxproj", "{D7CC0303-C328-4227-B8B2-AC4DE52C4537}"
EndProject
Project("{8BC9CEB8-8B4A-11D0-8D11-00A0C91BC942}") = "6.Audio Recording", "6.Audio Recording\6.Audio Recording.vcxproj", "{E006428D-7165-431E-BB28-333FA64246BA}"
EndProject
Global
	GlobalSection(SolutionConfigurationPlatforms) = preSolution
		Debug|x64 = Debug|x64
		Debug|x86 = Debug|x86
		Release|x64 = Release|x64
		Release|x86 = Release|x86
	EndGlobalSection
	GlobalSection(ProjectConfigurationPlatforms) = postSolution
		{9FD06AA6-B73A-49CE-841E-793DEDD9F9A7}.Debug|x64.ActiveCfg = Debug|x64
		{9FD06AA6-B73A-49CE-841E-793DEDD9F9A7}.Debug|x64.Build.0 = Debug|x64
		{9FD06AA6-B73A-49CE-841E-793DEDD9F9A7}.Debug|x86.ActiveCfg = Debug|Win32
		{9FD06AA6-B73A-49CE-841E-793DEDD9F9A7}.Debug|x86.Build.0 = Debug|Win32
		{9FD06AA6-B73A-49CE-841E-793DEDD9F9A7}.Release|x64.ActiveCfg = Release|x64
		{9FD06AA6-B73A-49CE-841E-793DEDD9F9A7}.Release|x64.Build.0 = Release|x64
		{9FD06AA6-B73A-49CE-841E-793DEDD9F9A7}.Release|x86.ActiveCfg = Release|Win32
		{9FD06AA6-B73A-49CE-841E-793DEDD9F9A7}.Release|x86.Build.0 = Release|Win32
		{D69807AF-AA25-4706-9518-8500D86C40AE}.Debug|x64.ActiveCfg = Debug|x64
		{D69807AF-AA25-4706-9518-8500D86C40AE}.Debug|x64.Build.0 = Debug|x64
		{D69807AF-AA25-4706-9518-8500D86C40AE}.Debug|x86.ActiveCfg = Debug|Win32
		{D69807AF-AA25-4706-9518-8500D86C40AE}.Debug|x86.Build.0 = Debug|Win32
		{D69807AF-AA25-4706-9518-8500D86C40AE}.Release|x64.ActiveCfg = Release|x64
		{D69807AF-AA25-4706-9518-8500D86C40AE}.Release|x64.Build.0 = Release|x64
		{D69807AF-AA25-4706-9518-8500D86C40AE}.Release|x86.ActiveCfg = Release|Win32
		{D69807AF-AA25-4706-9518-8500D86C40AE}.Release|x86.Build.0 = Release|Win32
		{630BAFCE-E7F6-4CB7-8998-BA5AC8827895}.Debug|x64.ActiveCfg = Debug|x64
		{630BAFCE-E7F6-4CB7-8998-BA5AC8827895}.Debug|x64.Build.0 = Debug|x64
		{630BAFCE-E7F6-4CB7-8998-BA5AC8827895}.Debug|x86.ActiveCfg = Debug|Win32
		{630BAFCE-E7F6-4CB7-8998-BA5AC8827895}.Debug|x86.Build.0 = Debug|Win32
		{630BAFCE-E7F6-4CB7-8998-BA5AC8827895}.Release|x64.ActiveCfg = Release|x64
		{630BAFCE-E7F6-4CB7-8998-BA5AC8827895}.Release|x64.Build.0 = Release|x64
		{630BAFCE-E7F6-4CB7-8998-BA5AC8827895}.Release|x86.ActiveCfg = Release|Win32
		{630BAFCE-E7F6-4CB7-8998-BA5AC8827895}.Release|x86.Build.0 = Release|Win32
		{82EFDE0E-96BA-425E-ABD9-4D7E81244118}.Debug|x64.ActiveCfg = Debug|x64
		{82EFDE0E-96BA-425E-ABD9-4D7E81244118}.Debug|x64.Build.0 = Debug|x64
		{82EFDE0E-96BA-425E-ABD9-4D7E81244118}.Debug|x86.ActiveCfg = Debug|Win32
		{82EFDE0E-96BA-425E-ABD9-4D7E81244118}.Debug|x86.Build.0 = Debug|Win32
		{82EFDE0E-96BA-425E-ABD9-4D7E81244118}.Release|x64.ActiveCfg = Release|x64
		{82EFDE0E-96BA-425E-ABD9-4D7E81244118}.Release|x64.Build.0 = Release|x64
		{82EFDE0E-96BA-425E-ABD9-4D7E81244118}.Release|x86.ActiveCfg = Release|Win32
		{82EFDE0E-96BA-425E-ABD9-4D7E81244118}.Release|x86.Build.0 = Release|Win32
		{D7CC0303-C328-4227-B8B2-AC4DE52C4537}.Debug|x64.ActiveCfg = Debug|x64
		{D7CC0303-C328-4227-B8B2-AC4DE52C4537}.Debug|x64.Build.0 = Debug|x64
		{D7CC0303-C328-4227-B8B2-AC4DE52C4537}.Debug|x86.ActiveCfg = Debug|Win32
		{D7CC0303-C328-4227-B8B2-AC4DE52C4537}.Debug|x86.Build.0 = Debug|Win32
		{D7CC0303-C328-4227-B8B2-AC4DE52C4537}.Release|x64.ActiveCfg = Release|x64
		{D7CC0303-C328-4227-B8B2-AC4DE52C4537}.Release|x64.Build.0 = Release|x64
		{D7CC0303-C328-4227-B8B2-AC4DE52C4537}.Release|x86.ActiveCfg = Release|Win32
		{D7CC0303-C328-4227-B8B2-AC4DE52C4537}.Release|x86.Build.0 = Release|Win32
		{E006428D-7165-431E-BB28-333FA64246BA}.Debug|x64.ActiveCfg = Debug|x64
		{E006428D-7165-431E-BB28-333FA64246BA}.Debug|x64.Build.0 = Debug|x64
		{E006428D-7165-431E-BB28-333FA64246BA}.Debug|x86.ActiveCfg = Debug|Win32
		{E006428D-7165-431E-BB28-333FA64246BA}.Debug|x86.Build.0 = Debug|Win32
		{E006428D-7165-431E-BB28-333FA64246BA}.Release|x64.ActiveCfg = Release|x64
		{E006428D-7165-431E-BB28-333FA64246BA}.Release|x64.Build.0 = Release|x64
		{E006428D-7165-431E-BB28-333FA64246BA}.Release|x86.ActiveCfg = Release|Win32
		{E006428D-7165-431E-BB28-333FA64246BA}.Release|x86.Build.0 = Release|Win32
	EndGlobalSection
	GlobalSection(SolutionProperties) = preSolution
		HideSolutionNode = FALSE
	EndGlobalSection
	GlobalSection(ExtensibilityGlobals) = postSolution
		SolutionGuid = {DEBB9178-E9B1-4D8A-BF6E-D90AAECA2FE4}
	EndGlobalSection
EndGlobal
