
Microsoft Visual Studio Solution File, Format Version 12.00
# Visual Studio Version 17
VisualStudioVersion = 17.5.33516.290
MinimumVisualStudioVersion = 10.0.40219.1
Project("{8BC9CEB8-8B4A-11D0-8D11-00A0C91BC942}") = "SquareEquation", "SquareEquation\SquareEquation.vcxproj", "{7845B0B7-231D-4DF5-9299-61C481235C35}"
EndProject
Global
	GlobalSection(SolutionConfigurationPlatforms) = preSolution
		Debug|x64 = Debug|x64
		Debug|x86 = Debug|x86
		Release|x64 = Release|x64
		Release|x86 = Release|x86
	EndGlobalSection
	GlobalSection(ProjectConfigurationPlatforms) = postSolution
		{7845B0B7-231D-4DF5-9299-61C481235C35}.Debug|x64.ActiveCfg = Debug|x64
		{7845B0B7-231D-4DF5-9299-61C481235C35}.Debug|x64.Build.0 = Debug|x64
		{7845B0B7-231D-4DF5-9299-61C481235C35}.Debug|x86.ActiveCfg = Debug|Win32
		{7845B0B7-231D-4DF5-9299-61C481235C35}.Debug|x86.Build.0 = Debug|Win32
		{7845B0B7-231D-4DF5-9299-61C481235C35}.Release|x64.ActiveCfg = Release|x64
		{7845B0B7-231D-4DF5-9299-61C481235C35}.Release|x64.Build.0 = Release|x64
		{7845B0B7-231D-4DF5-9299-61C481235C35}.Release|x86.ActiveCfg = Release|Win32
		{7845B0B7-231D-4DF5-9299-61C481235C35}.Release|x86.Build.0 = Release|Win32
	EndGlobalSection
	GlobalSection(SolutionProperties) = preSolution
		HideSolutionNode = FALSE
	EndGlobalSection
	GlobalSection(ExtensibilityGlobals) = postSolution
		SolutionGuid = {9C1C862E-8E04-4E62-9DD3-2213A4A9D3EB}
	EndGlobalSection
EndGlobal
