
Microsoft Visual Studio Solution File, Format Version 12.00
# Visual Studio Version 17
VisualStudioVersion = 17.12.35707.178
MinimumVisualStudioVersion = 10.0.40219.1
Project("{8BC9CEB8-8B4A-11D0-8D11-00A0C91BC942}") = "01_Hello", "01_Hello\01_Hello.vcxproj", "{86EA6FB2-AFE0-4E08-AA35-022E22A4A4B4}"
EndProject
Project("{8BC9CEB8-8B4A-11D0-8D11-00A0C91BC942}") = "02_Suma", "02_Suma\02_Suma.vcxproj", "{B2DCD73D-6A8F-44F8-8F1F-86572E1BBB1B}"
EndProject
Project("{8BC9CEB8-8B4A-11D0-8D11-00A0C91BC942}") = "03_Perimetur", "03_Perimetur\03_Perimetur.vcxproj", "{8C0453F2-4B9B-46C1-BDE4-54CFBB825066}"
EndProject
Project("{8BC9CEB8-8B4A-11D0-8D11-00A0C91BC942}") = "04_circle", "04_circle\04_circle.vcxproj", "{1A51BDEB-B3BC-4554-9C48-63B3D93E9656}"
EndProject
Project("{8BC9CEB8-8B4A-11D0-8D11-00A0C91BC942}") = "05_Money", "05_Money\05_Money.vcxproj", "{4CEF568D-194C-4D52-8921-B4310C0C8CFB}"
EndProject
Project("{8BC9CEB8-8B4A-11D0-8D11-00A0C91BC942}") = "08_5digits", "08_5digits\08_5digits.vcxproj", "{3F695B8E-7DB4-448D-AE8D-6FC12BA10991}"
EndProject
Project("{8BC9CEB8-8B4A-11D0-8D11-00A0C91BC942}") = "09_6digits", "09_6digits\09_6digits.vcxproj", "{B48AEB3E-F77F-4B51-811E-F99BECB8E6CF}"
EndProject
Project("{8BC9CEB8-8B4A-11D0-8D11-00A0C91BC942}") = "10_square_equation", "10_square_equation\10_square_equation.vcxproj", "{E2BE5C8E-2220-4AFC-AB52-F996BCC5450A}"
EndProject
Project("{8BC9CEB8-8B4A-11D0-8D11-00A0C91BC942}") = "06_3digits", "06_3digits\06_3digits.vcxproj", "{82210D75-ABFE-4F89-96D4-AE507D7D82D8}"
EndProject
Project("{8BC9CEB8-8B4A-11D0-8D11-00A0C91BC942}") = "07_4digits", "07_4digits\07_4digits.vcxproj", "{3BC644FA-A64E-4D3A-BF44-2D98D2144F5A}"
EndProject
Project("{8BC9CEB8-8B4A-11D0-8D11-00A0C91BC942}") = "11_square_equation_2", "11_square_equation_2\11_square_equation_2.vcxproj", "{B1CDB559-B6CC-4E3C-8BF6-B710E5F2AE39}"
EndProject
Project("{8BC9CEB8-8B4A-11D0-8D11-00A0C91BC942}") = "18_For", "18_For\18_For.vcxproj", "{2AD65AC6-A6C9-4570-84A4-3B23C4BF2A4F}"
EndProject
Project("{8BC9CEB8-8B4A-11D0-8D11-00A0C91BC942}") = "19_While", "19_While\19_While.vcxproj", "{12A881AC-D7DB-42EE-89BD-7DEE7D267ED0}"
EndProject
Project("{8BC9CEB8-8B4A-11D0-8D11-00A0C91BC942}") = "20_dowhile", "20_dowhile\20_dowhile.vcxproj", "{357D7DD7-03F2-44AF-B709-CEA0AE27886D}"
EndProject
Project("{8BC9CEB8-8B4A-11D0-8D11-00A0C91BC942}") = "21_Click", "21_Click\21_Click.vcxproj", "{E2A92D16-97B7-4F5E-8CAD-87A8FD627AB1}"
EndProject
Project("{8BC9CEB8-8B4A-11D0-8D11-00A0C91BC942}") = "22_sum", "22_sum\22_sum.vcxproj", "{FAAA1963-7419-41C8-AFCE-3E3F8A6121EF}"
EndProject
Project("{8BC9CEB8-8B4A-11D0-8D11-00A0C91BC942}") = "23_fak", "23_fak\23_fak.vcxproj", "{B7559A26-D609-4746-9A8F-DAA9FBFB64DF}"
EndProject
Project("{8BC9CEB8-8B4A-11D0-8D11-00A0C91BC942}") = "24_3digitsSum", "24_3digitsSum\24_3digitsSum.vcxproj", "{701390BD-6CE1-4235-A565-E61BB662CAFC}"
EndProject
Project("{8BC9CEB8-8B4A-11D0-8D11-00A0C91BC942}") = "25_4digits", "25_4digits\25_4digits.vcxproj", "{3516D89D-36C7-40CF-AB6E-002FD708F318}"
EndProject
Project("{8BC9CEB8-8B4A-11D0-8D11-00A0C91BC942}") = "12_finances", "12_finances\12_finances.vcxproj", "{E0702D81-94FD-4BF5-9F2B-F1CD8DB59D22}"
EndProject
Project("{8BC9CEB8-8B4A-11D0-8D11-00A0C91BC942}") = "13_NAP_2016", "13_NAP_2016\13_NAP_2016.vcxproj", "{87BD51AE-B790-45E4-B1E3-ABAA7040B221}"
EndProject
Project("{8BC9CEB8-8B4A-11D0-8D11-00A0C91BC942}") = "14_MinMaxOf3", "14_MinMaxOf3\14_MinMaxOf3.vcxproj", "{D7ADB7BA-1A18-404B-A13E-B092B4776DAC}"
EndProject
Project("{8BC9CEB8-8B4A-11D0-8D11-00A0C91BC942}") = "15_Sp", "15_Sp\15_Sp.vcxproj", "{AF663CD5-EFB1-45EC-BE94-DDDBBB0AC860}"
EndProject
Project("{8BC9CEB8-8B4A-11D0-8D11-00A0C91BC942}") = "16_Circle_Intercept", "16_Circle_Intercept\16_Circle_Intercept.vcxproj", "{1910B3ED-6434-4BF4-89E1-7A2FABF9C9FD}"
EndProject
Project("{8BC9CEB8-8B4A-11D0-8D11-00A0C91BC942}") = "17_Cicle_Intercept_Advanced", "17_Cicle_Intercept_Advanced\17_Cicle_Intercept_Advanced.vcxproj", "{6C412A4B-3F18-45D6-A1FC-8DE703107DF2}"
EndProject
Project("{8BC9CEB8-8B4A-11D0-8D11-00A0C91BC942}") = "26_fibonacci", "26_fibonacci\26_fibonacci.vcxproj", "{A719702B-4464-4A83-99A6-64FDA013AAF0}"
EndProject
Project("{8BC9CEB8-8B4A-11D0-8D11-00A0C91BC942}") = "27_primes", "27_primes\27_primes.vcxproj", "{4DA140AC-67F9-45DB-8030-40DB4C92F980}"
EndProject
Project("{8BC9CEB8-8B4A-11D0-8D11-00A0C91BC942}") = "28_An", "28_An\28_An.vcxproj", "{B700C3D0-EA57-4C93-A34E-8AE00518A9CF}"
EndProject
Project("{8BC9CEB8-8B4A-11D0-8D11-00A0C91BC942}") = "29_An2", "29_An2\29_An2.vcxproj", "{D3DDEA8F-4F21-4537-BAB5-3E0A068D4548}"
EndProject
Project("{8BC9CEB8-8B4A-11D0-8D11-00A0C91BC942}") = "30_An3", "30_An3\30_An3.vcxproj", "{AF21D01F-A078-4707-90BB-9E0A65A622E2}"
EndProject
Project("{8BC9CEB8-8B4A-11D0-8D11-00A0C91BC942}") = "31_fsum1", "31_fsum1\31_fsum1.vcxproj", "{541081F6-C30D-4EBF-889D-862A2B0C3152}"
EndProject
Project("{8BC9CEB8-8B4A-11D0-8D11-00A0C91BC942}") = "32_fsum2", "32_fsum2\32_fsum2.vcxproj", "{D94A11A8-5A83-47EC-B9CE-EBAED5616AD8}"
EndProject
Project("{8BC9CEB8-8B4A-11D0-8D11-00A0C91BC942}") = "33_fak", "33_fak\33_fak.vcxproj", "{2C9C8C4D-9774-4E94-9708-904C16C29EF6}"
EndProject
Global
	GlobalSection(SolutionConfigurationPlatforms) = preSolution
		Debug|x64 = Debug|x64
		Debug|x86 = Debug|x86
		Release|x64 = Release|x64
		Release|x86 = Release|x86
	EndGlobalSection
	GlobalSection(ProjectConfigurationPlatforms) = postSolution
		{86EA6FB2-AFE0-4E08-AA35-022E22A4A4B4}.Debug|x64.ActiveCfg = Debug|x64
		{86EA6FB2-AFE0-4E08-AA35-022E22A4A4B4}.Debug|x64.Build.0 = Debug|x64
		{86EA6FB2-AFE0-4E08-AA35-022E22A4A4B4}.Debug|x86.ActiveCfg = Debug|Win32
		{86EA6FB2-AFE0-4E08-AA35-022E22A4A4B4}.Debug|x86.Build.0 = Debug|Win32
		{86EA6FB2-AFE0-4E08-AA35-022E22A4A4B4}.Release|x64.ActiveCfg = Release|x64
		{86EA6FB2-AFE0-4E08-AA35-022E22A4A4B4}.Release|x64.Build.0 = Release|x64
		{86EA6FB2-AFE0-4E08-AA35-022E22A4A4B4}.Release|x86.ActiveCfg = Release|Win32
		{86EA6FB2-AFE0-4E08-AA35-022E22A4A4B4}.Release|x86.Build.0 = Release|Win32
		{B2DCD73D-6A8F-44F8-8F1F-86572E1BBB1B}.Debug|x64.ActiveCfg = Debug|x64
		{B2DCD73D-6A8F-44F8-8F1F-86572E1BBB1B}.Debug|x64.Build.0 = Debug|x64
		{B2DCD73D-6A8F-44F8-8F1F-86572E1BBB1B}.Debug|x86.ActiveCfg = Debug|Win32
		{B2DCD73D-6A8F-44F8-8F1F-86572E1BBB1B}.Debug|x86.Build.0 = Debug|Win32
		{B2DCD73D-6A8F-44F8-8F1F-86572E1BBB1B}.Release|x64.ActiveCfg = Release|x64
		{B2DCD73D-6A8F-44F8-8F1F-86572E1BBB1B}.Release|x64.Build.0 = Release|x64
		{B2DCD73D-6A8F-44F8-8F1F-86572E1BBB1B}.Release|x86.ActiveCfg = Release|Win32
		{B2DCD73D-6A8F-44F8-8F1F-86572E1BBB1B}.Release|x86.Build.0 = Release|Win32
		{8C0453F2-4B9B-46C1-BDE4-54CFBB825066}.Debug|x64.ActiveCfg = Debug|x64
		{8C0453F2-4B9B-46C1-BDE4-54CFBB825066}.Debug|x64.Build.0 = Debug|x64
		{8C0453F2-4B9B-46C1-BDE4-54CFBB825066}.Debug|x86.ActiveCfg = Debug|Win32
		{8C0453F2-4B9B-46C1-BDE4-54CFBB825066}.Debug|x86.Build.0 = Debug|Win32
		{8C0453F2-4B9B-46C1-BDE4-54CFBB825066}.Release|x64.ActiveCfg = Release|x64
		{8C0453F2-4B9B-46C1-BDE4-54CFBB825066}.Release|x64.Build.0 = Release|x64
		{8C0453F2-4B9B-46C1-BDE4-54CFBB825066}.Release|x86.ActiveCfg = Release|Win32
		{8C0453F2-4B9B-46C1-BDE4-54CFBB825066}.Release|x86.Build.0 = Release|Win32
		{1A51BDEB-B3BC-4554-9C48-63B3D93E9656}.Debug|x64.ActiveCfg = Debug|x64
		{1A51BDEB-B3BC-4554-9C48-63B3D93E9656}.Debug|x64.Build.0 = Debug|x64
		{1A51BDEB-B3BC-4554-9C48-63B3D93E9656}.Debug|x86.ActiveCfg = Debug|Win32
		{1A51BDEB-B3BC-4554-9C48-63B3D93E9656}.Debug|x86.Build.0 = Debug|Win32
		{1A51BDEB-B3BC-4554-9C48-63B3D93E9656}.Release|x64.ActiveCfg = Release|x64
		{1A51BDEB-B3BC-4554-9C48-63B3D93E9656}.Release|x64.Build.0 = Release|x64
		{1A51BDEB-B3BC-4554-9C48-63B3D93E9656}.Release|x86.ActiveCfg = Release|Win32
		{1A51BDEB-B3BC-4554-9C48-63B3D93E9656}.Release|x86.Build.0 = Release|Win32
		{4CEF568D-194C-4D52-8921-B4310C0C8CFB}.Debug|x64.ActiveCfg = Debug|x64
		{4CEF568D-194C-4D52-8921-B4310C0C8CFB}.Debug|x64.Build.0 = Debug|x64
		{4CEF568D-194C-4D52-8921-B4310C0C8CFB}.Debug|x86.ActiveCfg = Debug|Win32
		{4CEF568D-194C-4D52-8921-B4310C0C8CFB}.Debug|x86.Build.0 = Debug|Win32
		{4CEF568D-194C-4D52-8921-B4310C0C8CFB}.Release|x64.ActiveCfg = Release|x64
		{4CEF568D-194C-4D52-8921-B4310C0C8CFB}.Release|x64.Build.0 = Release|x64
		{4CEF568D-194C-4D52-8921-B4310C0C8CFB}.Release|x86.ActiveCfg = Release|Win32
		{4CEF568D-194C-4D52-8921-B4310C0C8CFB}.Release|x86.Build.0 = Release|Win32
		{3F695B8E-7DB4-448D-AE8D-6FC12BA10991}.Debug|x64.ActiveCfg = Debug|x64
		{3F695B8E-7DB4-448D-AE8D-6FC12BA10991}.Debug|x64.Build.0 = Debug|x64
		{3F695B8E-7DB4-448D-AE8D-6FC12BA10991}.Debug|x86.ActiveCfg = Debug|Win32
		{3F695B8E-7DB4-448D-AE8D-6FC12BA10991}.Debug|x86.Build.0 = Debug|Win32
		{3F695B8E-7DB4-448D-AE8D-6FC12BA10991}.Release|x64.ActiveCfg = Release|x64
		{3F695B8E-7DB4-448D-AE8D-6FC12BA10991}.Release|x64.Build.0 = Release|x64
		{3F695B8E-7DB4-448D-AE8D-6FC12BA10991}.Release|x86.ActiveCfg = Release|Win32
		{3F695B8E-7DB4-448D-AE8D-6FC12BA10991}.Release|x86.Build.0 = Release|Win32
		{B48AEB3E-F77F-4B51-811E-F99BECB8E6CF}.Debug|x64.ActiveCfg = Debug|x64
		{B48AEB3E-F77F-4B51-811E-F99BECB8E6CF}.Debug|x64.Build.0 = Debug|x64
		{B48AEB3E-F77F-4B51-811E-F99BECB8E6CF}.Debug|x86.ActiveCfg = Debug|Win32
		{B48AEB3E-F77F-4B51-811E-F99BECB8E6CF}.Debug|x86.Build.0 = Debug|Win32
		{B48AEB3E-F77F-4B51-811E-F99BECB8E6CF}.Release|x64.ActiveCfg = Release|x64
		{B48AEB3E-F77F-4B51-811E-F99BECB8E6CF}.Release|x64.Build.0 = Release|x64
		{B48AEB3E-F77F-4B51-811E-F99BECB8E6CF}.Release|x86.ActiveCfg = Release|Win32
		{B48AEB3E-F77F-4B51-811E-F99BECB8E6CF}.Release|x86.Build.0 = Release|Win32
		{E2BE5C8E-2220-4AFC-AB52-F996BCC5450A}.Debug|x64.ActiveCfg = Debug|x64
		{E2BE5C8E-2220-4AFC-AB52-F996BCC5450A}.Debug|x64.Build.0 = Debug|x64
		{E2BE5C8E-2220-4AFC-AB52-F996BCC5450A}.Debug|x86.ActiveCfg = Debug|Win32
		{E2BE5C8E-2220-4AFC-AB52-F996BCC5450A}.Debug|x86.Build.0 = Debug|Win32
		{E2BE5C8E-2220-4AFC-AB52-F996BCC5450A}.Release|x64.ActiveCfg = Release|x64
		{E2BE5C8E-2220-4AFC-AB52-F996BCC5450A}.Release|x64.Build.0 = Release|x64
		{E2BE5C8E-2220-4AFC-AB52-F996BCC5450A}.Release|x86.ActiveCfg = Release|Win32
		{E2BE5C8E-2220-4AFC-AB52-F996BCC5450A}.Release|x86.Build.0 = Release|Win32
		{82210D75-ABFE-4F89-96D4-AE507D7D82D8}.Debug|x64.ActiveCfg = Debug|x64
		{82210D75-ABFE-4F89-96D4-AE507D7D82D8}.Debug|x64.Build.0 = Debug|x64
		{82210D75-ABFE-4F89-96D4-AE507D7D82D8}.Debug|x86.ActiveCfg = Debug|Win32
		{82210D75-ABFE-4F89-96D4-AE507D7D82D8}.Debug|x86.Build.0 = Debug|Win32
		{82210D75-ABFE-4F89-96D4-AE507D7D82D8}.Release|x64.ActiveCfg = Release|x64
		{82210D75-ABFE-4F89-96D4-AE507D7D82D8}.Release|x64.Build.0 = Release|x64
		{82210D75-ABFE-4F89-96D4-AE507D7D82D8}.Release|x86.ActiveCfg = Release|Win32
		{82210D75-ABFE-4F89-96D4-AE507D7D82D8}.Release|x86.Build.0 = Release|Win32
		{3BC644FA-A64E-4D3A-BF44-2D98D2144F5A}.Debug|x64.ActiveCfg = Debug|x64
		{3BC644FA-A64E-4D3A-BF44-2D98D2144F5A}.Debug|x64.Build.0 = Debug|x64
		{3BC644FA-A64E-4D3A-BF44-2D98D2144F5A}.Debug|x86.ActiveCfg = Debug|Win32
		{3BC644FA-A64E-4D3A-BF44-2D98D2144F5A}.Debug|x86.Build.0 = Debug|Win32
		{3BC644FA-A64E-4D3A-BF44-2D98D2144F5A}.Release|x64.ActiveCfg = Release|x64
		{3BC644FA-A64E-4D3A-BF44-2D98D2144F5A}.Release|x64.Build.0 = Release|x64
		{3BC644FA-A64E-4D3A-BF44-2D98D2144F5A}.Release|x86.ActiveCfg = Release|Win32
		{3BC644FA-A64E-4D3A-BF44-2D98D2144F5A}.Release|x86.Build.0 = Release|Win32
		{B1CDB559-B6CC-4E3C-8BF6-B710E5F2AE39}.Debug|x64.ActiveCfg = Debug|x64
		{B1CDB559-B6CC-4E3C-8BF6-B710E5F2AE39}.Debug|x64.Build.0 = Debug|x64
		{B1CDB559-B6CC-4E3C-8BF6-B710E5F2AE39}.Debug|x86.ActiveCfg = Debug|Win32
		{B1CDB559-B6CC-4E3C-8BF6-B710E5F2AE39}.Debug|x86.Build.0 = Debug|Win32
		{B1CDB559-B6CC-4E3C-8BF6-B710E5F2AE39}.Release|x64.ActiveCfg = Release|x64
		{B1CDB559-B6CC-4E3C-8BF6-B710E5F2AE39}.Release|x64.Build.0 = Release|x64
		{B1CDB559-B6CC-4E3C-8BF6-B710E5F2AE39}.Release|x86.ActiveCfg = Release|Win32
		{B1CDB559-B6CC-4E3C-8BF6-B710E5F2AE39}.Release|x86.Build.0 = Release|Win32
		{2AD65AC6-A6C9-4570-84A4-3B23C4BF2A4F}.Debug|x64.ActiveCfg = Debug|x64
		{2AD65AC6-A6C9-4570-84A4-3B23C4BF2A4F}.Debug|x64.Build.0 = Debug|x64
		{2AD65AC6-A6C9-4570-84A4-3B23C4BF2A4F}.Debug|x86.ActiveCfg = Debug|Win32
		{2AD65AC6-A6C9-4570-84A4-3B23C4BF2A4F}.Debug|x86.Build.0 = Debug|Win32
		{2AD65AC6-A6C9-4570-84A4-3B23C4BF2A4F}.Release|x64.ActiveCfg = Release|x64
		{2AD65AC6-A6C9-4570-84A4-3B23C4BF2A4F}.Release|x64.Build.0 = Release|x64
		{2AD65AC6-A6C9-4570-84A4-3B23C4BF2A4F}.Release|x86.ActiveCfg = Release|Win32
		{2AD65AC6-A6C9-4570-84A4-3B23C4BF2A4F}.Release|x86.Build.0 = Release|Win32
		{12A881AC-D7DB-42EE-89BD-7DEE7D267ED0}.Debug|x64.ActiveCfg = Debug|x64
		{12A881AC-D7DB-42EE-89BD-7DEE7D267ED0}.Debug|x64.Build.0 = Debug|x64
		{12A881AC-D7DB-42EE-89BD-7DEE7D267ED0}.Debug|x86.ActiveCfg = Debug|Win32
		{12A881AC-D7DB-42EE-89BD-7DEE7D267ED0}.Debug|x86.Build.0 = Debug|Win32
		{12A881AC-D7DB-42EE-89BD-7DEE7D267ED0}.Release|x64.ActiveCfg = Release|x64
		{12A881AC-D7DB-42EE-89BD-7DEE7D267ED0}.Release|x64.Build.0 = Release|x64
		{12A881AC-D7DB-42EE-89BD-7DEE7D267ED0}.Release|x86.ActiveCfg = Release|Win32
		{12A881AC-D7DB-42EE-89BD-7DEE7D267ED0}.Release|x86.Build.0 = Release|Win32
		{357D7DD7-03F2-44AF-B709-CEA0AE27886D}.Debug|x64.ActiveCfg = Debug|x64
		{357D7DD7-03F2-44AF-B709-CEA0AE27886D}.Debug|x64.Build.0 = Debug|x64
		{357D7DD7-03F2-44AF-B709-CEA0AE27886D}.Debug|x86.ActiveCfg = Debug|Win32
		{357D7DD7-03F2-44AF-B709-CEA0AE27886D}.Debug|x86.Build.0 = Debug|Win32
		{357D7DD7-03F2-44AF-B709-CEA0AE27886D}.Release|x64.ActiveCfg = Release|x64
		{357D7DD7-03F2-44AF-B709-CEA0AE27886D}.Release|x64.Build.0 = Release|x64
		{357D7DD7-03F2-44AF-B709-CEA0AE27886D}.Release|x86.ActiveCfg = Release|Win32
		{357D7DD7-03F2-44AF-B709-CEA0AE27886D}.Release|x86.Build.0 = Release|Win32
		{E2A92D16-97B7-4F5E-8CAD-87A8FD627AB1}.Debug|x64.ActiveCfg = Debug|x64
		{E2A92D16-97B7-4F5E-8CAD-87A8FD627AB1}.Debug|x64.Build.0 = Debug|x64
		{E2A92D16-97B7-4F5E-8CAD-87A8FD627AB1}.Debug|x86.ActiveCfg = Debug|Win32
		{E2A92D16-97B7-4F5E-8CAD-87A8FD627AB1}.Debug|x86.Build.0 = Debug|Win32
		{E2A92D16-97B7-4F5E-8CAD-87A8FD627AB1}.Release|x64.ActiveCfg = Release|x64
		{E2A92D16-97B7-4F5E-8CAD-87A8FD627AB1}.Release|x64.Build.0 = Release|x64
		{E2A92D16-97B7-4F5E-8CAD-87A8FD627AB1}.Release|x86.ActiveCfg = Release|Win32
		{E2A92D16-97B7-4F5E-8CAD-87A8FD627AB1}.Release|x86.Build.0 = Release|Win32
		{FAAA1963-7419-41C8-AFCE-3E3F8A6121EF}.Debug|x64.ActiveCfg = Debug|x64
		{FAAA1963-7419-41C8-AFCE-3E3F8A6121EF}.Debug|x64.Build.0 = Debug|x64
		{FAAA1963-7419-41C8-AFCE-3E3F8A6121EF}.Debug|x86.ActiveCfg = Debug|Win32
		{FAAA1963-7419-41C8-AFCE-3E3F8A6121EF}.Debug|x86.Build.0 = Debug|Win32
		{FAAA1963-7419-41C8-AFCE-3E3F8A6121EF}.Release|x64.ActiveCfg = Release|x64
		{FAAA1963-7419-41C8-AFCE-3E3F8A6121EF}.Release|x64.Build.0 = Release|x64
		{FAAA1963-7419-41C8-AFCE-3E3F8A6121EF}.Release|x86.ActiveCfg = Release|Win32
		{FAAA1963-7419-41C8-AFCE-3E3F8A6121EF}.Release|x86.Build.0 = Release|Win32
		{B7559A26-D609-4746-9A8F-DAA9FBFB64DF}.Debug|x64.ActiveCfg = Debug|x64
		{B7559A26-D609-4746-9A8F-DAA9FBFB64DF}.Debug|x64.Build.0 = Debug|x64
		{B7559A26-D609-4746-9A8F-DAA9FBFB64DF}.Debug|x86.ActiveCfg = Debug|Win32
		{B7559A26-D609-4746-9A8F-DAA9FBFB64DF}.Debug|x86.Build.0 = Debug|Win32
		{B7559A26-D609-4746-9A8F-DAA9FBFB64DF}.Release|x64.ActiveCfg = Release|x64
		{B7559A26-D609-4746-9A8F-DAA9FBFB64DF}.Release|x64.Build.0 = Release|x64
		{B7559A26-D609-4746-9A8F-DAA9FBFB64DF}.Release|x86.ActiveCfg = Release|Win32
		{B7559A26-D609-4746-9A8F-DAA9FBFB64DF}.Release|x86.Build.0 = Release|Win32
		{701390BD-6CE1-4235-A565-E61BB662CAFC}.Debug|x64.ActiveCfg = Debug|x64
		{701390BD-6CE1-4235-A565-E61BB662CAFC}.Debug|x64.Build.0 = Debug|x64
		{701390BD-6CE1-4235-A565-E61BB662CAFC}.Debug|x86.ActiveCfg = Debug|Win32
		{701390BD-6CE1-4235-A565-E61BB662CAFC}.Debug|x86.Build.0 = Debug|Win32
		{701390BD-6CE1-4235-A565-E61BB662CAFC}.Release|x64.ActiveCfg = Release|x64
		{701390BD-6CE1-4235-A565-E61BB662CAFC}.Release|x64.Build.0 = Release|x64
		{701390BD-6CE1-4235-A565-E61BB662CAFC}.Release|x86.ActiveCfg = Release|Win32
		{701390BD-6CE1-4235-A565-E61BB662CAFC}.Release|x86.Build.0 = Release|Win32
		{3516D89D-36C7-40CF-AB6E-002FD708F318}.Debug|x64.ActiveCfg = Debug|x64
		{3516D89D-36C7-40CF-AB6E-002FD708F318}.Debug|x64.Build.0 = Debug|x64
		{3516D89D-36C7-40CF-AB6E-002FD708F318}.Debug|x86.ActiveCfg = Debug|Win32
		{3516D89D-36C7-40CF-AB6E-002FD708F318}.Debug|x86.Build.0 = Debug|Win32
		{3516D89D-36C7-40CF-AB6E-002FD708F318}.Release|x64.ActiveCfg = Release|x64
		{3516D89D-36C7-40CF-AB6E-002FD708F318}.Release|x64.Build.0 = Release|x64
		{3516D89D-36C7-40CF-AB6E-002FD708F318}.Release|x86.ActiveCfg = Release|Win32
		{3516D89D-36C7-40CF-AB6E-002FD708F318}.Release|x86.Build.0 = Release|Win32
		{E0702D81-94FD-4BF5-9F2B-F1CD8DB59D22}.Debug|x64.ActiveCfg = Debug|x64
		{E0702D81-94FD-4BF5-9F2B-F1CD8DB59D22}.Debug|x64.Build.0 = Debug|x64
		{E0702D81-94FD-4BF5-9F2B-F1CD8DB59D22}.Debug|x86.ActiveCfg = Debug|Win32
		{E0702D81-94FD-4BF5-9F2B-F1CD8DB59D22}.Debug|x86.Build.0 = Debug|Win32
		{E0702D81-94FD-4BF5-9F2B-F1CD8DB59D22}.Release|x64.ActiveCfg = Release|x64
		{E0702D81-94FD-4BF5-9F2B-F1CD8DB59D22}.Release|x64.Build.0 = Release|x64
		{E0702D81-94FD-4BF5-9F2B-F1CD8DB59D22}.Release|x86.ActiveCfg = Release|Win32
		{E0702D81-94FD-4BF5-9F2B-F1CD8DB59D22}.Release|x86.Build.0 = Release|Win32
		{87BD51AE-B790-45E4-B1E3-ABAA7040B221}.Debug|x64.ActiveCfg = Debug|x64
		{87BD51AE-B790-45E4-B1E3-ABAA7040B221}.Debug|x64.Build.0 = Debug|x64
		{87BD51AE-B790-45E4-B1E3-ABAA7040B221}.Debug|x86.ActiveCfg = Debug|Win32
		{87BD51AE-B790-45E4-B1E3-ABAA7040B221}.Debug|x86.Build.0 = Debug|Win32
		{87BD51AE-B790-45E4-B1E3-ABAA7040B221}.Release|x64.ActiveCfg = Release|x64
		{87BD51AE-B790-45E4-B1E3-ABAA7040B221}.Release|x64.Build.0 = Release|x64
		{87BD51AE-B790-45E4-B1E3-ABAA7040B221}.Release|x86.ActiveCfg = Release|Win32
		{87BD51AE-B790-45E4-B1E3-ABAA7040B221}.Release|x86.Build.0 = Release|Win32
		{D7ADB7BA-1A18-404B-A13E-B092B4776DAC}.Debug|x64.ActiveCfg = Debug|x64
		{D7ADB7BA-1A18-404B-A13E-B092B4776DAC}.Debug|x64.Build.0 = Debug|x64
		{D7ADB7BA-1A18-404B-A13E-B092B4776DAC}.Debug|x86.ActiveCfg = Debug|Win32
		{D7ADB7BA-1A18-404B-A13E-B092B4776DAC}.Debug|x86.Build.0 = Debug|Win32
		{D7ADB7BA-1A18-404B-A13E-B092B4776DAC}.Release|x64.ActiveCfg = Release|x64
		{D7ADB7BA-1A18-404B-A13E-B092B4776DAC}.Release|x64.Build.0 = Release|x64
		{D7ADB7BA-1A18-404B-A13E-B092B4776DAC}.Release|x86.ActiveCfg = Release|Win32
		{D7ADB7BA-1A18-404B-A13E-B092B4776DAC}.Release|x86.Build.0 = Release|Win32
		{AF663CD5-EFB1-45EC-BE94-DDDBBB0AC860}.Debug|x64.ActiveCfg = Debug|x64
		{AF663CD5-EFB1-45EC-BE94-DDDBBB0AC860}.Debug|x64.Build.0 = Debug|x64
		{AF663CD5-EFB1-45EC-BE94-DDDBBB0AC860}.Debug|x86.ActiveCfg = Debug|Win32
		{AF663CD5-EFB1-45EC-BE94-DDDBBB0AC860}.Debug|x86.Build.0 = Debug|Win32
		{AF663CD5-EFB1-45EC-BE94-DDDBBB0AC860}.Release|x64.ActiveCfg = Release|x64
		{AF663CD5-EFB1-45EC-BE94-DDDBBB0AC860}.Release|x64.Build.0 = Release|x64
		{AF663CD5-EFB1-45EC-BE94-DDDBBB0AC860}.Release|x86.ActiveCfg = Release|Win32
		{AF663CD5-EFB1-45EC-BE94-DDDBBB0AC860}.Release|x86.Build.0 = Release|Win32
		{1910B3ED-6434-4BF4-89E1-7A2FABF9C9FD}.Debug|x64.ActiveCfg = Debug|x64
		{1910B3ED-6434-4BF4-89E1-7A2FABF9C9FD}.Debug|x64.Build.0 = Debug|x64
		{1910B3ED-6434-4BF4-89E1-7A2FABF9C9FD}.Debug|x86.ActiveCfg = Debug|Win32
		{1910B3ED-6434-4BF4-89E1-7A2FABF9C9FD}.Debug|x86.Build.0 = Debug|Win32
		{1910B3ED-6434-4BF4-89E1-7A2FABF9C9FD}.Release|x64.ActiveCfg = Release|x64
		{1910B3ED-6434-4BF4-89E1-7A2FABF9C9FD}.Release|x64.Build.0 = Release|x64
		{1910B3ED-6434-4BF4-89E1-7A2FABF9C9FD}.Release|x86.ActiveCfg = Release|Win32
		{1910B3ED-6434-4BF4-89E1-7A2FABF9C9FD}.Release|x86.Build.0 = Release|Win32
		{6C412A4B-3F18-45D6-A1FC-8DE703107DF2}.Debug|x64.ActiveCfg = Debug|x64
		{6C412A4B-3F18-45D6-A1FC-8DE703107DF2}.Debug|x64.Build.0 = Debug|x64
		{6C412A4B-3F18-45D6-A1FC-8DE703107DF2}.Debug|x86.ActiveCfg = Debug|Win32
		{6C412A4B-3F18-45D6-A1FC-8DE703107DF2}.Debug|x86.Build.0 = Debug|Win32
		{6C412A4B-3F18-45D6-A1FC-8DE703107DF2}.Release|x64.ActiveCfg = Release|x64
		{6C412A4B-3F18-45D6-A1FC-8DE703107DF2}.Release|x64.Build.0 = Release|x64
		{6C412A4B-3F18-45D6-A1FC-8DE703107DF2}.Release|x86.ActiveCfg = Release|Win32
		{6C412A4B-3F18-45D6-A1FC-8DE703107DF2}.Release|x86.Build.0 = Release|Win32
		{A719702B-4464-4A83-99A6-64FDA013AAF0}.Debug|x64.ActiveCfg = Debug|x64
		{A719702B-4464-4A83-99A6-64FDA013AAF0}.Debug|x64.Build.0 = Debug|x64
		{A719702B-4464-4A83-99A6-64FDA013AAF0}.Debug|x86.ActiveCfg = Debug|Win32
		{A719702B-4464-4A83-99A6-64FDA013AAF0}.Debug|x86.Build.0 = Debug|Win32
		{A719702B-4464-4A83-99A6-64FDA013AAF0}.Release|x64.ActiveCfg = Release|x64
		{A719702B-4464-4A83-99A6-64FDA013AAF0}.Release|x64.Build.0 = Release|x64
		{A719702B-4464-4A83-99A6-64FDA013AAF0}.Release|x86.ActiveCfg = Release|Win32
		{A719702B-4464-4A83-99A6-64FDA013AAF0}.Release|x86.Build.0 = Release|Win32
		{4DA140AC-67F9-45DB-8030-40DB4C92F980}.Debug|x64.ActiveCfg = Debug|x64
		{4DA140AC-67F9-45DB-8030-40DB4C92F980}.Debug|x64.Build.0 = Debug|x64
		{4DA140AC-67F9-45DB-8030-40DB4C92F980}.Debug|x86.ActiveCfg = Debug|Win32
		{4DA140AC-67F9-45DB-8030-40DB4C92F980}.Debug|x86.Build.0 = Debug|Win32
		{4DA140AC-67F9-45DB-8030-40DB4C92F980}.Release|x64.ActiveCfg = Release|x64
		{4DA140AC-67F9-45DB-8030-40DB4C92F980}.Release|x64.Build.0 = Release|x64
		{4DA140AC-67F9-45DB-8030-40DB4C92F980}.Release|x86.ActiveCfg = Release|Win32
		{4DA140AC-67F9-45DB-8030-40DB4C92F980}.Release|x86.Build.0 = Release|Win32
		{B700C3D0-EA57-4C93-A34E-8AE00518A9CF}.Debug|x64.ActiveCfg = Debug|x64
		{B700C3D0-EA57-4C93-A34E-8AE00518A9CF}.Debug|x64.Build.0 = Debug|x64
		{B700C3D0-EA57-4C93-A34E-8AE00518A9CF}.Debug|x86.ActiveCfg = Debug|Win32
		{B700C3D0-EA57-4C93-A34E-8AE00518A9CF}.Debug|x86.Build.0 = Debug|Win32
		{B700C3D0-EA57-4C93-A34E-8AE00518A9CF}.Release|x64.ActiveCfg = Release|x64
		{B700C3D0-EA57-4C93-A34E-8AE00518A9CF}.Release|x64.Build.0 = Release|x64
		{B700C3D0-EA57-4C93-A34E-8AE00518A9CF}.Release|x86.ActiveCfg = Release|Win32
		{B700C3D0-EA57-4C93-A34E-8AE00518A9CF}.Release|x86.Build.0 = Release|Win32
		{D3DDEA8F-4F21-4537-BAB5-3E0A068D4548}.Debug|x64.ActiveCfg = Debug|x64
		{D3DDEA8F-4F21-4537-BAB5-3E0A068D4548}.Debug|x64.Build.0 = Debug|x64
		{D3DDEA8F-4F21-4537-BAB5-3E0A068D4548}.Debug|x86.ActiveCfg = Debug|Win32
		{D3DDEA8F-4F21-4537-BAB5-3E0A068D4548}.Debug|x86.Build.0 = Debug|Win32
		{D3DDEA8F-4F21-4537-BAB5-3E0A068D4548}.Release|x64.ActiveCfg = Release|x64
		{D3DDEA8F-4F21-4537-BAB5-3E0A068D4548}.Release|x64.Build.0 = Release|x64
		{D3DDEA8F-4F21-4537-BAB5-3E0A068D4548}.Release|x86.ActiveCfg = Release|Win32
		{D3DDEA8F-4F21-4537-BAB5-3E0A068D4548}.Release|x86.Build.0 = Release|Win32
		{AF21D01F-A078-4707-90BB-9E0A65A622E2}.Debug|x64.ActiveCfg = Debug|x64
		{AF21D01F-A078-4707-90BB-9E0A65A622E2}.Debug|x64.Build.0 = Debug|x64
		{AF21D01F-A078-4707-90BB-9E0A65A622E2}.Debug|x86.ActiveCfg = Debug|Win32
		{AF21D01F-A078-4707-90BB-9E0A65A622E2}.Debug|x86.Build.0 = Debug|Win32
		{AF21D01F-A078-4707-90BB-9E0A65A622E2}.Release|x64.ActiveCfg = Release|x64
		{AF21D01F-A078-4707-90BB-9E0A65A622E2}.Release|x64.Build.0 = Release|x64
		{AF21D01F-A078-4707-90BB-9E0A65A622E2}.Release|x86.ActiveCfg = Release|Win32
		{AF21D01F-A078-4707-90BB-9E0A65A622E2}.Release|x86.Build.0 = Release|Win32
		{541081F6-C30D-4EBF-889D-862A2B0C3152}.Debug|x64.ActiveCfg = Debug|x64
		{541081F6-C30D-4EBF-889D-862A2B0C3152}.Debug|x64.Build.0 = Debug|x64
		{541081F6-C30D-4EBF-889D-862A2B0C3152}.Debug|x86.ActiveCfg = Debug|Win32
		{541081F6-C30D-4EBF-889D-862A2B0C3152}.Debug|x86.Build.0 = Debug|Win32
		{541081F6-C30D-4EBF-889D-862A2B0C3152}.Release|x64.ActiveCfg = Release|x64
		{541081F6-C30D-4EBF-889D-862A2B0C3152}.Release|x64.Build.0 = Release|x64
		{541081F6-C30D-4EBF-889D-862A2B0C3152}.Release|x86.ActiveCfg = Release|Win32
		{541081F6-C30D-4EBF-889D-862A2B0C3152}.Release|x86.Build.0 = Release|Win32
		{D94A11A8-5A83-47EC-B9CE-EBAED5616AD8}.Debug|x64.ActiveCfg = Debug|x64
		{D94A11A8-5A83-47EC-B9CE-EBAED5616AD8}.Debug|x64.Build.0 = Debug|x64
		{D94A11A8-5A83-47EC-B9CE-EBAED5616AD8}.Debug|x86.ActiveCfg = Debug|Win32
		{D94A11A8-5A83-47EC-B9CE-EBAED5616AD8}.Debug|x86.Build.0 = Debug|Win32
		{D94A11A8-5A83-47EC-B9CE-EBAED5616AD8}.Release|x64.ActiveCfg = Release|x64
		{D94A11A8-5A83-47EC-B9CE-EBAED5616AD8}.Release|x64.Build.0 = Release|x64
		{D94A11A8-5A83-47EC-B9CE-EBAED5616AD8}.Release|x86.ActiveCfg = Release|Win32
		{D94A11A8-5A83-47EC-B9CE-EBAED5616AD8}.Release|x86.Build.0 = Release|Win32
		{2C9C8C4D-9774-4E94-9708-904C16C29EF6}.Debug|x64.ActiveCfg = Debug|x64
		{2C9C8C4D-9774-4E94-9708-904C16C29EF6}.Debug|x64.Build.0 = Debug|x64
		{2C9C8C4D-9774-4E94-9708-904C16C29EF6}.Debug|x86.ActiveCfg = Debug|Win32
		{2C9C8C4D-9774-4E94-9708-904C16C29EF6}.Debug|x86.Build.0 = Debug|Win32
		{2C9C8C4D-9774-4E94-9708-904C16C29EF6}.Release|x64.ActiveCfg = Release|x64
		{2C9C8C4D-9774-4E94-9708-904C16C29EF6}.Release|x64.Build.0 = Release|x64
		{2C9C8C4D-9774-4E94-9708-904C16C29EF6}.Release|x86.ActiveCfg = Release|Win32
		{2C9C8C4D-9774-4E94-9708-904C16C29EF6}.Release|x86.Build.0 = Release|Win32
	EndGlobalSection
	GlobalSection(SolutionProperties) = preSolution
		HideSolutionNode = FALSE
	EndGlobalSection
	GlobalSection(ExtensibilityGlobals) = postSolution
		SolutionGuid = {B437FB57-3D35-4B3A-9240-594F43ED2BE4}
	EndGlobalSection
EndGlobal
