
Microsoft Visual Studio Solution File, Format Version 12.00
# Visual Studio Version 16
VisualStudioVersion = 16.0.31112.23
MinimumVisualStudioVersion = 10.0.40219.1
Project("{8BC9CEB8-8B4A-11D0-8D11-00A0C91BC942}") = "01.SqEquation", "01.SqEquation\01.SqEquation.vcxproj", "{6C33AFDC-7A22-4DF7-9771-2E455DD3F7C1}"
EndProject
Project("{8BC9CEB8-8B4A-11D0-8D11-00A0C91BC942}") = "02.PersonalFinances", "02.PersonalFinances\02.PersonalFinances.vcxproj", "{5D25C5AB-7B47-4F6D-ABF4-E5A7BA27B7B1}"
EndProject
Project("{8BC9CEB8-8B4A-11D0-8D11-00A0C91BC942}") = "03.Nap2016", "03.Nap2016\03.Nap2016.vcxproj", "{B7107CFB-F9AE-476C-8A09-4A1C82E5BBBF}"
EndProject
Project("{8BC9CEB8-8B4A-11D0-8D11-00A0C91BC942}") = "04.MinAndMax", "04.MinAndMax\04.MinAndMax.vcxproj", "{60DC1C8E-8A31-42F3-8B57-E46F6E850B2C}"
EndProject
Project("{8BC9CEB8-8B4A-11D0-8D11-00A0C91BC942}") = "05.SurfaceAndArea", "05.SurfaceAndArea\05.SurfaceAndArea.vcxproj", "{49A8CED8-0D37-49BC-B6A7-8243B8298C6E}"
EndProject
Project("{8BC9CEB8-8B4A-11D0-8D11-00A0C91BC942}") = "06.Circle_Intercept", "06.Circle_Intercept\06.Circle_Intercept.vcxproj", "{A9467AF2-991B-479E-9BE2-FB545A321F84}"
EndProject
Global
	GlobalSection(SolutionConfigurationPlatforms) = preSolution
		Debug|x64 = Debug|x64
		Debug|x86 = Debug|x86
		Release|x64 = Release|x64
		Release|x86 = Release|x86
	EndGlobalSection
	GlobalSection(ProjectConfigurationPlatforms) = postSolution
		{6C33AFDC-7A22-4DF7-9771-2E455DD3F7C1}.Debug|x64.ActiveCfg = Debug|x64
		{6C33AFDC-7A22-4DF7-9771-2E455DD3F7C1}.Debug|x64.Build.0 = Debug|x64
		{6C33AFDC-7A22-4DF7-9771-2E455DD3F7C1}.Debug|x86.ActiveCfg = Debug|Win32
		{6C33AFDC-7A22-4DF7-9771-2E455DD3F7C1}.Debug|x86.Build.0 = Debug|Win32
		{6C33AFDC-7A22-4DF7-9771-2E455DD3F7C1}.Release|x64.ActiveCfg = Release|x64
		{6C33AFDC-7A22-4DF7-9771-2E455DD3F7C1}.Release|x64.Build.0 = Release|x64
		{6C33AFDC-7A22-4DF7-9771-2E455DD3F7C1}.Release|x86.ActiveCfg = Release|Win32
		{6C33AFDC-7A22-4DF7-9771-2E455DD3F7C1}.Release|x86.Build.0 = Release|Win32
		{5D25C5AB-7B47-4F6D-ABF4-E5A7BA27B7B1}.Debug|x64.ActiveCfg = Debug|x64
		{5D25C5AB-7B47-4F6D-ABF4-E5A7BA27B7B1}.Debug|x64.Build.0 = Debug|x64
		{5D25C5AB-7B47-4F6D-ABF4-E5A7BA27B7B1}.Debug|x86.ActiveCfg = Debug|Win32
		{5D25C5AB-7B47-4F6D-ABF4-E5A7BA27B7B1}.Debug|x86.Build.0 = Debug|Win32
		{5D25C5AB-7B47-4F6D-ABF4-E5A7BA27B7B1}.Release|x64.ActiveCfg = Release|x64
		{5D25C5AB-7B47-4F6D-ABF4-E5A7BA27B7B1}.Release|x64.Build.0 = Release|x64
		{5D25C5AB-7B47-4F6D-ABF4-E5A7BA27B7B1}.Release|x86.ActiveCfg = Release|Win32
		{5D25C5AB-7B47-4F6D-ABF4-E5A7BA27B7B1}.Release|x86.Build.0 = Release|Win32
		{B7107CFB-F9AE-476C-8A09-4A1C82E5BBBF}.Debug|x64.ActiveCfg = Debug|x64
		{B7107CFB-F9AE-476C-8A09-4A1C82E5BBBF}.Debug|x64.Build.0 = Debug|x64
		{B7107CFB-F9AE-476C-8A09-4A1C82E5BBBF}.Debug|x86.ActiveCfg = Debug|Win32
		{B7107CFB-F9AE-476C-8A09-4A1C82E5BBBF}.Debug|x86.Build.0 = Debug|Win32
		{B7107CFB-F9AE-476C-8A09-4A1C82E5BBBF}.Release|x64.ActiveCfg = Release|x64
		{B7107CFB-F9AE-476C-8A09-4A1C82E5BBBF}.Release|x64.Build.0 = Release|x64
		{B7107CFB-F9AE-476C-8A09-4A1C82E5BBBF}.Release|x86.ActiveCfg = Release|Win32
		{B7107CFB-F9AE-476C-8A09-4A1C82E5BBBF}.Release|x86.Build.0 = Release|Win32
		{60DC1C8E-8A31-42F3-8B57-E46F6E850B2C}.Debug|x64.ActiveCfg = Debug|x64
		{60DC1C8E-8A31-42F3-8B57-E46F6E850B2C}.Debug|x64.Build.0 = Debug|x64
		{60DC1C8E-8A31-42F3-8B57-E46F6E850B2C}.Debug|x86.ActiveCfg = Debug|Win32
		{60DC1C8E-8A31-42F3-8B57-E46F6E850B2C}.Debug|x86.Build.0 = Debug|Win32
		{60DC1C8E-8A31-42F3-8B57-E46F6E850B2C}.Release|x64.ActiveCfg = Release|x64
		{60DC1C8E-8A31-42F3-8B57-E46F6E850B2C}.Release|x64.Build.0 = Release|x64
		{60DC1C8E-8A31-42F3-8B57-E46F6E850B2C}.Release|x86.ActiveCfg = Release|Win32
		{60DC1C8E-8A31-42F3-8B57-E46F6E850B2C}.Release|x86.Build.0 = Release|Win32
		{49A8CED8-0D37-49BC-B6A7-8243B8298C6E}.Debug|x64.ActiveCfg = Debug|x64
		{49A8CED8-0D37-49BC-B6A7-8243B8298C6E}.Debug|x64.Build.0 = Debug|x64
		{49A8CED8-0D37-49BC-B6A7-8243B8298C6E}.Debug|x86.ActiveCfg = Debug|Win32
		{49A8CED8-0D37-49BC-B6A7-8243B8298C6E}.Debug|x86.Build.0 = Debug|Win32
		{49A8CED8-0D37-49BC-B6A7-8243B8298C6E}.Release|x64.ActiveCfg = Release|x64
		{49A8CED8-0D37-49BC-B6A7-8243B8298C6E}.Release|x64.Build.0 = Release|x64
		{49A8CED8-0D37-49BC-B6A7-8243B8298C6E}.Release|x86.ActiveCfg = Release|Win32
		{49A8CED8-0D37-49BC-B6A7-8243B8298C6E}.Release|x86.Build.0 = Release|Win32
		{A9467AF2-991B-479E-9BE2-FB545A321F84}.Debug|x64.ActiveCfg = Debug|x64
		{A9467AF2-991B-479E-9BE2-FB545A321F84}.Debug|x64.Build.0 = Debug|x64
		{A9467AF2-991B-479E-9BE2-FB545A321F84}.Debug|x86.ActiveCfg = Debug|Win32
		{A9467AF2-991B-479E-9BE2-FB545A321F84}.Debug|x86.Build.0 = Debug|Win32
		{A9467AF2-991B-479E-9BE2-FB545A321F84}.Release|x64.ActiveCfg = Release|x64
		{A9467AF2-991B-479E-9BE2-FB545A321F84}.Release|x64.Build.0 = Release|x64
		{A9467AF2-991B-479E-9BE2-FB545A321F84}.Release|x86.ActiveCfg = Release|Win32
		{A9467AF2-991B-479E-9BE2-FB545A321F84}.Release|x86.Build.0 = Release|Win32
	EndGlobalSection
	GlobalSection(SolutionProperties) = preSolution
		HideSolutionNode = FALSE
	EndGlobalSection
	GlobalSection(ExtensibilityGlobals) = postSolution
		SolutionGuid = {6C47DF2E-F9C2-4EA1-AE4B-05FA36903B97}
	EndGlobalSection
EndGlobal
