
Microsoft Visual Studio Solution File, Format Version 12.00
# Visual Studio Version 16
VisualStudioVersion = 16.0.31112.23
MinimumVisualStudioVersion = 10.0.40219.1
Project("{8BC9CEB8-8B4A-11D0-8D11-00A0C91BC942}") = "1. Point", "1. Point\1. Point.vcxproj", "{65045A26-FB5B-4455-A041-B6E442A947BC}"
EndProject
Project("{8BC9CEB8-8B4A-11D0-8D11-00A0C91BC942}") = "2. Rational", "2. Rational\2. Rational.vcxproj", "{326320BD-E59C-4E0A-807F-B9A2EF1B5B8F}"
EndProject
Project("{8BC9CEB8-8B4A-11D0-8D11-00A0C91BC942}") = "3. Stack", "3. Stack\3. Stack.vcxproj", "{1DB78959-CCD9-4A5A-8444-225BE716A511}"
EndProject
Project("{8BC9CEB8-8B4A-11D0-8D11-00A0C91BC942}") = "4. Queue", "4. Queue\4. Queue.vcxproj", "{36446CB3-D191-49A7-B86A-D49C12891029}"
EndProject
Project("{8BC9CEB8-8B4A-11D0-8D11-00A0C91BC942}") = "5. STL", "5. STL\5. STL.vcxproj", "{4F729F33-1512-4086-AF4C-D4911A4428AA}"
EndProject
Global
	GlobalSection(SolutionConfigurationPlatforms) = preSolution
		Debug|x64 = Debug|x64
		Debug|x86 = Debug|x86
		Release|x64 = Release|x64
		Release|x86 = Release|x86
	EndGlobalSection
	GlobalSection(ProjectConfigurationPlatforms) = postSolution
		{65045A26-FB5B-4455-A041-B6E442A947BC}.Debug|x64.ActiveCfg = Debug|x64
		{65045A26-FB5B-4455-A041-B6E442A947BC}.Debug|x64.Build.0 = Debug|x64
		{65045A26-FB5B-4455-A041-B6E442A947BC}.Debug|x86.ActiveCfg = Debug|Win32
		{65045A26-FB5B-4455-A041-B6E442A947BC}.Debug|x86.Build.0 = Debug|Win32
		{65045A26-FB5B-4455-A041-B6E442A947BC}.Release|x64.ActiveCfg = Release|x64
		{65045A26-FB5B-4455-A041-B6E442A947BC}.Release|x64.Build.0 = Release|x64
		{65045A26-FB5B-4455-A041-B6E442A947BC}.Release|x86.ActiveCfg = Release|Win32
		{65045A26-FB5B-4455-A041-B6E442A947BC}.Release|x86.Build.0 = Release|Win32
		{326320BD-E59C-4E0A-807F-B9A2EF1B5B8F}.Debug|x64.ActiveCfg = Debug|x64
		{326320BD-E59C-4E0A-807F-B9A2EF1B5B8F}.Debug|x64.Build.0 = Debug|x64
		{326320BD-E59C-4E0A-807F-B9A2EF1B5B8F}.Debug|x86.ActiveCfg = Debug|Win32
		{326320BD-E59C-4E0A-807F-B9A2EF1B5B8F}.Debug|x86.Build.0 = Debug|Win32
		{326320BD-E59C-4E0A-807F-B9A2EF1B5B8F}.Release|x64.ActiveCfg = Release|x64
		{326320BD-E59C-4E0A-807F-B9A2EF1B5B8F}.Release|x64.Build.0 = Release|x64
		{326320BD-E59C-4E0A-807F-B9A2EF1B5B8F}.Release|x86.ActiveCfg = Release|Win32
		{326320BD-E59C-4E0A-807F-B9A2EF1B5B8F}.Release|x86.Build.0 = Release|Win32
		{1DB78959-CCD9-4A5A-8444-225BE716A511}.Debug|x64.ActiveCfg = Debug|x64
		{1DB78959-CCD9-4A5A-8444-225BE716A511}.Debug|x64.Build.0 = Debug|x64
		{1DB78959-CCD9-4A5A-8444-225BE716A511}.Debug|x86.ActiveCfg = Debug|Win32
		{1DB78959-CCD9-4A5A-8444-225BE716A511}.Debug|x86.Build.0 = Debug|Win32
		{1DB78959-CCD9-4A5A-8444-225BE716A511}.Release|x64.ActiveCfg = Release|x64
		{1DB78959-CCD9-4A5A-8444-225BE716A511}.Release|x64.Build.0 = Release|x64
		{1DB78959-CCD9-4A5A-8444-225BE716A511}.Release|x86.ActiveCfg = Release|Win32
		{1DB78959-CCD9-4A5A-8444-225BE716A511}.Release|x86.Build.0 = Release|Win32
		{36446CB3-D191-49A7-B86A-D49C12891029}.Debug|x64.ActiveCfg = Debug|x64
		{36446CB3-D191-49A7-B86A-D49C12891029}.Debug|x64.Build.0 = Debug|x64
		{36446CB3-D191-49A7-B86A-D49C12891029}.Debug|x86.ActiveCfg = Debug|Win32
		{36446CB3-D191-49A7-B86A-D49C12891029}.Debug|x86.Build.0 = Debug|Win32
		{36446CB3-D191-49A7-B86A-D49C12891029}.Release|x64.ActiveCfg = Release|x64
		{36446CB3-D191-49A7-B86A-D49C12891029}.Release|x64.Build.0 = Release|x64
		{36446CB3-D191-49A7-B86A-D49C12891029}.Release|x86.ActiveCfg = Release|Win32
		{36446CB3-D191-49A7-B86A-D49C12891029}.Release|x86.Build.0 = Release|Win32
		{4F729F33-1512-4086-AF4C-D4911A4428AA}.Debug|x64.ActiveCfg = Debug|x64
		{4F729F33-1512-4086-AF4C-D4911A4428AA}.Debug|x64.Build.0 = Debug|x64
		{4F729F33-1512-4086-AF4C-D4911A4428AA}.Debug|x86.ActiveCfg = Debug|Win32
		{4F729F33-1512-4086-AF4C-D4911A4428AA}.Debug|x86.Build.0 = Debug|Win32
		{4F729F33-1512-4086-AF4C-D4911A4428AA}.Release|x64.ActiveCfg = Release|x64
		{4F729F33-1512-4086-AF4C-D4911A4428AA}.Release|x64.Build.0 = Release|x64
		{4F729F33-1512-4086-AF4C-D4911A4428AA}.Release|x86.ActiveCfg = Release|Win32
		{4F729F33-1512-4086-AF4C-D4911A4428AA}.Release|x86.Build.0 = Release|Win32
	EndGlobalSection
	GlobalSection(SolutionProperties) = preSolution
		HideSolutionNode = FALSE
	EndGlobalSection
	GlobalSection(ExtensibilityGlobals) = postSolution
		SolutionGuid = {79E94A46-9302-4C35-9010-AB6079E9B814}
	EndGlobalSection
EndGlobal
