
Microsoft Visual Studio Solution File, Format Version 12.00
# Visual Studio Version 17
VisualStudioVersion = 17.5.33516.290
MinimumVisualStudioVersion = 10.0.40219.1
Project("{8BC9CEB8-8B4A-11D0-8D11-00A0C91BC942}") = "IncrementAndDecrement", "IncrementAndDecrement\IncrementAndDecrement.vcxproj", "{69176EAF-04E9-4F63-9CAB-E44EEA550BA8}"
EndProject
Project("{8BC9CEB8-8B4A-11D0-8D11-00A0C91BC942}") = "MathOperations", "MathOperations\MathOperations.vcxproj", "{95919794-C852-42FD-87D0-EA0958D5716D}"
EndProject
Project("{8BC9CEB8-8B4A-11D0-8D11-00A0C91BC942}") = "ProductOfNumberDigits", "ProductOfNumberDigits\ProductOfNumberDigits.vcxproj", "{8984FDA9-FA73-43A3-A3EF-52B1F594D3B5}"
EndProject
Global
	GlobalSection(SolutionConfigurationPlatforms) = preSolution
		Debug|x64 = Debug|x64
		Debug|x86 = Debug|x86
		Release|x64 = Release|x64
		Release|x86 = Release|x86
	EndGlobalSection
	GlobalSection(ProjectConfigurationPlatforms) = postSolution
		{69176EAF-04E9-4F63-9CAB-E44EEA550BA8}.Debug|x64.ActiveCfg = Debug|x64
		{69176EAF-04E9-4F63-9CAB-E44EEA550BA8}.Debug|x64.Build.0 = Debug|x64
		{69176EAF-04E9-4F63-9CAB-E44EEA550BA8}.Debug|x86.ActiveCfg = Debug|Win32
		{69176EAF-04E9-4F63-9CAB-E44EEA550BA8}.Debug|x86.Build.0 = Debug|Win32
		{69176EAF-04E9-4F63-9CAB-E44EEA550BA8}.Release|x64.ActiveCfg = Release|x64
		{69176EAF-04E9-4F63-9CAB-E44EEA550BA8}.Release|x64.Build.0 = Release|x64
		{69176EAF-04E9-4F63-9CAB-E44EEA550BA8}.Release|x86.ActiveCfg = Release|Win32
		{69176EAF-04E9-4F63-9CAB-E44EEA550BA8}.Release|x86.Build.0 = Release|Win32
		{95919794-C852-42FD-87D0-EA0958D5716D}.Debug|x64.ActiveCfg = Debug|x64
		{95919794-C852-42FD-87D0-EA0958D5716D}.Debug|x64.Build.0 = Debug|x64
		{95919794-C852-42FD-87D0-EA0958D5716D}.Debug|x86.ActiveCfg = Debug|Win32
		{95919794-C852-42FD-87D0-EA0958D5716D}.Debug|x86.Build.0 = Debug|Win32
		{95919794-C852-42FD-87D0-EA0958D5716D}.Release|x64.ActiveCfg = Release|x64
		{95919794-C852-42FD-87D0-EA0958D5716D}.Release|x64.Build.0 = Release|x64
		{95919794-C852-42FD-87D0-EA0958D5716D}.Release|x86.ActiveCfg = Release|Win32
		{95919794-C852-42FD-87D0-EA0958D5716D}.Release|x86.Build.0 = Release|Win32
		{8984FDA9-FA73-43A3-A3EF-52B1F594D3B5}.Debug|x64.ActiveCfg = Debug|x64
		{8984FDA9-FA73-43A3-A3EF-52B1F594D3B5}.Debug|x64.Build.0 = Debug|x64
		{8984FDA9-FA73-43A3-A3EF-52B1F594D3B5}.Debug|x86.ActiveCfg = Debug|Win32
		{8984FDA9-FA73-43A3-A3EF-52B1F594D3B5}.Debug|x86.Build.0 = Debug|Win32
		{8984FDA9-FA73-43A3-A3EF-52B1F594D3B5}.Release|x64.ActiveCfg = Release|x64
		{8984FDA9-FA73-43A3-A3EF-52B1F594D3B5}.Release|x64.Build.0 = Release|x64
		{8984FDA9-FA73-43A3-A3EF-52B1F594D3B5}.Release|x86.ActiveCfg = Release|Win32
		{8984FDA9-FA73-43A3-A3EF-52B1F594D3B5}.Release|x86.Build.0 = Release|Win32
	EndGlobalSection
	GlobalSection(SolutionProperties) = preSolution
		HideSolutionNode = FALSE
	EndGlobalSection
	GlobalSection(ExtensibilityGlobals) = postSolution
		SolutionGuid = {8F4FE2A9-F411-4D40-A82A-A6D38C69D13C}
	EndGlobalSection
EndGlobal
