
Microsoft Visual Studio Solution File, Format Version 12.00
# Visual Studio Version 16
VisualStudioVersion = 16.0.30128.74
MinimumVisualStudioVersion = 10.0.40219.1
Project("{8BC9CEB8-8B4A-11D0-8D11-00A0C91BC942}") = "20311007", "20311007.vcxproj", "{2A1BA540-1B7B-4E6E-8FF4-0107F0F2AE8E}"
EndProject
Global
	GlobalSection(SolutionConfigurationPlatforms) = preSolution
		Debug|x64 = Debug|x64
		Debug|x86 = Debug|x86
		Release|x64 = Release|x64
		Release|x86 = Release|x86
	EndGlobalSection
	GlobalSection(ProjectConfigurationPlatforms) = postSolution
		{2A1BA540-1B7B-4E6E-8FF4-0107F0F2AE8E}.Debug|x64.ActiveCfg = Debug|x64
		{2A1BA540-1B7B-4E6E-8FF4-0107F0F2AE8E}.Debug|x64.Build.0 = Debug|x64
		{2A1BA540-1B7B-4E6E-8FF4-0107F0F2AE8E}.Debug|x86.ActiveCfg = Debug|Win32
		{2A1BA540-1B7B-4E6E-8FF4-0107F0F2AE8E}.Debug|x86.Build.0 = Debug|Win32
		{2A1BA540-1B7B-4E6E-8FF4-0107F0F2AE8E}.Release|x64.ActiveCfg = Release|x64
		{2A1BA540-1B7B-4E6E-8FF4-0107F0F2AE8E}.Release|x64.Build.0 = Release|x64
		{2A1BA540-1B7B-4E6E-8FF4-0107F0F2AE8E}.Release|x86.ActiveCfg = Release|Win32
		{2A1BA540-1B7B-4E6E-8FF4-0107F0F2AE8E}.Release|x86.Build.0 = Release|Win32
	EndGlobalSection
	GlobalSection(SolutionProperties) = preSolution
		HideSolutionNode = FALSE
	EndGlobalSection
	GlobalSection(ExtensibilityGlobals) = postSolution
		SolutionGuid = {DEAC075A-B5C7-4E56-B108-C4120B5ED633}
	EndGlobalSection
EndGlobal
