
Microsoft Visual Studio Solution File, Format Version 12.00
# Visual Studio Version 16
VisualStudioVersion = 16.0.31112.23
MinimumVisualStudioVersion = 10.0.40219.1
Project("{8BC9CEB8-8B4A-11D0-8D11-00A0C91BC942}") = "1.Fib", "1.Fib\1.Fib.vcxproj", "{67DDCD79-34FC-4269-98CB-4D81C3DB55C1}"
EndProject
Project("{8BC9CEB8-8B4A-11D0-8D11-00A0C91BC942}") = "2.Tribonacci", "2.Tribonacci\2.Tribonacci.vcxproj", "{CD78A086-527E-48E5-B9DC-7DD3E5F3036E}"
EndProject
Project("{8BC9CEB8-8B4A-11D0-8D11-00A0C91BC942}") = "3.Sum x^k", "3.Sum x^k\3.Sum x^k.vcxproj", "{99A7CE48-55B2-43A5-856B-3621DDBC22AB}"
EndProject
Project("{8BC9CEB8-8B4A-11D0-8D11-00A0C91BC942}") = "4.MinMax", "4.MinMax\4.MinMax.vcxproj", "{BA7447A7-5712-40DA-8122-841EE5C968F3}"
EndProject
Project("{8BC9CEB8-8B4A-11D0-8D11-00A0C91BC942}") = "5.NumCount", "5.NumCount\5.NumCount.vcxproj", "{975D33A0-2A75-4927-AFFE-FBA02DE901E7}"
EndProject
Project("{8BC9CEB8-8B4A-11D0-8D11-00A0C91BC942}") = "6.Indexes", "6.Indexes\6.Indexes.vcxproj", "{54A1E72F-6357-4486-BE0C-A2E1F67361A4}"
EndProject
Project("{8BC9CEB8-8B4A-11D0-8D11-00A0C91BC942}") = "7.BubbleSort", "7.BubbleSort\7.BubbleSort.vcxproj", "{5C24597D-A27E-4214-A216-68E0848EEAB8}"
EndProject
Global
	GlobalSection(SolutionConfigurationPlatforms) = preSolution
		Debug|x64 = Debug|x64
		Debug|x86 = Debug|x86
		Release|x64 = Release|x64
		Release|x86 = Release|x86
	EndGlobalSection
	GlobalSection(ProjectConfigurationPlatforms) = postSolution
		{67DDCD79-34FC-4269-98CB-4D81C3DB55C1}.Debug|x64.ActiveCfg = Debug|x64
		{67DDCD79-34FC-4269-98CB-4D81C3DB55C1}.Debug|x64.Build.0 = Debug|x64
		{67DDCD79-34FC-4269-98CB-4D81C3DB55C1}.Debug|x86.ActiveCfg = Debug|Win32
		{67DDCD79-34FC-4269-98CB-4D81C3DB55C1}.Debug|x86.Build.0 = Debug|Win32
		{67DDCD79-34FC-4269-98CB-4D81C3DB55C1}.Release|x64.ActiveCfg = Release|x64
		{67DDCD79-34FC-4269-98CB-4D81C3DB55C1}.Release|x64.Build.0 = Release|x64
		{67DDCD79-34FC-4269-98CB-4D81C3DB55C1}.Release|x86.ActiveCfg = Release|Win32
		{67DDCD79-34FC-4269-98CB-4D81C3DB55C1}.Release|x86.Build.0 = Release|Win32
		{CD78A086-527E-48E5-B9DC-7DD3E5F3036E}.Debug|x64.ActiveCfg = Debug|x64
		{CD78A086-527E-48E5-B9DC-7DD3E5F3036E}.Debug|x64.Build.0 = Debug|x64
		{CD78A086-527E-48E5-B9DC-7DD3E5F3036E}.Debug|x86.ActiveCfg = Debug|Win32
		{CD78A086-527E-48E5-B9DC-7DD3E5F3036E}.Debug|x86.Build.0 = Debug|Win32
		{CD78A086-527E-48E5-B9DC-7DD3E5F3036E}.Release|x64.ActiveCfg = Release|x64
		{CD78A086-527E-48E5-B9DC-7DD3E5F3036E}.Release|x64.Build.0 = Release|x64
		{CD78A086-527E-48E5-B9DC-7DD3E5F3036E}.Release|x86.ActiveCfg = Release|Win32
		{CD78A086-527E-48E5-B9DC-7DD3E5F3036E}.Release|x86.Build.0 = Release|Win32
		{99A7CE48-55B2-43A5-856B-3621DDBC22AB}.Debug|x64.ActiveCfg = Debug|x64
		{99A7CE48-55B2-43A5-856B-3621DDBC22AB}.Debug|x64.Build.0 = Debug|x64
		{99A7CE48-55B2-43A5-856B-3621DDBC22AB}.Debug|x86.ActiveCfg = Debug|Win32
		{99A7CE48-55B2-43A5-856B-3621DDBC22AB}.Debug|x86.Build.0 = Debug|Win32
		{99A7CE48-55B2-43A5-856B-3621DDBC22AB}.Release|x64.ActiveCfg = Release|x64
		{99A7CE48-55B2-43A5-856B-3621DDBC22AB}.Release|x64.Build.0 = Release|x64
		{99A7CE48-55B2-43A5-856B-3621DDBC22AB}.Release|x86.ActiveCfg = Release|Win32
		{99A7CE48-55B2-43A5-856B-3621DDBC22AB}.Release|x86.Build.0 = Release|Win32
		{BA7447A7-5712-40DA-8122-841EE5C968F3}.Debug|x64.ActiveCfg = Debug|x64
		{BA7447A7-5712-40DA-8122-841EE5C968F3}.Debug|x64.Build.0 = Debug|x64
		{BA7447A7-5712-40DA-8122-841EE5C968F3}.Debug|x86.ActiveCfg = Debug|Win32
		{BA7447A7-5712-40DA-8122-841EE5C968F3}.Debug|x86.Build.0 = Debug|Win32
		{BA7447A7-5712-40DA-8122-841EE5C968F3}.Release|x64.ActiveCfg = Release|x64
		{BA7447A7-5712-40DA-8122-841EE5C968F3}.Release|x64.Build.0 = Release|x64
		{BA7447A7-5712-40DA-8122-841EE5C968F3}.Release|x86.ActiveCfg = Release|Win32
		{BA7447A7-5712-40DA-8122-841EE5C968F3}.Release|x86.Build.0 = Release|Win32
		{975D33A0-2A75-4927-AFFE-FBA02DE901E7}.Debug|x64.ActiveCfg = Debug|x64
		{975D33A0-2A75-4927-AFFE-FBA02DE901E7}.Debug|x64.Build.0 = Debug|x64
		{975D33A0-2A75-4927-AFFE-FBA02DE901E7}.Debug|x86.ActiveCfg = Debug|Win32
		{975D33A0-2A75-4927-AFFE-FBA02DE901E7}.Debug|x86.Build.0 = Debug|Win32
		{975D33A0-2A75-4927-AFFE-FBA02DE901E7}.Release|x64.ActiveCfg = Release|x64
		{975D33A0-2A75-4927-AFFE-FBA02DE901E7}.Release|x64.Build.0 = Release|x64
		{975D33A0-2A75-4927-AFFE-FBA02DE901E7}.Release|x86.ActiveCfg = Release|Win32
		{975D33A0-2A75-4927-AFFE-FBA02DE901E7}.Release|x86.Build.0 = Release|Win32
		{54A1E72F-6357-4486-BE0C-A2E1F67361A4}.Debug|x64.ActiveCfg = Debug|x64
		{54A1E72F-6357-4486-BE0C-A2E1F67361A4}.Debug|x64.Build.0 = Debug|x64
		{54A1E72F-6357-4486-BE0C-A2E1F67361A4}.Debug|x86.ActiveCfg = Debug|Win32
		{54A1E72F-6357-4486-BE0C-A2E1F67361A4}.Debug|x86.Build.0 = Debug|Win32
		{54A1E72F-6357-4486-BE0C-A2E1F67361A4}.Release|x64.ActiveCfg = Release|x64
		{54A1E72F-6357-4486-BE0C-A2E1F67361A4}.Release|x64.Build.0 = Release|x64
		{54A1E72F-6357-4486-BE0C-A2E1F67361A4}.Release|x86.ActiveCfg = Release|Win32
		{54A1E72F-6357-4486-BE0C-A2E1F67361A4}.Release|x86.Build.0 = Release|Win32
		{5C24597D-A27E-4214-A216-68E0848EEAB8}.Debug|x64.ActiveCfg = Debug|x64
		{5C24597D-A27E-4214-A216-68E0848EEAB8}.Debug|x64.Build.0 = Debug|x64
		{5C24597D-A27E-4214-A216-68E0848EEAB8}.Debug|x86.ActiveCfg = Debug|Win32
		{5C24597D-A27E-4214-A216-68E0848EEAB8}.Debug|x86.Build.0 = Debug|Win32
		{5C24597D-A27E-4214-A216-68E0848EEAB8}.Release|x64.ActiveCfg = Release|x64
		{5C24597D-A27E-4214-A216-68E0848EEAB8}.Release|x64.Build.0 = Release|x64
		{5C24597D-A27E-4214-A216-68E0848EEAB8}.Release|x86.ActiveCfg = Release|Win32
		{5C24597D-A27E-4214-A216-68E0848EEAB8}.Release|x86.Build.0 = Release|Win32
	EndGlobalSection
	GlobalSection(SolutionProperties) = preSolution
		HideSolutionNode = FALSE
	EndGlobalSection
	GlobalSection(ExtensibilityGlobals) = postSolution
		SolutionGuid = {D5C0BDC3-2D33-4DDE-953C-86EBA74E240E}
	EndGlobalSection
EndGlobal
