
Microsoft Visual Studio Solution File, Format Version 12.00
# Visual Studio Version 17
VisualStudioVersion = 17.1.32228.430
MinimumVisualStudioVersion = 10.0.40219.1
Project("{8BC9CEB8-8B4A-11D0-8D11-00A0C91BC942}") = "20346012 - fak", "20346012 - fak\20346012 - fak.vcxproj", "{3992F73D-6F66-41ED-B761-970B6E998BC8}"
EndProject
Global
	GlobalSection(SolutionConfigurationPlatforms) = preSolution
		Debug|x64 = Debug|x64
		Debug|x86 = Debug|x86
		Release|x64 = Release|x64
		Release|x86 = Release|x86
	EndGlobalSection
	GlobalSection(ProjectConfigurationPlatforms) = postSolution
		{3992F73D-6F66-41ED-B761-970B6E998BC8}.Debug|x64.ActiveCfg = Debug|x64
		{3992F73D-6F66-41ED-B761-970B6E998BC8}.Debug|x64.Build.0 = Debug|x64
		{3992F73D-6F66-41ED-B761-970B6E998BC8}.Debug|x86.ActiveCfg = Debug|Win32
		{3992F73D-6F66-41ED-B761-970B6E998BC8}.Debug|x86.Build.0 = Debug|Win32
		{3992F73D-6F66-41ED-B761-970B6E998BC8}.Release|x64.ActiveCfg = Release|x64
		{3992F73D-6F66-41ED-B761-970B6E998BC8}.Release|x64.Build.0 = Release|x64
		{3992F73D-6F66-41ED-B761-970B6E998BC8}.Release|x86.ActiveCfg = Release|Win32
		{3992F73D-6F66-41ED-B761-970B6E998BC8}.Release|x86.Build.0 = Release|Win32
	EndGlobalSection
	GlobalSection(SolutionProperties) = preSolution
		HideSolutionNode = FALSE
	EndGlobalSection
	GlobalSection(ExtensibilityGlobals) = postSolution
		SolutionGuid = {FF567975-5811-446D-8214-CC6E78F3BA6C}
	EndGlobalSection
EndGlobal
