
Microsoft Visual Studio Solution File, Format Version 12.00
# Visual Studio Version 16
VisualStudioVersion = 16.0.31112.23
MinimumVisualStudioVersion = 10.0.40219.1
Project("{8BC9CEB8-8B4A-11D0-8D11-00A0C91BC942}") = "1. FibonacciSequence", "1. FibonacciSequence\1. FibonacciSequence.vcxproj", "{0BEF906B-8ED7-4756-859E-24B6D40F213F}"
EndProject
Project("{8BC9CEB8-8B4A-11D0-8D11-00A0C91BC942}") = "2. PrimesSequence", "2. PrimesSequence\2. PrimesSequence.vcxproj", "{881946A8-1FC1-4875-A94D-50B42D94F024}"
EndProject
Project("{8BC9CEB8-8B4A-11D0-8D11-00A0C91BC942}") = "3. NotPrimes", "3. NotPrimes\3. NotPrimes.vcxproj", "{0A66A44D-9290-423B-8321-1CA7A06DE12A}"
EndProject
Project("{8BC9CEB8-8B4A-11D0-8D11-00A0C91BC942}") = "4. An1", "4. An1\4. An1.vcxproj", "{568635A4-4F76-48D2-8FBE-071E740E8A68}"
EndProject
Project("{8BC9CEB8-8B4A-11D0-8D11-00A0C91BC942}") = "5. An2", "5. An2\5. An2.vcxproj", "{B2CFBF5D-3710-4E80-9BFE-43D3A8D7F4C3}"
EndProject
Project("{8BC9CEB8-8B4A-11D0-8D11-00A0C91BC942}") = "6. An3", "6. An3\6. An3.vcxproj", "{61BB6A75-C695-4034-9BC0-0299DCBC0366}"
EndProject
Global
	GlobalSection(SolutionConfigurationPlatforms) = preSolution
		Debug|x64 = Debug|x64
		Debug|x86 = Debug|x86
		Release|x64 = Release|x64
		Release|x86 = Release|x86
	EndGlobalSection
	GlobalSection(ProjectConfigurationPlatforms) = postSolution
		{0BEF906B-8ED7-4756-859E-24B6D40F213F}.Debug|x64.ActiveCfg = Debug|x64
		{0BEF906B-8ED7-4756-859E-24B6D40F213F}.Debug|x64.Build.0 = Debug|x64
		{0BEF906B-8ED7-4756-859E-24B6D40F213F}.Debug|x86.ActiveCfg = Debug|Win32
		{0BEF906B-8ED7-4756-859E-24B6D40F213F}.Debug|x86.Build.0 = Debug|Win32
		{0BEF906B-8ED7-4756-859E-24B6D40F213F}.Release|x64.ActiveCfg = Release|x64
		{0BEF906B-8ED7-4756-859E-24B6D40F213F}.Release|x64.Build.0 = Release|x64
		{0BEF906B-8ED7-4756-859E-24B6D40F213F}.Release|x86.ActiveCfg = Release|Win32
		{0BEF906B-8ED7-4756-859E-24B6D40F213F}.Release|x86.Build.0 = Release|Win32
		{881946A8-1FC1-4875-A94D-50B42D94F024}.Debug|x64.ActiveCfg = Debug|x64
		{881946A8-1FC1-4875-A94D-50B42D94F024}.Debug|x64.Build.0 = Debug|x64
		{881946A8-1FC1-4875-A94D-50B42D94F024}.Debug|x86.ActiveCfg = Debug|Win32
		{881946A8-1FC1-4875-A94D-50B42D94F024}.Debug|x86.Build.0 = Debug|Win32
		{881946A8-1FC1-4875-A94D-50B42D94F024}.Release|x64.ActiveCfg = Release|x64
		{881946A8-1FC1-4875-A94D-50B42D94F024}.Release|x64.Build.0 = Release|x64
		{881946A8-1FC1-4875-A94D-50B42D94F024}.Release|x86.ActiveCfg = Release|Win32
		{881946A8-1FC1-4875-A94D-50B42D94F024}.Release|x86.Build.0 = Release|Win32
		{0A66A44D-9290-423B-8321-1CA7A06DE12A}.Debug|x64.ActiveCfg = Debug|x64
		{0A66A44D-9290-423B-8321-1CA7A06DE12A}.Debug|x64.Build.0 = Debug|x64
		{0A66A44D-9290-423B-8321-1CA7A06DE12A}.Debug|x86.ActiveCfg = Debug|Win32
		{0A66A44D-9290-423B-8321-1CA7A06DE12A}.Debug|x86.Build.0 = Debug|Win32
		{0A66A44D-9290-423B-8321-1CA7A06DE12A}.Release|x64.ActiveCfg = Release|x64
		{0A66A44D-9290-423B-8321-1CA7A06DE12A}.Release|x64.Build.0 = Release|x64
		{0A66A44D-9290-423B-8321-1CA7A06DE12A}.Release|x86.ActiveCfg = Release|Win32
		{0A66A44D-9290-423B-8321-1CA7A06DE12A}.Release|x86.Build.0 = Release|Win32
		{568635A4-4F76-48D2-8FBE-071E740E8A68}.Debug|x64.ActiveCfg = Debug|x64
		{568635A4-4F76-48D2-8FBE-071E740E8A68}.Debug|x64.Build.0 = Debug|x64
		{568635A4-4F76-48D2-8FBE-071E740E8A68}.Debug|x86.ActiveCfg = Debug|Win32
		{568635A4-4F76-48D2-8FBE-071E740E8A68}.Debug|x86.Build.0 = Debug|Win32
		{568635A4-4F76-48D2-8FBE-071E740E8A68}.Release|x64.ActiveCfg = Release|x64
		{568635A4-4F76-48D2-8FBE-071E740E8A68}.Release|x64.Build.0 = Release|x64
		{568635A4-4F76-48D2-8FBE-071E740E8A68}.Release|x86.ActiveCfg = Release|Win32
		{568635A4-4F76-48D2-8FBE-071E740E8A68}.Release|x86.Build.0 = Release|Win32
		{B2CFBF5D-3710-4E80-9BFE-43D3A8D7F4C3}.Debug|x64.ActiveCfg = Debug|x64
		{B2CFBF5D-3710-4E80-9BFE-43D3A8D7F4C3}.Debug|x64.Build.0 = Debug|x64
		{B2CFBF5D-3710-4E80-9BFE-43D3A8D7F4C3}.Debug|x86.ActiveCfg = Debug|Win32
		{B2CFBF5D-3710-4E80-9BFE-43D3A8D7F4C3}.Debug|x86.Build.0 = Debug|Win32
		{B2CFBF5D-3710-4E80-9BFE-43D3A8D7F4C3}.Release|x64.ActiveCfg = Release|x64
		{B2CFBF5D-3710-4E80-9BFE-43D3A8D7F4C3}.Release|x64.Build.0 = Release|x64
		{B2CFBF5D-3710-4E80-9BFE-43D3A8D7F4C3}.Release|x86.ActiveCfg = Release|Win32
		{B2CFBF5D-3710-4E80-9BFE-43D3A8D7F4C3}.Release|x86.Build.0 = Release|Win32
		{61BB6A75-C695-4034-9BC0-0299DCBC0366}.Debug|x64.ActiveCfg = Debug|x64
		{61BB6A75-C695-4034-9BC0-0299DCBC0366}.Debug|x64.Build.0 = Debug|x64
		{61BB6A75-C695-4034-9BC0-0299DCBC0366}.Debug|x86.ActiveCfg = Debug|Win32
		{61BB6A75-C695-4034-9BC0-0299DCBC0366}.Debug|x86.Build.0 = Debug|Win32
		{61BB6A75-C695-4034-9BC0-0299DCBC0366}.Release|x64.ActiveCfg = Release|x64
		{61BB6A75-C695-4034-9BC0-0299DCBC0366}.Release|x64.Build.0 = Release|x64
		{61BB6A75-C695-4034-9BC0-0299DCBC0366}.Release|x86.ActiveCfg = Release|Win32
		{61BB6A75-C695-4034-9BC0-0299DCBC0366}.Release|x86.Build.0 = Release|Win32
	EndGlobalSection
	GlobalSection(SolutionProperties) = preSolution
		HideSolutionNode = FALSE
	EndGlobalSection
	GlobalSection(ExtensibilityGlobals) = postSolution
		SolutionGuid = {27F751DA-3A3B-4B12-8180-4D3B326434DB}
	EndGlobalSection
EndGlobal
