
Microsoft Visual Studio Solution File, Format Version 12.00
# Visual Studio Version 16
VisualStudioVersion = 16.0.31410.357
MinimumVisualStudioVersion = 10.0.40219.1
Project("{8BC9CEB8-8B4A-11D0-8D11-00A0C91BC942}") = "01_Division", "01_Division\01_Division.vcxproj", "{175821FD-E67E-4ADF-A267-71CEA12EACAE}"
EndProject
Project("{8BC9CEB8-8B4A-11D0-8D11-00A0C91BC942}") = "02_SumOdd", "02_SumOdd\02_SumOdd.vcxproj", "{D76A788F-3E46-4C67-ACD5-B0D514891E67}"
EndProject
Project("{8BC9CEB8-8B4A-11D0-8D11-00A0C91BC942}") = "03_MultiplyEven", "03_MultiplyEven\03_MultiplyEven.vcxproj", "{E7DC9B6B-1972-4030-9E3F-9CA6C700CD99}"
EndProject
Project("{8BC9CEB8-8B4A-11D0-8D11-00A0C91BC942}") = "04_SquareEquation", "04_SquareEquation\04_SquareEquation.vcxproj", "{90B5F504-8128-4715-A331-1550A5595925}"
EndProject
Global
	GlobalSection(SolutionConfigurationPlatforms) = preSolution
		Debug|x64 = Debug|x64
		Debug|x86 = Debug|x86
		Release|x64 = Release|x64
		Release|x86 = Release|x86
	EndGlobalSection
	GlobalSection(ProjectConfigurationPlatforms) = postSolution
		{175821FD-E67E-4ADF-A267-71CEA12EACAE}.Debug|x64.ActiveCfg = Debug|x64
		{175821FD-E67E-4ADF-A267-71CEA12EACAE}.Debug|x64.Build.0 = Debug|x64
		{175821FD-E67E-4ADF-A267-71CEA12EACAE}.Debug|x86.ActiveCfg = Debug|Win32
		{175821FD-E67E-4ADF-A267-71CEA12EACAE}.Debug|x86.Build.0 = Debug|Win32
		{175821FD-E67E-4ADF-A267-71CEA12EACAE}.Release|x64.ActiveCfg = Release|x64
		{175821FD-E67E-4ADF-A267-71CEA12EACAE}.Release|x64.Build.0 = Release|x64
		{175821FD-E67E-4ADF-A267-71CEA12EACAE}.Release|x86.ActiveCfg = Release|Win32
		{175821FD-E67E-4ADF-A267-71CEA12EACAE}.Release|x86.Build.0 = Release|Win32
		{D76A788F-3E46-4C67-ACD5-B0D514891E67}.Debug|x64.ActiveCfg = Debug|x64
		{D76A788F-3E46-4C67-ACD5-B0D514891E67}.Debug|x64.Build.0 = Debug|x64
		{D76A788F-3E46-4C67-ACD5-B0D514891E67}.Debug|x86.ActiveCfg = Debug|Win32
		{D76A788F-3E46-4C67-ACD5-B0D514891E67}.Debug|x86.Build.0 = Debug|Win32
		{D76A788F-3E46-4C67-ACD5-B0D514891E67}.Release|x64.ActiveCfg = Release|x64
		{D76A788F-3E46-4C67-ACD5-B0D514891E67}.Release|x64.Build.0 = Release|x64
		{D76A788F-3E46-4C67-ACD5-B0D514891E67}.Release|x86.ActiveCfg = Release|Win32
		{D76A788F-3E46-4C67-ACD5-B0D514891E67}.Release|x86.Build.0 = Release|Win32
		{E7DC9B6B-1972-4030-9E3F-9CA6C700CD99}.Debug|x64.ActiveCfg = Debug|x64
		{E7DC9B6B-1972-4030-9E3F-9CA6C700CD99}.Debug|x64.Build.0 = Debug|x64
		{E7DC9B6B-1972-4030-9E3F-9CA6C700CD99}.Debug|x86.ActiveCfg = Debug|Win32
		{E7DC9B6B-1972-4030-9E3F-9CA6C700CD99}.Debug|x86.Build.0 = Debug|Win32
		{E7DC9B6B-1972-4030-9E3F-9CA6C700CD99}.Release|x64.ActiveCfg = Release|x64
		{E7DC9B6B-1972-4030-9E3F-9CA6C700CD99}.Release|x64.Build.0 = Release|x64
		{E7DC9B6B-1972-4030-9E3F-9CA6C700CD99}.Release|x86.ActiveCfg = Release|Win32
		{E7DC9B6B-1972-4030-9E3F-9CA6C700CD99}.Release|x86.Build.0 = Release|Win32
		{90B5F504-8128-4715-A331-1550A5595925}.Debug|x64.ActiveCfg = Debug|x64
		{90B5F504-8128-4715-A331-1550A5595925}.Debug|x64.Build.0 = Debug|x64
		{90B5F504-8128-4715-A331-1550A5595925}.Debug|x86.ActiveCfg = Debug|Win32
		{90B5F504-8128-4715-A331-1550A5595925}.Debug|x86.Build.0 = Debug|Win32
		{90B5F504-8128-4715-A331-1550A5595925}.Release|x64.ActiveCfg = Release|x64
		{90B5F504-8128-4715-A331-1550A5595925}.Release|x64.Build.0 = Release|x64
		{90B5F504-8128-4715-A331-1550A5595925}.Release|x86.ActiveCfg = Release|Win32
		{90B5F504-8128-4715-A331-1550A5595925}.Release|x86.Build.0 = Release|Win32
	EndGlobalSection
	GlobalSection(SolutionProperties) = preSolution
		HideSolutionNode = FALSE
	EndGlobalSection
	GlobalSection(ExtensibilityGlobals) = postSolution
		SolutionGuid = {F67EEB0C-EADE-4B71-AC45-AC051465B604}
	EndGlobalSection
EndGlobal
