
Microsoft Visual Studio Solution File, Format Version 12.00
# Visual Studio Version 17
VisualStudioVersion = 17.13.35931.197 d17.13
MinimumVisualStudioVersion = 10.0.40219.1
Project("{8BC9CEB8-8B4A-11D0-8D11-00A0C91BC942}") = "15-face and par of shapes", "15-face and par of shapes\15-face and par of shapes.vcxproj", "{D77B74B8-5870-435F-9AC0-B6C91E31181D}"
EndProject
Global
	GlobalSection(SolutionConfigurationPlatforms) = preSolution
		Debug|x64 = Debug|x64
		Debug|x86 = Debug|x86
		Release|x64 = Release|x64
		Release|x86 = Release|x86
	EndGlobalSection
	GlobalSection(ProjectConfigurationPlatforms) = postSolution
		{D77B74B8-5870-435F-9AC0-B6C91E31181D}.Debug|x64.ActiveCfg = Debug|x64
		{D77B74B8-5870-435F-9AC0-B6C91E31181D}.Debug|x64.Build.0 = Debug|x64
		{D77B74B8-5870-435F-9AC0-B6C91E31181D}.Debug|x86.ActiveCfg = Debug|Win32
		{D77B74B8-5870-435F-9AC0-B6C91E31181D}.Debug|x86.Build.0 = Debug|Win32
		{D77B74B8-5870-435F-9AC0-B6C91E31181D}.Release|x64.ActiveCfg = Release|x64
		{D77B74B8-5870-435F-9AC0-B6C91E31181D}.Release|x64.Build.0 = Release|x64
		{D77B74B8-5870-435F-9AC0-B6C91E31181D}.Release|x86.ActiveCfg = Release|Win32
		{D77B74B8-5870-435F-9AC0-B6C91E31181D}.Release|x86.Build.0 = Release|Win32
	EndGlobalSection
	GlobalSection(SolutionProperties) = preSolution
		HideSolutionNode = FALSE
	EndGlobalSection
	GlobalSection(ExtensibilityGlobals) = postSolution
		SolutionGuid = {6BA710CD-E469-4575-B6FD-A7302525E5DC}
	EndGlobalSection
EndGlobal
