
Microsoft Visual Studio Solution File, Format Version 12.00
# Visual Studio Version 17
VisualStudioVersion = 17.7.34024.191
MinimumVisualStudioVersion = 10.0.40219.1
Project("{8BC9CEB8-8B4A-11D0-8D11-00A0C91BC942}") = "5.MatrixInputOutput", "5.MatrixInputOutput\5.MatrixInputOutput.vcxproj", "{C09FAA02-4E72-430D-8F8E-D84B49BC717E}"
EndProject
Global
	GlobalSection(SolutionConfigurationPlatforms) = preSolution
		Debug|x64 = Debug|x64
		Debug|x86 = Debug|x86
		Release|x64 = Release|x64
		Release|x86 = Release|x86
	EndGlobalSection
	GlobalSection(ProjectConfigurationPlatforms) = postSolution
		{C09FAA02-4E72-430D-8F8E-D84B49BC717E}.Debug|x64.ActiveCfg = Debug|x64
		{C09FAA02-4E72-430D-8F8E-D84B49BC717E}.Debug|x64.Build.0 = Debug|x64
		{C09FAA02-4E72-430D-8F8E-D84B49BC717E}.Debug|x86.ActiveCfg = Debug|Win32
		{C09FAA02-4E72-430D-8F8E-D84B49BC717E}.Debug|x86.Build.0 = Debug|Win32
		{C09FAA02-4E72-430D-8F8E-D84B49BC717E}.Release|x64.ActiveCfg = Release|x64
		{C09FAA02-4E72-430D-8F8E-D84B49BC717E}.Release|x64.Build.0 = Release|x64
		{C09FAA02-4E72-430D-8F8E-D84B49BC717E}.Release|x86.ActiveCfg = Release|Win32
		{C09FAA02-4E72-430D-8F8E-D84B49BC717E}.Release|x86.Build.0 = Release|Win32
	EndGlobalSection
	GlobalSection(SolutionProperties) = preSolution
		HideSolutionNode = FALSE
	EndGlobalSection
	GlobalSection(ExtensibilityGlobals) = postSolution
		SolutionGuid = {9BAD86E3-6790-4DF1-A839-91F0F80D807B}
	EndGlobalSection
EndGlobal
