
Microsoft Visual Studio Solution File, Format Version 12.00
# Visual Studio Version 16
VisualStudioVersion = 16.0.31112.23
MinimumVisualStudioVersion = 10.0.40219.1
Project("{8BC9CEB8-8B4A-11D0-8D11-00A0C91BC942}") = "20321034", "20321034\20321034.vcxproj", "{A3A2DAAE-1FDA-4D99-A340-9D98B44B050B}"
EndProject
Project("{8BC9CEB8-8B4A-11D0-8D11-00A0C91BC942}") = "Sum20321034", "Sum20321034\Sum20321034.vcxproj", "{68A4FB08-0DE7-423E-A0A7-690F6BE0BB1B}"
EndProject
Project("{8BC9CEB8-8B4A-11D0-8D11-00A0C91BC942}") = "3.Reactangle", "3.Reactangle\3.Reactangle.vcxproj", "{26854BB8-5AC9-45B9-ABD7-3615F2B96756}"
EndProject
Project("{8BC9CEB8-8B4A-11D0-8D11-00A0C91BC942}") = "4.Circle", "4.Circle\4.Circle.vcxproj", "{F4ECAA48-8CC5-4F50-95DC-1E216D16C645}"
EndProject
Project("{8BC9CEB8-8B4A-11D0-8D11-00A0C91BC942}") = "5.MoneyInThePokect", "5.MoneyInThePokect\5.MoneyInThePokect.vcxproj", "{6DBD7A5D-1051-4BD3-8AEE-44FDFE2DDC29}"
EndProject
Project("{8BC9CEB8-8B4A-11D0-8D11-00A0C91BC942}") = "6.ReversNumber", "6.ReversNumber\6.ReversNumber.vcxproj", "{81CC7E95-3421-4771-AF5B-5035270FFB65}"
EndProject
Project("{8BC9CEB8-8B4A-11D0-8D11-00A0C91BC942}") = "7.SumPro", "7.SumPro\7.SumPro.vcxproj", "{42AF4682-DA17-4AD7-8CB9-4A51E41E289F}"
EndProject
Project("{8BC9CEB8-8B4A-11D0-8D11-00A0C91BC942}") = "7.OddPosition", "7.OddPosition\7.OddPosition.vcxproj", "{696D6579-C652-413A-B3FF-F82165DC06EA}"
EndProject
Project("{8BC9CEB8-8B4A-11D0-8D11-00A0C91BC942}") = "9.EvenNumber", "9.EvenNumber\9.EvenNumber.vcxproj", "{8CCAE2DF-9FBA-44C0-B623-68356F60132B}"
EndProject
Global
	GlobalSection(SolutionConfigurationPlatforms) = preSolution
		Debug|x64 = Debug|x64
		Debug|x86 = Debug|x86
		Release|x64 = Release|x64
		Release|x86 = Release|x86
	EndGlobalSection
	GlobalSection(ProjectConfigurationPlatforms) = postSolution
		{A3A2DAAE-1FDA-4D99-A340-9D98B44B050B}.Debug|x64.ActiveCfg = Debug|x64
		{A3A2DAAE-1FDA-4D99-A340-9D98B44B050B}.Debug|x64.Build.0 = Debug|x64
		{A3A2DAAE-1FDA-4D99-A340-9D98B44B050B}.Debug|x86.ActiveCfg = Debug|Win32
		{A3A2DAAE-1FDA-4D99-A340-9D98B44B050B}.Debug|x86.Build.0 = Debug|Win32
		{A3A2DAAE-1FDA-4D99-A340-9D98B44B050B}.Release|x64.ActiveCfg = Release|x64
		{A3A2DAAE-1FDA-4D99-A340-9D98B44B050B}.Release|x64.Build.0 = Release|x64
		{A3A2DAAE-1FDA-4D99-A340-9D98B44B050B}.Release|x86.ActiveCfg = Release|Win32
		{A3A2DAAE-1FDA-4D99-A340-9D98B44B050B}.Release|x86.Build.0 = Release|Win32
		{68A4FB08-0DE7-423E-A0A7-690F6BE0BB1B}.Debug|x64.ActiveCfg = Debug|x64
		{68A4FB08-0DE7-423E-A0A7-690F6BE0BB1B}.Debug|x64.Build.0 = Debug|x64
		{68A4FB08-0DE7-423E-A0A7-690F6BE0BB1B}.Debug|x86.ActiveCfg = Debug|Win32
		{68A4FB08-0DE7-423E-A0A7-690F6BE0BB1B}.Debug|x86.Build.0 = Debug|Win32
		{68A4FB08-0DE7-423E-A0A7-690F6BE0BB1B}.Release|x64.ActiveCfg = Release|x64
		{68A4FB08-0DE7-423E-A0A7-690F6BE0BB1B}.Release|x64.Build.0 = Release|x64
		{68A4FB08-0DE7-423E-A0A7-690F6BE0BB1B}.Release|x86.ActiveCfg = Release|Win32
		{68A4FB08-0DE7-423E-A0A7-690F6BE0BB1B}.Release|x86.Build.0 = Release|Win32
		{26854BB8-5AC9-45B9-ABD7-3615F2B96756}.Debug|x64.ActiveCfg = Debug|x64
		{26854BB8-5AC9-45B9-ABD7-3615F2B96756}.Debug|x64.Build.0 = Debug|x64
		{26854BB8-5AC9-45B9-ABD7-3615F2B96756}.Debug|x86.ActiveCfg = Debug|Win32
		{26854BB8-5AC9-45B9-ABD7-3615F2B96756}.Debug|x86.Build.0 = Debug|Win32
		{26854BB8-5AC9-45B9-ABD7-3615F2B96756}.Release|x64.ActiveCfg = Release|x64
		{26854BB8-5AC9-45B9-ABD7-3615F2B96756}.Release|x64.Build.0 = Release|x64
		{26854BB8-5AC9-45B9-ABD7-3615F2B96756}.Release|x86.ActiveCfg = Release|Win32
		{26854BB8-5AC9-45B9-ABD7-3615F2B96756}.Release|x86.Build.0 = Release|Win32
		{F4ECAA48-8CC5-4F50-95DC-1E216D16C645}.Debug|x64.ActiveCfg = Debug|x64
		{F4ECAA48-8CC5-4F50-95DC-1E216D16C645}.Debug|x64.Build.0 = Debug|x64
		{F4ECAA48-8CC5-4F50-95DC-1E216D16C645}.Debug|x86.ActiveCfg = Debug|Win32
		{F4ECAA48-8CC5-4F50-95DC-1E216D16C645}.Debug|x86.Build.0 = Debug|Win32
		{F4ECAA48-8CC5-4F50-95DC-1E216D16C645}.Release|x64.ActiveCfg = Release|x64
		{F4ECAA48-8CC5-4F50-95DC-1E216D16C645}.Release|x64.Build.0 = Release|x64
		{F4ECAA48-8CC5-4F50-95DC-1E216D16C645}.Release|x86.ActiveCfg = Release|Win32
		{F4ECAA48-8CC5-4F50-95DC-1E216D16C645}.Release|x86.Build.0 = Release|Win32
		{6DBD7A5D-1051-4BD3-8AEE-44FDFE2DDC29}.Debug|x64.ActiveCfg = Debug|x64
		{6DBD7A5D-1051-4BD3-8AEE-44FDFE2DDC29}.Debug|x64.Build.0 = Debug|x64
		{6DBD7A5D-1051-4BD3-8AEE-44FDFE2DDC29}.Debug|x86.ActiveCfg = Debug|Win32
		{6DBD7A5D-1051-4BD3-8AEE-44FDFE2DDC29}.Debug|x86.Build.0 = Debug|Win32
		{6DBD7A5D-1051-4BD3-8AEE-44FDFE2DDC29}.Release|x64.ActiveCfg = Release|x64
		{6DBD7A5D-1051-4BD3-8AEE-44FDFE2DDC29}.Release|x64.Build.0 = Release|x64
		{6DBD7A5D-1051-4BD3-8AEE-44FDFE2DDC29}.Release|x86.ActiveCfg = Release|Win32
		{6DBD7A5D-1051-4BD3-8AEE-44FDFE2DDC29}.Release|x86.Build.0 = Release|Win32
		{81CC7E95-3421-4771-AF5B-5035270FFB65}.Debug|x64.ActiveCfg = Debug|x64
		{81CC7E95-3421-4771-AF5B-5035270FFB65}.Debug|x64.Build.0 = Debug|x64
		{81CC7E95-3421-4771-AF5B-5035270FFB65}.Debug|x86.ActiveCfg = Debug|Win32
		{81CC7E95-3421-4771-AF5B-5035270FFB65}.Debug|x86.Build.0 = Debug|Win32
		{81CC7E95-3421-4771-AF5B-5035270FFB65}.Release|x64.ActiveCfg = Release|x64
		{81CC7E95-3421-4771-AF5B-5035270FFB65}.Release|x64.Build.0 = Release|x64
		{81CC7E95-3421-4771-AF5B-5035270FFB65}.Release|x86.ActiveCfg = Release|Win32
		{81CC7E95-3421-4771-AF5B-5035270FFB65}.Release|x86.Build.0 = Release|Win32
		{42AF4682-DA17-4AD7-8CB9-4A51E41E289F}.Debug|x64.ActiveCfg = Debug|x64
		{42AF4682-DA17-4AD7-8CB9-4A51E41E289F}.Debug|x64.Build.0 = Debug|x64
		{42AF4682-DA17-4AD7-8CB9-4A51E41E289F}.Debug|x86.ActiveCfg = Debug|Win32
		{42AF4682-DA17-4AD7-8CB9-4A51E41E289F}.Debug|x86.Build.0 = Debug|Win32
		{42AF4682-DA17-4AD7-8CB9-4A51E41E289F}.Release|x64.ActiveCfg = Release|x64
		{42AF4682-DA17-4AD7-8CB9-4A51E41E289F}.Release|x64.Build.0 = Release|x64
		{42AF4682-DA17-4AD7-8CB9-4A51E41E289F}.Release|x86.ActiveCfg = Release|Win32
		{42AF4682-DA17-4AD7-8CB9-4A51E41E289F}.Release|x86.Build.0 = Release|Win32
		{696D6579-C652-413A-B3FF-F82165DC06EA}.Debug|x64.ActiveCfg = Debug|x64
		{696D6579-C652-413A-B3FF-F82165DC06EA}.Debug|x64.Build.0 = Debug|x64
		{696D6579-C652-413A-B3FF-F82165DC06EA}.Debug|x86.ActiveCfg = Debug|Win32
		{696D6579-C652-413A-B3FF-F82165DC06EA}.Debug|x86.Build.0 = Debug|Win32
		{696D6579-C652-413A-B3FF-F82165DC06EA}.Release|x64.ActiveCfg = Release|x64
		{696D6579-C652-413A-B3FF-F82165DC06EA}.Release|x64.Build.0 = Release|x64
		{696D6579-C652-413A-B3FF-F82165DC06EA}.Release|x86.ActiveCfg = Release|Win32
		{696D6579-C652-413A-B3FF-F82165DC06EA}.Release|x86.Build.0 = Release|Win32
		{8CCAE2DF-9FBA-44C0-B623-68356F60132B}.Debug|x64.ActiveCfg = Debug|x64
		{8CCAE2DF-9FBA-44C0-B623-68356F60132B}.Debug|x64.Build.0 = Debug|x64
		{8CCAE2DF-9FBA-44C0-B623-68356F60132B}.Debug|x86.ActiveCfg = Debug|Win32
		{8CCAE2DF-9FBA-44C0-B623-68356F60132B}.Debug|x86.Build.0 = Debug|Win32
		{8CCAE2DF-9FBA-44C0-B623-68356F60132B}.Release|x64.ActiveCfg = Release|x64
		{8CCAE2DF-9FBA-44C0-B623-68356F60132B}.Release|x64.Build.0 = Release|x64
		{8CCAE2DF-9FBA-44C0-B623-68356F60132B}.Release|x86.ActiveCfg = Release|Win32
		{8CCAE2DF-9FBA-44C0-B623-68356F60132B}.Release|x86.Build.0 = Release|Win32
	EndGlobalSection
	GlobalSection(SolutionProperties) = preSolution
		HideSolutionNode = FALSE
	EndGlobalSection
	GlobalSection(ExtensibilityGlobals) = postSolution
		SolutionGuid = {E9CE5B4D-CAC4-44AA-B86E-126C876E2990}
	EndGlobalSection
EndGlobal
