
Microsoft Visual Studio Solution File, Format Version 12.00
# Visual Studio Version 17
VisualStudioVersion = 17.9.34714.143
MinimumVisualStudioVersion = 10.0.40219.1
Project("{8BC9CEB8-8B4A-11D0-8D11-00A0C91BC942}") = "01.Hello", "01.Hello\01.Hello.vcxproj", "{BFD869D7-5C14-4056-A394-2955B3E88646}"
EndProject
Project("{8BC9CEB8-8B4A-11D0-8D11-00A0C91BC942}") = "02.Sum", "02.Sum\02.Sum.vcxproj", "{B7978320-E2F4-4C16-B76F-8D6DE2CF61A2}"
EndProject
Project("{8BC9CEB8-8B4A-11D0-8D11-00A0C91BC942}") = "03.triangle", "03.triangle\03.triangle.vcxproj", "{09CDF0A5-1EB4-4FDA-B047-F2C575E92355}"
EndProject
Project("{8BC9CEB8-8B4A-11D0-8D11-00A0C91BC942}") = "04.circle", "04.circle\04.circle.vcxproj", "{AC545A51-68F1-4D3C-BB50-C39C37BA355F}"
EndProject
Project("{8BC9CEB8-8B4A-11D0-8D11-00A0C91BC942}") = "05.pocket_money", "05.pocket_money\05.pocket_money.vcxproj", "{699C426F-7C63-414A-9347-22DEB1675D70}"
EndProject
Project("{8BC9CEB8-8B4A-11D0-8D11-00A0C91BC942}") = "06.reverse_Number", "06.reverse_Number\06.reverse_Number.vcxproj", "{9FAF54BB-E95E-42FB-9B1E-2D409D276229}"
EndProject
Project("{8BC9CEB8-8B4A-11D0-8D11-00A0C91BC942}") = "07.sumPro", "07.sumPro\07.sumPro.vcxproj", "{5DEEA461-6E27-4702-883F-E4C1EFF4F2AF}"
EndProject
Project("{8BC9CEB8-8B4A-11D0-8D11-00A0C91BC942}") = "08.odd", "08.odd\08.odd.vcxproj", "{0B955EB3-F6E2-43DD-9DCF-9C6C71203AB7}"
EndProject
Global
	GlobalSection(SolutionConfigurationPlatforms) = preSolution
		Debug|x64 = Debug|x64
		Debug|x86 = Debug|x86
		Release|x64 = Release|x64
		Release|x86 = Release|x86
	EndGlobalSection
	GlobalSection(ProjectConfigurationPlatforms) = postSolution
		{BFD869D7-5C14-4056-A394-2955B3E88646}.Debug|x64.ActiveCfg = Debug|x64
		{BFD869D7-5C14-4056-A394-2955B3E88646}.Debug|x64.Build.0 = Debug|x64
		{BFD869D7-5C14-4056-A394-2955B3E88646}.Debug|x86.ActiveCfg = Debug|Win32
		{BFD869D7-5C14-4056-A394-2955B3E88646}.Debug|x86.Build.0 = Debug|Win32
		{BFD869D7-5C14-4056-A394-2955B3E88646}.Release|x64.ActiveCfg = Release|x64
		{BFD869D7-5C14-4056-A394-2955B3E88646}.Release|x64.Build.0 = Release|x64
		{BFD869D7-5C14-4056-A394-2955B3E88646}.Release|x86.ActiveCfg = Release|Win32
		{BFD869D7-5C14-4056-A394-2955B3E88646}.Release|x86.Build.0 = Release|Win32
		{B7978320-E2F4-4C16-B76F-8D6DE2CF61A2}.Debug|x64.ActiveCfg = Debug|x64
		{B7978320-E2F4-4C16-B76F-8D6DE2CF61A2}.Debug|x64.Build.0 = Debug|x64
		{B7978320-E2F4-4C16-B76F-8D6DE2CF61A2}.Debug|x86.ActiveCfg = Debug|Win32
		{B7978320-E2F4-4C16-B76F-8D6DE2CF61A2}.Debug|x86.Build.0 = Debug|Win32
		{B7978320-E2F4-4C16-B76F-8D6DE2CF61A2}.Release|x64.ActiveCfg = Release|x64
		{B7978320-E2F4-4C16-B76F-8D6DE2CF61A2}.Release|x64.Build.0 = Release|x64
		{B7978320-E2F4-4C16-B76F-8D6DE2CF61A2}.Release|x86.ActiveCfg = Release|Win32
		{B7978320-E2F4-4C16-B76F-8D6DE2CF61A2}.Release|x86.Build.0 = Release|Win32
		{09CDF0A5-1EB4-4FDA-B047-F2C575E92355}.Debug|x64.ActiveCfg = Debug|x64
		{09CDF0A5-1EB4-4FDA-B047-F2C575E92355}.Debug|x64.Build.0 = Debug|x64
		{09CDF0A5-1EB4-4FDA-B047-F2C575E92355}.Debug|x86.ActiveCfg = Debug|Win32
		{09CDF0A5-1EB4-4FDA-B047-F2C575E92355}.Debug|x86.Build.0 = Debug|Win32
		{09CDF0A5-1EB4-4FDA-B047-F2C575E92355}.Release|x64.ActiveCfg = Release|x64
		{09CDF0A5-1EB4-4FDA-B047-F2C575E92355}.Release|x64.Build.0 = Release|x64
		{09CDF0A5-1EB4-4FDA-B047-F2C575E92355}.Release|x86.ActiveCfg = Release|Win32
		{09CDF0A5-1EB4-4FDA-B047-F2C575E92355}.Release|x86.Build.0 = Release|Win32
		{AC545A51-68F1-4D3C-BB50-C39C37BA355F}.Debug|x64.ActiveCfg = Debug|x64
		{AC545A51-68F1-4D3C-BB50-C39C37BA355F}.Debug|x64.Build.0 = Debug|x64
		{AC545A51-68F1-4D3C-BB50-C39C37BA355F}.Debug|x86.ActiveCfg = Debug|Win32
		{AC545A51-68F1-4D3C-BB50-C39C37BA355F}.Debug|x86.Build.0 = Debug|Win32
		{AC545A51-68F1-4D3C-BB50-C39C37BA355F}.Release|x64.ActiveCfg = Release|x64
		{AC545A51-68F1-4D3C-BB50-C39C37BA355F}.Release|x64.Build.0 = Release|x64
		{AC545A51-68F1-4D3C-BB50-C39C37BA355F}.Release|x86.ActiveCfg = Release|Win32
		{AC545A51-68F1-4D3C-BB50-C39C37BA355F}.Release|x86.Build.0 = Release|Win32
		{699C426F-7C63-414A-9347-22DEB1675D70}.Debug|x64.ActiveCfg = Debug|x64
		{699C426F-7C63-414A-9347-22DEB1675D70}.Debug|x64.Build.0 = Debug|x64
		{699C426F-7C63-414A-9347-22DEB1675D70}.Debug|x86.ActiveCfg = Debug|Win32
		{699C426F-7C63-414A-9347-22DEB1675D70}.Debug|x86.Build.0 = Debug|Win32
		{699C426F-7C63-414A-9347-22DEB1675D70}.Release|x64.ActiveCfg = Release|x64
		{699C426F-7C63-414A-9347-22DEB1675D70}.Release|x64.Build.0 = Release|x64
		{699C426F-7C63-414A-9347-22DEB1675D70}.Release|x86.ActiveCfg = Release|Win32
		{699C426F-7C63-414A-9347-22DEB1675D70}.Release|x86.Build.0 = Release|Win32
		{9FAF54BB-E95E-42FB-9B1E-2D409D276229}.Debug|x64.ActiveCfg = Debug|x64
		{9FAF54BB-E95E-42FB-9B1E-2D409D276229}.Debug|x64.Build.0 = Debug|x64
		{9FAF54BB-E95E-42FB-9B1E-2D409D276229}.Debug|x86.ActiveCfg = Debug|Win32
		{9FAF54BB-E95E-42FB-9B1E-2D409D276229}.Debug|x86.Build.0 = Debug|Win32
		{9FAF54BB-E95E-42FB-9B1E-2D409D276229}.Release|x64.ActiveCfg = Release|x64
		{9FAF54BB-E95E-42FB-9B1E-2D409D276229}.Release|x64.Build.0 = Release|x64
		{9FAF54BB-E95E-42FB-9B1E-2D409D276229}.Release|x86.ActiveCfg = Release|Win32
		{9FAF54BB-E95E-42FB-9B1E-2D409D276229}.Release|x86.Build.0 = Release|Win32
		{5DEEA461-6E27-4702-883F-E4C1EFF4F2AF}.Debug|x64.ActiveCfg = Debug|x64
		{5DEEA461-6E27-4702-883F-E4C1EFF4F2AF}.Debug|x64.Build.0 = Debug|x64
		{5DEEA461-6E27-4702-883F-E4C1EFF4F2AF}.Debug|x86.ActiveCfg = Debug|Win32
		{5DEEA461-6E27-4702-883F-E4C1EFF4F2AF}.Debug|x86.Build.0 = Debug|Win32
		{5DEEA461-6E27-4702-883F-E4C1EFF4F2AF}.Release|x64.ActiveCfg = Release|x64
		{5DEEA461-6E27-4702-883F-E4C1EFF4F2AF}.Release|x64.Build.0 = Release|x64
		{5DEEA461-6E27-4702-883F-E4C1EFF4F2AF}.Release|x86.ActiveCfg = Release|Win32
		{5DEEA461-6E27-4702-883F-E4C1EFF4F2AF}.Release|x86.Build.0 = Release|Win32
		{0B955EB3-F6E2-43DD-9DCF-9C6C71203AB7}.Debug|x64.ActiveCfg = Debug|x64
		{0B955EB3-F6E2-43DD-9DCF-9C6C71203AB7}.Debug|x64.Build.0 = Debug|x64
		{0B955EB3-F6E2-43DD-9DCF-9C6C71203AB7}.Debug|x86.ActiveCfg = Debug|Win32
		{0B955EB3-F6E2-43DD-9DCF-9C6C71203AB7}.Debug|x86.Build.0 = Debug|Win32
		{0B955EB3-F6E2-43DD-9DCF-9C6C71203AB7}.Release|x64.ActiveCfg = Release|x64
		{0B955EB3-F6E2-43DD-9DCF-9C6C71203AB7}.Release|x64.Build.0 = Release|x64
		{0B955EB3-F6E2-43DD-9DCF-9C6C71203AB7}.Release|x86.ActiveCfg = Release|Win32
		{0B955EB3-F6E2-43DD-9DCF-9C6C71203AB7}.Release|x86.Build.0 = Release|Win32
	EndGlobalSection
	GlobalSection(SolutionProperties) = preSolution
		HideSolutionNode = FALSE
	EndGlobalSection
	GlobalSection(ExtensibilityGlobals) = postSolution
		SolutionGuid = {BFAA0338-20DD-44DC-AEC2-AB5E53FBF094}
	EndGlobalSection
EndGlobal
