
Microsoft Visual Studio Solution File, Format Version 12.00
# Visual Studio Version 17
VisualStudioVersion = 17.1.32319.34
MinimumVisualStudioVersion = 10.0.40219.1
Project("{8BC9CEB8-8B4A-11D0-8D11-00A0C91BC942}") = "1.Сумиране на две числа", "1.Сумиране на две числа\1.Сумиране на две числа.vcxproj", "{F6142525-10E4-4965-B904-2F120F627FC8}"
EndProject
Project("{8BC9CEB8-8B4A-11D0-8D11-00A0C91BC942}") = "2 зад", "..\2 зад\2 зад.vcxproj", "{1B6619FC-6E29-4321-AD0D-F655CBA258E3}"
EndProject
Project("{8BC9CEB8-8B4A-11D0-8D11-00A0C91BC942}") = "3 зад", "..\3 зад\3 зад.vcxproj", "{544C0F86-A2A9-475A-A04D-E16C7FCCF51A}"
EndProject
Project("{8BC9CEB8-8B4A-11D0-8D11-00A0C91BC942}") = "4 зад", "..\4 зад\4 зад.vcxproj", "{22CD2B59-F7BC-4AC8-A2C3-DAB565F5776C}"
EndProject
Project("{8BC9CEB8-8B4A-11D0-8D11-00A0C91BC942}") = "5 зад", "..\5 зад\5 зад.vcxproj", "{C0B01ADE-4F82-4F96-BCF9-D1A35AA83EDD}"
EndProject
Global
	GlobalSection(SolutionConfigurationPlatforms) = preSolution
		Debug|x64 = Debug|x64
		Debug|x86 = Debug|x86
		Release|x64 = Release|x64
		Release|x86 = Release|x86
	EndGlobalSection
	GlobalSection(ProjectConfigurationPlatforms) = postSolution
		{F6142525-10E4-4965-B904-2F120F627FC8}.Debug|x64.ActiveCfg = Debug|x64
		{F6142525-10E4-4965-B904-2F120F627FC8}.Debug|x64.Build.0 = Debug|x64
		{F6142525-10E4-4965-B904-2F120F627FC8}.Debug|x86.ActiveCfg = Debug|Win32
		{F6142525-10E4-4965-B904-2F120F627FC8}.Debug|x86.Build.0 = Debug|Win32
		{F6142525-10E4-4965-B904-2F120F627FC8}.Release|x64.ActiveCfg = Release|x64
		{F6142525-10E4-4965-B904-2F120F627FC8}.Release|x64.Build.0 = Release|x64
		{F6142525-10E4-4965-B904-2F120F627FC8}.Release|x86.ActiveCfg = Release|Win32
		{F6142525-10E4-4965-B904-2F120F627FC8}.Release|x86.Build.0 = Release|Win32
		{1B6619FC-6E29-4321-AD0D-F655CBA258E3}.Debug|x64.ActiveCfg = Debug|x64
		{1B6619FC-6E29-4321-AD0D-F655CBA258E3}.Debug|x64.Build.0 = Debug|x64
		{1B6619FC-6E29-4321-AD0D-F655CBA258E3}.Debug|x86.ActiveCfg = Debug|Win32
		{1B6619FC-6E29-4321-AD0D-F655CBA258E3}.Debug|x86.Build.0 = Debug|Win32
		{1B6619FC-6E29-4321-AD0D-F655CBA258E3}.Release|x64.ActiveCfg = Release|x64
		{1B6619FC-6E29-4321-AD0D-F655CBA258E3}.Release|x64.Build.0 = Release|x64
		{1B6619FC-6E29-4321-AD0D-F655CBA258E3}.Release|x86.ActiveCfg = Release|Win32
		{1B6619FC-6E29-4321-AD0D-F655CBA258E3}.Release|x86.Build.0 = Release|Win32
		{544C0F86-A2A9-475A-A04D-E16C7FCCF51A}.Debug|x64.ActiveCfg = Debug|x64
		{544C0F86-A2A9-475A-A04D-E16C7FCCF51A}.Debug|x64.Build.0 = Debug|x64
		{544C0F86-A2A9-475A-A04D-E16C7FCCF51A}.Debug|x86.ActiveCfg = Debug|Win32
		{544C0F86-A2A9-475A-A04D-E16C7FCCF51A}.Debug|x86.Build.0 = Debug|Win32
		{544C0F86-A2A9-475A-A04D-E16C7FCCF51A}.Release|x64.ActiveCfg = Release|x64
		{544C0F86-A2A9-475A-A04D-E16C7FCCF51A}.Release|x64.Build.0 = Release|x64
		{544C0F86-A2A9-475A-A04D-E16C7FCCF51A}.Release|x86.ActiveCfg = Release|Win32
		{544C0F86-A2A9-475A-A04D-E16C7FCCF51A}.Release|x86.Build.0 = Release|Win32
		{22CD2B59-F7BC-4AC8-A2C3-DAB565F5776C}.Debug|x64.ActiveCfg = Debug|x64
		{22CD2B59-F7BC-4AC8-A2C3-DAB565F5776C}.Debug|x64.Build.0 = Debug|x64
		{22CD2B59-F7BC-4AC8-A2C3-DAB565F5776C}.Debug|x86.ActiveCfg = Debug|Win32
		{22CD2B59-F7BC-4AC8-A2C3-DAB565F5776C}.Debug|x86.Build.0 = Debug|Win32
		{22CD2B59-F7BC-4AC8-A2C3-DAB565F5776C}.Release|x64.ActiveCfg = Release|x64
		{22CD2B59-F7BC-4AC8-A2C3-DAB565F5776C}.Release|x64.Build.0 = Release|x64
		{22CD2B59-F7BC-4AC8-A2C3-DAB565F5776C}.Release|x86.ActiveCfg = Release|Win32
		{22CD2B59-F7BC-4AC8-A2C3-DAB565F5776C}.Release|x86.Build.0 = Release|Win32
		{C0B01ADE-4F82-4F96-BCF9-D1A35AA83EDD}.Debug|x64.ActiveCfg = Debug|x64
		{C0B01ADE-4F82-4F96-BCF9-D1A35AA83EDD}.Debug|x64.Build.0 = Debug|x64
		{C0B01ADE-4F82-4F96-BCF9-D1A35AA83EDD}.Debug|x86.ActiveCfg = Debug|Win32
		{C0B01ADE-4F82-4F96-BCF9-D1A35AA83EDD}.Debug|x86.Build.0 = Debug|Win32
		{C0B01ADE-4F82-4F96-BCF9-D1A35AA83EDD}.Release|x64.ActiveCfg = Release|x64
		{C0B01ADE-4F82-4F96-BCF9-D1A35AA83EDD}.Release|x64.Build.0 = Release|x64
		{C0B01ADE-4F82-4F96-BCF9-D1A35AA83EDD}.Release|x86.ActiveCfg = Release|Win32
		{C0B01ADE-4F82-4F96-BCF9-D1A35AA83EDD}.Release|x86.Build.0 = Release|Win32
	EndGlobalSection
	GlobalSection(SolutionProperties) = preSolution
		HideSolutionNode = FALSE
	EndGlobalSection
	GlobalSection(ExtensibilityGlobals) = postSolution
		SolutionGuid = {CB7C1942-52E5-40CB-A421-4794D41C8D21}
	EndGlobalSection
EndGlobal
