
Microsoft Visual Studio Solution File, Format Version 12.00
# Visual Studio Version 16
VisualStudioVersion = 16.0.30128.74
MinimumVisualStudioVersion = 10.0.40219.1
Project("{8BC9CEB8-8B4A-11D0-8D11-00A0C91BC942}") = "1. For", "1. For\1. For.vcxproj", "{6FD81C2E-0C1C-4142-A438-89C63FF9C11E}"
EndProject
Project("{8BC9CEB8-8B4A-11D0-8D11-00A0C91BC942}") = "2. While", "2. While\2. While.vcxproj", "{9F8829C6-1632-4664-A4A5-BED91B782712}"
EndProject
Project("{8BC9CEB8-8B4A-11D0-8D11-00A0C91BC942}") = "3. doWhile", "3. doWhile\3. doWhile.vcxproj", "{E1794C14-8E25-4C2C-B4AE-C22DF25B8C5C}"
EndProject
Project("{8BC9CEB8-8B4A-11D0-8D11-00A0C91BC942}") = "4. Factoriel", "4. Factoriel\4. Factoriel.vcxproj", "{CD203B9F-5367-434D-9160-CFD546EDAE2D}"
EndProject
Project("{8BC9CEB8-8B4A-11D0-8D11-00A0C91BC942}") = "5. Click", "05. Click\05. Click.vcxproj", "{3231DDEB-09FF-4796-B2BA-587AC1A783FE}"
EndProject
Project("{8BC9CEB8-8B4A-11D0-8D11-00A0C91BC942}") = "6. Sum", "Sum\Sum.vcxproj", "{BFA8C0EF-9E3D-4CE7-B336-7F7C38745371}"
EndProject
Project("{8BC9CEB8-8B4A-11D0-8D11-00A0C91BC942}") = "7.3and5", "7.3and5\7.3and5.vcxproj", "{9E26A385-A41C-4C66-BEE6-A7830D9C1D3E}"
EndProject
Project("{8BC9CEB8-8B4A-11D0-8D11-00A0C91BC942}") = "8. 4digits", "8. 4digits\8. 4digits.vcxproj", "{24E82E6D-DDC3-4593-816C-599888088BC1}"
EndProject
Project("{8BC9CEB8-8B4A-11D0-8D11-00A0C91BC942}") = "9. Triangle", "9. Triangle\9. Triangle.vcxproj", "{1BA5687F-CFDA-4FB0-B463-99A3C03C443C}"
EndProject
Project("{8BC9CEB8-8B4A-11D0-8D11-00A0C91BC942}") = "10.  PascalsTriangle", "10.  PascalsTriangle\10.  PascalsTriangle.vcxproj", "{A787BB97-D5E7-41AB-A7D2-52E2B281DD52}"
EndProject
Global
	GlobalSection(SolutionConfigurationPlatforms) = preSolution
		Debug|x64 = Debug|x64
		Debug|x86 = Debug|x86
		Release|x64 = Release|x64
		Release|x86 = Release|x86
	EndGlobalSection
	GlobalSection(ProjectConfigurationPlatforms) = postSolution
		{6FD81C2E-0C1C-4142-A438-89C63FF9C11E}.Debug|x64.ActiveCfg = Debug|x64
		{6FD81C2E-0C1C-4142-A438-89C63FF9C11E}.Debug|x64.Build.0 = Debug|x64
		{6FD81C2E-0C1C-4142-A438-89C63FF9C11E}.Debug|x86.ActiveCfg = Debug|Win32
		{6FD81C2E-0C1C-4142-A438-89C63FF9C11E}.Debug|x86.Build.0 = Debug|Win32
		{6FD81C2E-0C1C-4142-A438-89C63FF9C11E}.Release|x64.ActiveCfg = Release|x64
		{6FD81C2E-0C1C-4142-A438-89C63FF9C11E}.Release|x64.Build.0 = Release|x64
		{6FD81C2E-0C1C-4142-A438-89C63FF9C11E}.Release|x86.ActiveCfg = Release|Win32
		{6FD81C2E-0C1C-4142-A438-89C63FF9C11E}.Release|x86.Build.0 = Release|Win32
		{9F8829C6-1632-4664-A4A5-BED91B782712}.Debug|x64.ActiveCfg = Debug|x64
		{9F8829C6-1632-4664-A4A5-BED91B782712}.Debug|x64.Build.0 = Debug|x64
		{9F8829C6-1632-4664-A4A5-BED91B782712}.Debug|x86.ActiveCfg = Debug|Win32
		{9F8829C6-1632-4664-A4A5-BED91B782712}.Debug|x86.Build.0 = Debug|Win32
		{9F8829C6-1632-4664-A4A5-BED91B782712}.Release|x64.ActiveCfg = Release|x64
		{9F8829C6-1632-4664-A4A5-BED91B782712}.Release|x64.Build.0 = Release|x64
		{9F8829C6-1632-4664-A4A5-BED91B782712}.Release|x86.ActiveCfg = Release|Win32
		{9F8829C6-1632-4664-A4A5-BED91B782712}.Release|x86.Build.0 = Release|Win32
		{E1794C14-8E25-4C2C-B4AE-C22DF25B8C5C}.Debug|x64.ActiveCfg = Debug|x64
		{E1794C14-8E25-4C2C-B4AE-C22DF25B8C5C}.Debug|x64.Build.0 = Debug|x64
		{E1794C14-8E25-4C2C-B4AE-C22DF25B8C5C}.Debug|x86.ActiveCfg = Debug|Win32
		{E1794C14-8E25-4C2C-B4AE-C22DF25B8C5C}.Debug|x86.Build.0 = Debug|Win32
		{E1794C14-8E25-4C2C-B4AE-C22DF25B8C5C}.Release|x64.ActiveCfg = Release|x64
		{E1794C14-8E25-4C2C-B4AE-C22DF25B8C5C}.Release|x64.Build.0 = Release|x64
		{E1794C14-8E25-4C2C-B4AE-C22DF25B8C5C}.Release|x86.ActiveCfg = Release|Win32
		{E1794C14-8E25-4C2C-B4AE-C22DF25B8C5C}.Release|x86.Build.0 = Release|Win32
		{CD203B9F-5367-434D-9160-CFD546EDAE2D}.Debug|x64.ActiveCfg = Debug|x64
		{CD203B9F-5367-434D-9160-CFD546EDAE2D}.Debug|x64.Build.0 = Debug|x64
		{CD203B9F-5367-434D-9160-CFD546EDAE2D}.Debug|x86.ActiveCfg = Debug|Win32
		{CD203B9F-5367-434D-9160-CFD546EDAE2D}.Debug|x86.Build.0 = Debug|Win32
		{CD203B9F-5367-434D-9160-CFD546EDAE2D}.Release|x64.ActiveCfg = Release|x64
		{CD203B9F-5367-434D-9160-CFD546EDAE2D}.Release|x64.Build.0 = Release|x64
		{CD203B9F-5367-434D-9160-CFD546EDAE2D}.Release|x86.ActiveCfg = Release|Win32
		{CD203B9F-5367-434D-9160-CFD546EDAE2D}.Release|x86.Build.0 = Release|Win32
		{3231DDEB-09FF-4796-B2BA-587AC1A783FE}.Debug|x64.ActiveCfg = Debug|x64
		{3231DDEB-09FF-4796-B2BA-587AC1A783FE}.Debug|x64.Build.0 = Debug|x64
		{3231DDEB-09FF-4796-B2BA-587AC1A783FE}.Debug|x86.ActiveCfg = Debug|Win32
		{3231DDEB-09FF-4796-B2BA-587AC1A783FE}.Debug|x86.Build.0 = Debug|Win32
		{3231DDEB-09FF-4796-B2BA-587AC1A783FE}.Release|x64.ActiveCfg = Release|x64
		{3231DDEB-09FF-4796-B2BA-587AC1A783FE}.Release|x64.Build.0 = Release|x64
		{3231DDEB-09FF-4796-B2BA-587AC1A783FE}.Release|x86.ActiveCfg = Release|Win32
		{3231DDEB-09FF-4796-B2BA-587AC1A783FE}.Release|x86.Build.0 = Release|Win32
		{BFA8C0EF-9E3D-4CE7-B336-7F7C38745371}.Debug|x64.ActiveCfg = Debug|x64
		{BFA8C0EF-9E3D-4CE7-B336-7F7C38745371}.Debug|x64.Build.0 = Debug|x64
		{BFA8C0EF-9E3D-4CE7-B336-7F7C38745371}.Debug|x86.ActiveCfg = Debug|Win32
		{BFA8C0EF-9E3D-4CE7-B336-7F7C38745371}.Debug|x86.Build.0 = Debug|Win32
		{BFA8C0EF-9E3D-4CE7-B336-7F7C38745371}.Release|x64.ActiveCfg = Release|x64
		{BFA8C0EF-9E3D-4CE7-B336-7F7C38745371}.Release|x64.Build.0 = Release|x64
		{BFA8C0EF-9E3D-4CE7-B336-7F7C38745371}.Release|x86.ActiveCfg = Release|Win32
		{BFA8C0EF-9E3D-4CE7-B336-7F7C38745371}.Release|x86.Build.0 = Release|Win32
		{9E26A385-A41C-4C66-BEE6-A7830D9C1D3E}.Debug|x64.ActiveCfg = Debug|x64
		{9E26A385-A41C-4C66-BEE6-A7830D9C1D3E}.Debug|x64.Build.0 = Debug|x64
		{9E26A385-A41C-4C66-BEE6-A7830D9C1D3E}.Debug|x86.ActiveCfg = Debug|Win32
		{9E26A385-A41C-4C66-BEE6-A7830D9C1D3E}.Debug|x86.Build.0 = Debug|Win32
		{9E26A385-A41C-4C66-BEE6-A7830D9C1D3E}.Release|x64.ActiveCfg = Release|x64
		{9E26A385-A41C-4C66-BEE6-A7830D9C1D3E}.Release|x64.Build.0 = Release|x64
		{9E26A385-A41C-4C66-BEE6-A7830D9C1D3E}.Release|x86.ActiveCfg = Release|Win32
		{9E26A385-A41C-4C66-BEE6-A7830D9C1D3E}.Release|x86.Build.0 = Release|Win32
		{24E82E6D-DDC3-4593-816C-599888088BC1}.Debug|x64.ActiveCfg = Debug|x64
		{24E82E6D-DDC3-4593-816C-599888088BC1}.Debug|x64.Build.0 = Debug|x64
		{24E82E6D-DDC3-4593-816C-599888088BC1}.Debug|x86.ActiveCfg = Debug|Win32
		{24E82E6D-DDC3-4593-816C-599888088BC1}.Debug|x86.Build.0 = Debug|Win32
		{24E82E6D-DDC3-4593-816C-599888088BC1}.Release|x64.ActiveCfg = Release|x64
		{24E82E6D-DDC3-4593-816C-599888088BC1}.Release|x64.Build.0 = Release|x64
		{24E82E6D-DDC3-4593-816C-599888088BC1}.Release|x86.ActiveCfg = Release|Win32
		{24E82E6D-DDC3-4593-816C-599888088BC1}.Release|x86.Build.0 = Release|Win32
		{1BA5687F-CFDA-4FB0-B463-99A3C03C443C}.Debug|x64.ActiveCfg = Debug|x64
		{1BA5687F-CFDA-4FB0-B463-99A3C03C443C}.Debug|x64.Build.0 = Debug|x64
		{1BA5687F-CFDA-4FB0-B463-99A3C03C443C}.Debug|x86.ActiveCfg = Debug|Win32
		{1BA5687F-CFDA-4FB0-B463-99A3C03C443C}.Debug|x86.Build.0 = Debug|Win32
		{1BA5687F-CFDA-4FB0-B463-99A3C03C443C}.Release|x64.ActiveCfg = Release|x64
		{1BA5687F-CFDA-4FB0-B463-99A3C03C443C}.Release|x64.Build.0 = Release|x64
		{1BA5687F-CFDA-4FB0-B463-99A3C03C443C}.Release|x86.ActiveCfg = Release|Win32
		{1BA5687F-CFDA-4FB0-B463-99A3C03C443C}.Release|x86.Build.0 = Release|Win32
		{A787BB97-D5E7-41AB-A7D2-52E2B281DD52}.Debug|x64.ActiveCfg = Debug|x64
		{A787BB97-D5E7-41AB-A7D2-52E2B281DD52}.Debug|x64.Build.0 = Debug|x64
		{A787BB97-D5E7-41AB-A7D2-52E2B281DD52}.Debug|x86.ActiveCfg = Debug|Win32
		{A787BB97-D5E7-41AB-A7D2-52E2B281DD52}.Debug|x86.Build.0 = Debug|Win32
		{A787BB97-D5E7-41AB-A7D2-52E2B281DD52}.Release|x64.ActiveCfg = Release|x64
		{A787BB97-D5E7-41AB-A7D2-52E2B281DD52}.Release|x64.Build.0 = Release|x64
		{A787BB97-D5E7-41AB-A7D2-52E2B281DD52}.Release|x86.ActiveCfg = Release|Win32
		{A787BB97-D5E7-41AB-A7D2-52E2B281DD52}.Release|x86.Build.0 = Release|Win32
	EndGlobalSection
	GlobalSection(SolutionProperties) = preSolution
		HideSolutionNode = FALSE
	EndGlobalSection
	GlobalSection(ExtensibilityGlobals) = postSolution
		SolutionGuid = {394289DF-535F-4A63-B441-B880A00DA9D9}
	EndGlobalSection
EndGlobal
