
Microsoft Visual Studio Solution File, Format Version 12.00
# Visual Studio Version 17
VisualStudioVersion = 17.1.32228.430
MinimumVisualStudioVersion = 10.0.40219.1
Project("{8BC9CEB8-8B4A-11D0-8D11-00A0C91BC942}") = "1. SqEq", "1. SqEq\1. SqEq.vcxproj", "{1258AE75-2833-4BDC-8082-997CAD5DD3DB}"
EndProject
Project("{8BC9CEB8-8B4A-11D0-8D11-00A0C91BC942}") = "2. Nap2016", "2. Nap2016\2. Nap2016.vcxproj", "{2942CB8B-3C5B-4884-B6A3-3DE7F5C2CA09}"
EndProject
Project("{8BC9CEB8-8B4A-11D0-8D11-00A0C91BC942}") = "3. MinMax", "3. MinMax\3. MinMax.vcxproj", "{7E88286B-8EF1-40F8-9188-428C272AC98D}"
EndProject
Project("{8BC9CEB8-8B4A-11D0-8D11-00A0C91BC942}") = "4. Surface And Area", "4. Surface And Area\4. Surface And Area.vcxproj", "{5CE50162-FF36-4C7A-9271-5DC39FA2F282}"
EndProject
Project("{8BC9CEB8-8B4A-11D0-8D11-00A0C91BC942}") = "5. CirclesIntercept", "5. CirclesIntercept\5. CirclesIntercept.vcxproj", "{CE7DDB96-BD2D-4568-85CB-5129F09B68E2}"
EndProject
Global
	GlobalSection(SolutionConfigurationPlatforms) = preSolution
		Debug|x64 = Debug|x64
		Debug|x86 = Debug|x86
		Release|x64 = Release|x64
		Release|x86 = Release|x86
	EndGlobalSection
	GlobalSection(ProjectConfigurationPlatforms) = postSolution
		{1258AE75-2833-4BDC-8082-997CAD5DD3DB}.Debug|x64.ActiveCfg = Debug|x64
		{1258AE75-2833-4BDC-8082-997CAD5DD3DB}.Debug|x64.Build.0 = Debug|x64
		{1258AE75-2833-4BDC-8082-997CAD5DD3DB}.Debug|x86.ActiveCfg = Debug|Win32
		{1258AE75-2833-4BDC-8082-997CAD5DD3DB}.Debug|x86.Build.0 = Debug|Win32
		{1258AE75-2833-4BDC-8082-997CAD5DD3DB}.Release|x64.ActiveCfg = Release|x64
		{1258AE75-2833-4BDC-8082-997CAD5DD3DB}.Release|x64.Build.0 = Release|x64
		{1258AE75-2833-4BDC-8082-997CAD5DD3DB}.Release|x86.ActiveCfg = Release|Win32
		{1258AE75-2833-4BDC-8082-997CAD5DD3DB}.Release|x86.Build.0 = Release|Win32
		{2942CB8B-3C5B-4884-B6A3-3DE7F5C2CA09}.Debug|x64.ActiveCfg = Debug|x64
		{2942CB8B-3C5B-4884-B6A3-3DE7F5C2CA09}.Debug|x64.Build.0 = Debug|x64
		{2942CB8B-3C5B-4884-B6A3-3DE7F5C2CA09}.Debug|x86.ActiveCfg = Debug|Win32
		{2942CB8B-3C5B-4884-B6A3-3DE7F5C2CA09}.Debug|x86.Build.0 = Debug|Win32
		{2942CB8B-3C5B-4884-B6A3-3DE7F5C2CA09}.Release|x64.ActiveCfg = Release|x64
		{2942CB8B-3C5B-4884-B6A3-3DE7F5C2CA09}.Release|x64.Build.0 = Release|x64
		{2942CB8B-3C5B-4884-B6A3-3DE7F5C2CA09}.Release|x86.ActiveCfg = Release|Win32
		{2942CB8B-3C5B-4884-B6A3-3DE7F5C2CA09}.Release|x86.Build.0 = Release|Win32
		{7E88286B-8EF1-40F8-9188-428C272AC98D}.Debug|x64.ActiveCfg = Debug|x64
		{7E88286B-8EF1-40F8-9188-428C272AC98D}.Debug|x64.Build.0 = Debug|x64
		{7E88286B-8EF1-40F8-9188-428C272AC98D}.Debug|x86.ActiveCfg = Debug|Win32
		{7E88286B-8EF1-40F8-9188-428C272AC98D}.Debug|x86.Build.0 = Debug|Win32
		{7E88286B-8EF1-40F8-9188-428C272AC98D}.Release|x64.ActiveCfg = Release|x64
		{7E88286B-8EF1-40F8-9188-428C272AC98D}.Release|x64.Build.0 = Release|x64
		{7E88286B-8EF1-40F8-9188-428C272AC98D}.Release|x86.ActiveCfg = Release|Win32
		{7E88286B-8EF1-40F8-9188-428C272AC98D}.Release|x86.Build.0 = Release|Win32
		{5CE50162-FF36-4C7A-9271-5DC39FA2F282}.Debug|x64.ActiveCfg = Debug|x64
		{5CE50162-FF36-4C7A-9271-5DC39FA2F282}.Debug|x64.Build.0 = Debug|x64
		{5CE50162-FF36-4C7A-9271-5DC39FA2F282}.Debug|x86.ActiveCfg = Debug|Win32
		{5CE50162-FF36-4C7A-9271-5DC39FA2F282}.Debug|x86.Build.0 = Debug|Win32
		{5CE50162-FF36-4C7A-9271-5DC39FA2F282}.Release|x64.ActiveCfg = Release|x64
		{5CE50162-FF36-4C7A-9271-5DC39FA2F282}.Release|x64.Build.0 = Release|x64
		{5CE50162-FF36-4C7A-9271-5DC39FA2F282}.Release|x86.ActiveCfg = Release|Win32
		{5CE50162-FF36-4C7A-9271-5DC39FA2F282}.Release|x86.Build.0 = Release|Win32
		{CE7DDB96-BD2D-4568-85CB-5129F09B68E2}.Debug|x64.ActiveCfg = Debug|x64
		{CE7DDB96-BD2D-4568-85CB-5129F09B68E2}.Debug|x64.Build.0 = Debug|x64
		{CE7DDB96-BD2D-4568-85CB-5129F09B68E2}.Debug|x86.ActiveCfg = Debug|Win32
		{CE7DDB96-BD2D-4568-85CB-5129F09B68E2}.Debug|x86.Build.0 = Debug|Win32
		{CE7DDB96-BD2D-4568-85CB-5129F09B68E2}.Release|x64.ActiveCfg = Release|x64
		{CE7DDB96-BD2D-4568-85CB-5129F09B68E2}.Release|x64.Build.0 = Release|x64
		{CE7DDB96-BD2D-4568-85CB-5129F09B68E2}.Release|x86.ActiveCfg = Release|Win32
		{CE7DDB96-BD2D-4568-85CB-5129F09B68E2}.Release|x86.Build.0 = Release|Win32
	EndGlobalSection
	GlobalSection(SolutionProperties) = preSolution
		HideSolutionNode = FALSE
	EndGlobalSection
	GlobalSection(ExtensibilityGlobals) = postSolution
		SolutionGuid = {17CDA99F-7044-484F-8058-6544129A8EDC}
	EndGlobalSection
EndGlobal
