
Microsoft Visual Studio Solution File, Format Version 12.00
# Visual Studio Version 16
VisualStudioVersion = 16.0.31702.278
MinimumVisualStudioVersion = 10.0.40219.1
Project("{8BC9CEB8-8B4A-11D0-8D11-00A0C91BC942}") = "1. RevNum", "1. RevNum\1. RevNum.vcxproj", "{3A02A129-D11E-4753-8B23-F94A3319AEDA}"
EndProject
Project("{8BC9CEB8-8B4A-11D0-8D11-00A0C91BC942}") = "2. SumOddNum", "2. SumOddNum\2. SumOddNum.vcxproj", "{CCB47E3D-3849-4D8E-BDB5-15B87DDE362B}"
EndProject
Project("{8BC9CEB8-8B4A-11D0-8D11-00A0C91BC942}") = "3. SumEvenNum", "3. SumEvenNum\3. SumEvenNum.vcxproj", "{34A0D01A-2B6C-449B-9AB1-F77A0C158E2D}"
EndProject
Project("{8BC9CEB8-8B4A-11D0-8D11-00A0C91BC942}") = "4. QaEq", "4. QaEq\4. QaEq.vcxproj", "{C7B3E11B-41B9-470F-932E-9C5B79BA544E}"
EndProject
Global
	GlobalSection(SolutionConfigurationPlatforms) = preSolution
		Debug|x64 = Debug|x64
		Debug|x86 = Debug|x86
		Release|x64 = Release|x64
		Release|x86 = Release|x86
	EndGlobalSection
	GlobalSection(ProjectConfigurationPlatforms) = postSolution
		{3A02A129-D11E-4753-8B23-F94A3319AEDA}.Debug|x64.ActiveCfg = Debug|x64
		{3A02A129-D11E-4753-8B23-F94A3319AEDA}.Debug|x64.Build.0 = Debug|x64
		{3A02A129-D11E-4753-8B23-F94A3319AEDA}.Debug|x86.ActiveCfg = Debug|Win32
		{3A02A129-D11E-4753-8B23-F94A3319AEDA}.Debug|x86.Build.0 = Debug|Win32
		{3A02A129-D11E-4753-8B23-F94A3319AEDA}.Release|x64.ActiveCfg = Release|x64
		{3A02A129-D11E-4753-8B23-F94A3319AEDA}.Release|x64.Build.0 = Release|x64
		{3A02A129-D11E-4753-8B23-F94A3319AEDA}.Release|x86.ActiveCfg = Release|Win32
		{3A02A129-D11E-4753-8B23-F94A3319AEDA}.Release|x86.Build.0 = Release|Win32
		{CCB47E3D-3849-4D8E-BDB5-15B87DDE362B}.Debug|x64.ActiveCfg = Debug|x64
		{CCB47E3D-3849-4D8E-BDB5-15B87DDE362B}.Debug|x64.Build.0 = Debug|x64
		{CCB47E3D-3849-4D8E-BDB5-15B87DDE362B}.Debug|x86.ActiveCfg = Debug|Win32
		{CCB47E3D-3849-4D8E-BDB5-15B87DDE362B}.Debug|x86.Build.0 = Debug|Win32
		{CCB47E3D-3849-4D8E-BDB5-15B87DDE362B}.Release|x64.ActiveCfg = Release|x64
		{CCB47E3D-3849-4D8E-BDB5-15B87DDE362B}.Release|x64.Build.0 = Release|x64
		{CCB47E3D-3849-4D8E-BDB5-15B87DDE362B}.Release|x86.ActiveCfg = Release|Win32
		{CCB47E3D-3849-4D8E-BDB5-15B87DDE362B}.Release|x86.Build.0 = Release|Win32
		{34A0D01A-2B6C-449B-9AB1-F77A0C158E2D}.Debug|x64.ActiveCfg = Debug|x64
		{34A0D01A-2B6C-449B-9AB1-F77A0C158E2D}.Debug|x64.Build.0 = Debug|x64
		{34A0D01A-2B6C-449B-9AB1-F77A0C158E2D}.Debug|x86.ActiveCfg = Debug|Win32
		{34A0D01A-2B6C-449B-9AB1-F77A0C158E2D}.Debug|x86.Build.0 = Debug|Win32
		{34A0D01A-2B6C-449B-9AB1-F77A0C158E2D}.Release|x64.ActiveCfg = Release|x64
		{34A0D01A-2B6C-449B-9AB1-F77A0C158E2D}.Release|x64.Build.0 = Release|x64
		{34A0D01A-2B6C-449B-9AB1-F77A0C158E2D}.Release|x86.ActiveCfg = Release|Win32
		{34A0D01A-2B6C-449B-9AB1-F77A0C158E2D}.Release|x86.Build.0 = Release|Win32
		{C7B3E11B-41B9-470F-932E-9C5B79BA544E}.Debug|x64.ActiveCfg = Debug|x64
		{C7B3E11B-41B9-470F-932E-9C5B79BA544E}.Debug|x64.Build.0 = Debug|x64
		{C7B3E11B-41B9-470F-932E-9C5B79BA544E}.Debug|x86.ActiveCfg = Debug|Win32
		{C7B3E11B-41B9-470F-932E-9C5B79BA544E}.Debug|x86.Build.0 = Debug|Win32
		{C7B3E11B-41B9-470F-932E-9C5B79BA544E}.Release|x64.ActiveCfg = Release|x64
		{C7B3E11B-41B9-470F-932E-9C5B79BA544E}.Release|x64.Build.0 = Release|x64
		{C7B3E11B-41B9-470F-932E-9C5B79BA544E}.Release|x86.ActiveCfg = Release|Win32
		{C7B3E11B-41B9-470F-932E-9C5B79BA544E}.Release|x86.Build.0 = Release|Win32
	EndGlobalSection
	GlobalSection(SolutionProperties) = preSolution
		HideSolutionNode = FALSE
	EndGlobalSection
	GlobalSection(ExtensibilityGlobals) = postSolution
		SolutionGuid = {DB4D7F80-FF72-4B8D-AE81-B0647DA2BC3B}
	EndGlobalSection
EndGlobal
