
Microsoft Visual Studio Solution File, Format Version 12.00
# Visual Studio Version 17
VisualStudioVersion = 17.9.34714.143
MinimumVisualStudioVersion = 10.0.40219.1
Project("{8BC9CEB8-8B4A-11D0-8D11-00A0C91BC942}") = "01_Hello", "01_Hello\01_Hello.vcxproj", "{B6B29B11-34EF-4D2C-AFC8-A27537646D3D}"
EndProject
Project("{8BC9CEB8-8B4A-11D0-8D11-00A0C91BC942}") = "02_sum", "02_sum\02_sum.vcxproj", "{F51369BF-B33A-4D92-B3E3-202287AD36B1}"
EndProject
Project("{8BC9CEB8-8B4A-11D0-8D11-00A0C91BC942}") = "03_rectangle", "03_rectangle\03_rectangle.vcxproj", "{1500670B-C0D1-4A83-9445-757463BA7556}"
EndProject
Project("{8BC9CEB8-8B4A-11D0-8D11-00A0C91BC942}") = "04_circle", "04_circle\04_circle.vcxproj", "{977396FB-07EB-4CB1-A748-BF507E0553E9}"
EndProject
Project("{8BC9CEB8-8B4A-11D0-8D11-00A0C91BC942}") = "05_money", "05_money\05_money.vcxproj", "{D0BBABAB-3A75-4DB0-8CEB-8C9AF49D9FBC}"
EndProject
Project("{8BC9CEB8-8B4A-11D0-8D11-00A0C91BC942}") = "06_reverse", "06_reverse\06_reverse.vcxproj", "{EA98DB76-C2C8-4D4D-85A8-902CDB0755C0}"
EndProject
Project("{8BC9CEB8-8B4A-11D0-8D11-00A0C91BC942}") = "07_sum_product", "07_sum_product\07_sum_product.vcxproj", "{4C69793C-12E5-4265-8A8B-AE6BC15E61CE}"
EndProject
Project("{8BC9CEB8-8B4A-11D0-8D11-00A0C91BC942}") = "08_oddSum", "08_oddSum\08_oddSum.vcxproj", "{AE43D6C3-6E33-4861-885C-68F03629C509}"
EndProject
Project("{8BC9CEB8-8B4A-11D0-8D11-00A0C91BC942}") = "09_evenPro", "09_evenPro\09_evenPro.vcxproj", "{284D97E6-DBB9-44B4-B494-17F8A3DDE00C}"
EndProject
Project("{8BC9CEB8-8B4A-11D0-8D11-00A0C91BC942}") = "10_sqEq", "10_sqEq\10_sqEq.vcxproj", "{26746E46-C309-4A1C-A900-1317B36E2610}"
EndProject
Project("{8BC9CEB8-8B4A-11D0-8D11-00A0C91BC942}") = "11_advSqEq", "11_advSqEq\11_advSqEq.vcxproj", "{582F7911-B56C-4C56-AAF8-00D154254CD0}"
EndProject
Project("{8BC9CEB8-8B4A-11D0-8D11-00A0C91BC942}") = "12_finances", "12_finances\12_finances.vcxproj", "{826F9C63-B629-48B5-870C-7695A8451C36}"
EndProject
Project("{8BC9CEB8-8B4A-11D0-8D11-00A0C91BC942}") = "13_nap", "13_nap\13_nap.vcxproj", "{6A0E1CF4-8181-4232-9D80-EE64649A757C}"
EndProject
Project("{8BC9CEB8-8B4A-11D0-8D11-00A0C91BC942}") = "14_minMax", "14_maxNum\14_maxNum.vcxproj", "{4A1DA4EB-1D60-4F62-A808-924159E848F8}"
EndProject
Project("{8BC9CEB8-8B4A-11D0-8D11-00A0C91BC942}") = "15_sp", "15_sp\15_sp.vcxproj", "{4826E5E2-752A-430E-B5AF-0F45DC090354}"
EndProject
Project("{8BC9CEB8-8B4A-11D0-8D11-00A0C91BC942}") = "16_circles_intercepts", "16_circles_intercepts\16_circles_intercepts.vcxproj", "{2C15C326-8C97-4F1B-B6CF-2B2A0DB2C59C}"
EndProject
Project("{8BC9CEB8-8B4A-11D0-8D11-00A0C91BC942}") = "17_circles2", "17_circles2\17_circles2.vcxproj", "{18CA2964-2D8C-4530-B67E-575D73938B49}"
EndProject
Project("{8BC9CEB8-8B4A-11D0-8D11-00A0C91BC942}") = "18_forLoop", "18_forLoop\18_forLoop.vcxproj", "{9CA86285-084A-4733-805E-ECA3042102AF}"
EndProject
Project("{8BC9CEB8-8B4A-11D0-8D11-00A0C91BC942}") = "19_whileLoop", "19_whileLoop\19_whileLoop.vcxproj", "{44929A7D-5A6E-4A80-8FB6-EABE08F2E117}"
EndProject
Project("{8BC9CEB8-8B4A-11D0-8D11-00A0C91BC942}") = "20_doWhileLoop", "20_doWhileLoop\20_doWhileLoop.vcxproj", "{BE3711D6-FECF-4BA2-A5F5-EF504CFF5CB9}"
EndProject
Project("{8BC9CEB8-8B4A-11D0-8D11-00A0C91BC942}") = "21_click", "21_click\21_click.vcxproj", "{53407738-5A07-4F5B-8D15-D96F1E78F500}"
EndProject
Project("{8BC9CEB8-8B4A-11D0-8D11-00A0C91BC942}") = "22_sumNum", "22_sumNum\22_sumNum.vcxproj", "{1F45B191-11E4-4DB7-8AD2-4A66FC620D74}"
EndProject
Project("{8BC9CEB8-8B4A-11D0-8D11-00A0C91BC942}") = "23_pro", "23_pro\23_pro.vcxproj", "{247FE126-EBB8-44C7-970A-101526A6AA54}"
EndProject
Project("{8BC9CEB8-8B4A-11D0-8D11-00A0C91BC942}") = "24_sumdigits_3_5", "24_sumdigits_3_5\24_sumdigits_3_5.vcxproj", "{2CD9DCCF-0116-4825-A3AD-4977CD6A5B07}"
EndProject
Project("{8BC9CEB8-8B4A-11D0-8D11-00A0C91BC942}") = "25_sumfour", "25_sumfour\25_sumfour.vcxproj", "{75970CF2-9E19-4882-85DB-A9807AEFAEAE}"
EndProject
Project("{8BC9CEB8-8B4A-11D0-8D11-00A0C91BC942}") = "26_fibonacci", "26_fibonacci\26_fibonacci.vcxproj", "{808A1F17-56B2-434E-A78F-CD546239F205}"
EndProject
Project("{8BC9CEB8-8B4A-11D0-8D11-00A0C91BC942}") = "27_primes", "27_primes\27_primes.vcxproj", "{CA11A20E-A9A4-4F7A-980B-96DEAED564A4}"
EndProject
Project("{8BC9CEB8-8B4A-11D0-8D11-00A0C91BC942}") = "28_an1", "28_an1\28_an1.vcxproj", "{F5FCF208-3EB7-44FA-B4FD-4EC708BF9CF4}"
EndProject
Project("{8BC9CEB8-8B4A-11D0-8D11-00A0C91BC942}") = "29_an2", "29_an2\29_an2.vcxproj", "{A7FD11B6-3DF6-4347-92C5-48248111728C}"
EndProject
Project("{8BC9CEB8-8B4A-11D0-8D11-00A0C91BC942}") = "30_an3", "30_an3\30_an3.vcxproj", "{B1286D6C-1B22-4FC7-9866-A3E5CED06014}"
EndProject
Project("{8BC9CEB8-8B4A-11D0-8D11-00A0C91BC942}") = "31_f1", "31_f1\31_f1.vcxproj", "{23C7EB77-8A36-4858-A1EF-5D5B0B1E698C}"
EndProject
Project("{8BC9CEB8-8B4A-11D0-8D11-00A0C91BC942}") = "32_f2", "32_f2\32_f2.vcxproj", "{7503519C-52CB-4D15-B205-130DED63EFAE}"
EndProject
Project("{8BC9CEB8-8B4A-11D0-8D11-00A0C91BC942}") = "33_refunfak", "33_refunfak\33_refunfak.vcxproj", "{1D9D770D-887A-4C0F-83E3-9EDEC640FB1E}"
EndProject
Project("{8BC9CEB8-8B4A-11D0-8D11-00A0C91BC942}") = "34_combination", "34_combination\34_combination.vcxproj", "{6FF7873C-72E3-48D1-BB82-B60CC346A01E}"
EndProject
Project("{8BC9CEB8-8B4A-11D0-8D11-00A0C91BC942}") = "35_recursion", "35_recursion\35_recursion.vcxproj", "{70D106D1-EF0A-4A22-871A-E5891A489B66}"
EndProject
Project("{8BC9CEB8-8B4A-11D0-8D11-00A0C91BC942}") = "36_recursion2", "36_recursion2\36_recursion2.vcxproj", "{F94DDBE0-CCC8-400C-9279-A414A1DEDC43}"
EndProject
Project("{8BC9CEB8-8B4A-11D0-8D11-00A0C91BC942}") = "37_fibonacci", "37_fibonacci\37_fibonacci.vcxproj", "{FB866EAE-C6C5-430F-919E-EBA22D396A9D}"
EndProject
Project("{8BC9CEB8-8B4A-11D0-8D11-00A0C91BC942}") = "38_tribonacci", "38_tribonacci\38_tribonacci.vcxproj", "{D2C61882-098F-4522-A2EA-943F8508984F}"
EndProject
Project("{8BC9CEB8-8B4A-11D0-8D11-00A0C91BC942}") = "39_fSum", "39_fSum\39_fSum.vcxproj", "{12289A20-7ADE-44EA-93F4-B1599DC57F59}"
EndProject
Project("{8BC9CEB8-8B4A-11D0-8D11-00A0C91BC942}") = "40_minMax", "40_minMax\40_minMax.vcxproj", "{073CED24-7B79-498B-ADDA-71AB1C3624B8}"
EndProject
Project("{8BC9CEB8-8B4A-11D0-8D11-00A0C91BC942}") = "41_countNums", "41_countNums\41_countNums.vcxproj", "{4335C683-5008-463C-BDA9-B785D521296F}"
EndProject
Project("{8BC9CEB8-8B4A-11D0-8D11-00A0C91BC942}") = "42_arrayPosition", "42_arrayPosition\42_arrayPosition.vcxproj", "{F47BF447-9D88-46B9-8814-06F7562619A3}"
EndProject
Project("{8BC9CEB8-8B4A-11D0-8D11-00A0C91BC942}") = "43_bubbleMethod", "43_bubbleMethod\43_bubbleMethod.vcxproj", "{1418993B-CD32-4CE2-8141-9F62B0D0C01F}"
EndProject
Project("{8BC9CEB8-8B4A-11D0-8D11-00A0C91BC942}") = "44_matrix", "44_matrix\44_matrix.vcxproj", "{24B6BC9D-9C55-4559-ACAC-440B745774BC}"
EndProject
Project("{8BC9CEB8-8B4A-11D0-8D11-00A0C91BC942}") = "45_sumOfMatrix", "45_sumOfMatrix\45_sumOfMatrix.vcxproj", "{12EB1334-E4A6-49B8-854B-BE5EDA472F4B}"
EndProject
Project("{8BC9CEB8-8B4A-11D0-8D11-00A0C91BC942}") = "46_adamar", "46_adamar\46_adamar.vcxproj", "{F00BB1AD-F462-4F1B-9936-CC9F2B26BB7F}"
EndProject
Project("{8BC9CEB8-8B4A-11D0-8D11-00A0C91BC942}") = "47_mulMatrix", "47_mulMatrix\47_mulMatrix.vcxproj", "{CADFA89B-357D-477F-A90C-948502E3235A}"
EndProject
Global
	GlobalSection(SolutionConfigurationPlatforms) = preSolution
		Debug|x64 = Debug|x64
		Debug|x86 = Debug|x86
		Release|x64 = Release|x64
		Release|x86 = Release|x86
	EndGlobalSection
	GlobalSection(ProjectConfigurationPlatforms) = postSolution
		{B6B29B11-34EF-4D2C-AFC8-A27537646D3D}.Debug|x64.ActiveCfg = Debug|x64
		{B6B29B11-34EF-4D2C-AFC8-A27537646D3D}.Debug|x64.Build.0 = Debug|x64
		{B6B29B11-34EF-4D2C-AFC8-A27537646D3D}.Debug|x86.ActiveCfg = Debug|Win32
		{B6B29B11-34EF-4D2C-AFC8-A27537646D3D}.Debug|x86.Build.0 = Debug|Win32
		{B6B29B11-34EF-4D2C-AFC8-A27537646D3D}.Release|x64.ActiveCfg = Release|x64
		{B6B29B11-34EF-4D2C-AFC8-A27537646D3D}.Release|x64.Build.0 = Release|x64
		{B6B29B11-34EF-4D2C-AFC8-A27537646D3D}.Release|x86.ActiveCfg = Release|Win32
		{B6B29B11-34EF-4D2C-AFC8-A27537646D3D}.Release|x86.Build.0 = Release|Win32
		{F51369BF-B33A-4D92-B3E3-202287AD36B1}.Debug|x64.ActiveCfg = Debug|x64
		{F51369BF-B33A-4D92-B3E3-202287AD36B1}.Debug|x64.Build.0 = Debug|x64
		{F51369BF-B33A-4D92-B3E3-202287AD36B1}.Debug|x86.ActiveCfg = Debug|Win32
		{F51369BF-B33A-4D92-B3E3-202287AD36B1}.Debug|x86.Build.0 = Debug|Win32
		{F51369BF-B33A-4D92-B3E3-202287AD36B1}.Release|x64.ActiveCfg = Release|x64
		{F51369BF-B33A-4D92-B3E3-202287AD36B1}.Release|x64.Build.0 = Release|x64
		{F51369BF-B33A-4D92-B3E3-202287AD36B1}.Release|x86.ActiveCfg = Release|Win32
		{F51369BF-B33A-4D92-B3E3-202287AD36B1}.Release|x86.Build.0 = Release|Win32
		{1500670B-C0D1-4A83-9445-757463BA7556}.Debug|x64.ActiveCfg = Debug|x64
		{1500670B-C0D1-4A83-9445-757463BA7556}.Debug|x64.Build.0 = Debug|x64
		{1500670B-C0D1-4A83-9445-757463BA7556}.Debug|x86.ActiveCfg = Debug|Win32
		{1500670B-C0D1-4A83-9445-757463BA7556}.Debug|x86.Build.0 = Debug|Win32
		{1500670B-C0D1-4A83-9445-757463BA7556}.Release|x64.ActiveCfg = Release|x64
		{1500670B-C0D1-4A83-9445-757463BA7556}.Release|x64.Build.0 = Release|x64
		{1500670B-C0D1-4A83-9445-757463BA7556}.Release|x86.ActiveCfg = Release|Win32
		{1500670B-C0D1-4A83-9445-757463BA7556}.Release|x86.Build.0 = Release|Win32
		{977396FB-07EB-4CB1-A748-BF507E0553E9}.Debug|x64.ActiveCfg = Debug|x64
		{977396FB-07EB-4CB1-A748-BF507E0553E9}.Debug|x64.Build.0 = Debug|x64
		{977396FB-07EB-4CB1-A748-BF507E0553E9}.Debug|x86.ActiveCfg = Debug|Win32
		{977396FB-07EB-4CB1-A748-BF507E0553E9}.Debug|x86.Build.0 = Debug|Win32
		{977396FB-07EB-4CB1-A748-BF507E0553E9}.Release|x64.ActiveCfg = Release|x64
		{977396FB-07EB-4CB1-A748-BF507E0553E9}.Release|x64.Build.0 = Release|x64
		{977396FB-07EB-4CB1-A748-BF507E0553E9}.Release|x86.ActiveCfg = Release|Win32
		{977396FB-07EB-4CB1-A748-BF507E0553E9}.Release|x86.Build.0 = Release|Win32
		{D0BBABAB-3A75-4DB0-8CEB-8C9AF49D9FBC}.Debug|x64.ActiveCfg = Debug|x64
		{D0BBABAB-3A75-4DB0-8CEB-8C9AF49D9FBC}.Debug|x64.Build.0 = Debug|x64
		{D0BBABAB-3A75-4DB0-8CEB-8C9AF49D9FBC}.Debug|x86.ActiveCfg = Debug|Win32
		{D0BBABAB-3A75-4DB0-8CEB-8C9AF49D9FBC}.Debug|x86.Build.0 = Debug|Win32
		{D0BBABAB-3A75-4DB0-8CEB-8C9AF49D9FBC}.Release|x64.ActiveCfg = Release|x64
		{D0BBABAB-3A75-4DB0-8CEB-8C9AF49D9FBC}.Release|x64.Build.0 = Release|x64
		{D0BBABAB-3A75-4DB0-8CEB-8C9AF49D9FBC}.Release|x86.ActiveCfg = Release|Win32
		{D0BBABAB-3A75-4DB0-8CEB-8C9AF49D9FBC}.Release|x86.Build.0 = Release|Win32
		{EA98DB76-C2C8-4D4D-85A8-902CDB0755C0}.Debug|x64.ActiveCfg = Debug|x64
		{EA98DB76-C2C8-4D4D-85A8-902CDB0755C0}.Debug|x64.Build.0 = Debug|x64
		{EA98DB76-C2C8-4D4D-85A8-902CDB0755C0}.Debug|x86.ActiveCfg = Debug|Win32
		{EA98DB76-C2C8-4D4D-85A8-902CDB0755C0}.Debug|x86.Build.0 = Debug|Win32
		{EA98DB76-C2C8-4D4D-85A8-902CDB0755C0}.Release|x64.ActiveCfg = Release|x64
		{EA98DB76-C2C8-4D4D-85A8-902CDB0755C0}.Release|x64.Build.0 = Release|x64
		{EA98DB76-C2C8-4D4D-85A8-902CDB0755C0}.Release|x86.ActiveCfg = Release|Win32
		{EA98DB76-C2C8-4D4D-85A8-902CDB0755C0}.Release|x86.Build.0 = Release|Win32
		{4C69793C-12E5-4265-8A8B-AE6BC15E61CE}.Debug|x64.ActiveCfg = Debug|x64
		{4C69793C-12E5-4265-8A8B-AE6BC15E61CE}.Debug|x64.Build.0 = Debug|x64
		{4C69793C-12E5-4265-8A8B-AE6BC15E61CE}.Debug|x86.ActiveCfg = Debug|Win32
		{4C69793C-12E5-4265-8A8B-AE6BC15E61CE}.Debug|x86.Build.0 = Debug|Win32
		{4C69793C-12E5-4265-8A8B-AE6BC15E61CE}.Release|x64.ActiveCfg = Release|x64
		{4C69793C-12E5-4265-8A8B-AE6BC15E61CE}.Release|x64.Build.0 = Release|x64
		{4C69793C-12E5-4265-8A8B-AE6BC15E61CE}.Release|x86.ActiveCfg = Release|Win32
		{4C69793C-12E5-4265-8A8B-AE6BC15E61CE}.Release|x86.Build.0 = Release|Win32
		{AE43D6C3-6E33-4861-885C-68F03629C509}.Debug|x64.ActiveCfg = Debug|x64
		{AE43D6C3-6E33-4861-885C-68F03629C509}.Debug|x64.Build.0 = Debug|x64
		{AE43D6C3-6E33-4861-885C-68F03629C509}.Debug|x86.ActiveCfg = Debug|Win32
		{AE43D6C3-6E33-4861-885C-68F03629C509}.Debug|x86.Build.0 = Debug|Win32
		{AE43D6C3-6E33-4861-885C-68F03629C509}.Release|x64.ActiveCfg = Release|x64
		{AE43D6C3-6E33-4861-885C-68F03629C509}.Release|x64.Build.0 = Release|x64
		{AE43D6C3-6E33-4861-885C-68F03629C509}.Release|x86.ActiveCfg = Release|Win32
		{AE43D6C3-6E33-4861-885C-68F03629C509}.Release|x86.Build.0 = Release|Win32
		{284D97E6-DBB9-44B4-B494-17F8A3DDE00C}.Debug|x64.ActiveCfg = Debug|x64
		{284D97E6-DBB9-44B4-B494-17F8A3DDE00C}.Debug|x64.Build.0 = Debug|x64
		{284D97E6-DBB9-44B4-B494-17F8A3DDE00C}.Debug|x86.ActiveCfg = Debug|Win32
		{284D97E6-DBB9-44B4-B494-17F8A3DDE00C}.Debug|x86.Build.0 = Debug|Win32
		{284D97E6-DBB9-44B4-B494-17F8A3DDE00C}.Release|x64.ActiveCfg = Release|x64
		{284D97E6-DBB9-44B4-B494-17F8A3DDE00C}.Release|x64.Build.0 = Release|x64
		{284D97E6-DBB9-44B4-B494-17F8A3DDE00C}.Release|x86.ActiveCfg = Release|Win32
		{284D97E6-DBB9-44B4-B494-17F8A3DDE00C}.Release|x86.Build.0 = Release|Win32
		{26746E46-C309-4A1C-A900-1317B36E2610}.Debug|x64.ActiveCfg = Debug|x64
		{26746E46-C309-4A1C-A900-1317B36E2610}.Debug|x64.Build.0 = Debug|x64
		{26746E46-C309-4A1C-A900-1317B36E2610}.Debug|x86.ActiveCfg = Debug|Win32
		{26746E46-C309-4A1C-A900-1317B36E2610}.Debug|x86.Build.0 = Debug|Win32
		{26746E46-C309-4A1C-A900-1317B36E2610}.Release|x64.ActiveCfg = Release|x64
		{26746E46-C309-4A1C-A900-1317B36E2610}.Release|x64.Build.0 = Release|x64
		{26746E46-C309-4A1C-A900-1317B36E2610}.Release|x86.ActiveCfg = Release|Win32
		{26746E46-C309-4A1C-A900-1317B36E2610}.Release|x86.Build.0 = Release|Win32
		{582F7911-B56C-4C56-AAF8-00D154254CD0}.Debug|x64.ActiveCfg = Debug|x64
		{582F7911-B56C-4C56-AAF8-00D154254CD0}.Debug|x64.Build.0 = Debug|x64
		{582F7911-B56C-4C56-AAF8-00D154254CD0}.Debug|x86.ActiveCfg = Debug|Win32
		{582F7911-B56C-4C56-AAF8-00D154254CD0}.Debug|x86.Build.0 = Debug|Win32
		{582F7911-B56C-4C56-AAF8-00D154254CD0}.Release|x64.ActiveCfg = Release|x64
		{582F7911-B56C-4C56-AAF8-00D154254CD0}.Release|x64.Build.0 = Release|x64
		{582F7911-B56C-4C56-AAF8-00D154254CD0}.Release|x86.ActiveCfg = Release|Win32
		{582F7911-B56C-4C56-AAF8-00D154254CD0}.Release|x86.Build.0 = Release|Win32
		{826F9C63-B629-48B5-870C-7695A8451C36}.Debug|x64.ActiveCfg = Debug|x64
		{826F9C63-B629-48B5-870C-7695A8451C36}.Debug|x64.Build.0 = Debug|x64
		{826F9C63-B629-48B5-870C-7695A8451C36}.Debug|x86.ActiveCfg = Debug|Win32
		{826F9C63-B629-48B5-870C-7695A8451C36}.Debug|x86.Build.0 = Debug|Win32
		{826F9C63-B629-48B5-870C-7695A8451C36}.Release|x64.ActiveCfg = Release|x64
		{826F9C63-B629-48B5-870C-7695A8451C36}.Release|x64.Build.0 = Release|x64
		{826F9C63-B629-48B5-870C-7695A8451C36}.Release|x86.ActiveCfg = Release|Win32
		{826F9C63-B629-48B5-870C-7695A8451C36}.Release|x86.Build.0 = Release|Win32
		{6A0E1CF4-8181-4232-9D80-EE64649A757C}.Debug|x64.ActiveCfg = Debug|x64
		{6A0E1CF4-8181-4232-9D80-EE64649A757C}.Debug|x64.Build.0 = Debug|x64
		{6A0E1CF4-8181-4232-9D80-EE64649A757C}.Debug|x86.ActiveCfg = Debug|Win32
		{6A0E1CF4-8181-4232-9D80-EE64649A757C}.Debug|x86.Build.0 = Debug|Win32
		{6A0E1CF4-8181-4232-9D80-EE64649A757C}.Release|x64.ActiveCfg = Release|x64
		{6A0E1CF4-8181-4232-9D80-EE64649A757C}.Release|x64.Build.0 = Release|x64
		{6A0E1CF4-8181-4232-9D80-EE64649A757C}.Release|x86.ActiveCfg = Release|Win32
		{6A0E1CF4-8181-4232-9D80-EE64649A757C}.Release|x86.Build.0 = Release|Win32
		{4A1DA4EB-1D60-4F62-A808-924159E848F8}.Debug|x64.ActiveCfg = Debug|x64
		{4A1DA4EB-1D60-4F62-A808-924159E848F8}.Debug|x64.Build.0 = Debug|x64
		{4A1DA4EB-1D60-4F62-A808-924159E848F8}.Debug|x86.ActiveCfg = Debug|Win32
		{4A1DA4EB-1D60-4F62-A808-924159E848F8}.Debug|x86.Build.0 = Debug|Win32
		{4A1DA4EB-1D60-4F62-A808-924159E848F8}.Release|x64.ActiveCfg = Release|x64
		{4A1DA4EB-1D60-4F62-A808-924159E848F8}.Release|x64.Build.0 = Release|x64
		{4A1DA4EB-1D60-4F62-A808-924159E848F8}.Release|x86.ActiveCfg = Release|Win32
		{4A1DA4EB-1D60-4F62-A808-924159E848F8}.Release|x86.Build.0 = Release|Win32
		{4826E5E2-752A-430E-B5AF-0F45DC090354}.Debug|x64.ActiveCfg = Debug|x64
		{4826E5E2-752A-430E-B5AF-0F45DC090354}.Debug|x64.Build.0 = Debug|x64
		{4826E5E2-752A-430E-B5AF-0F45DC090354}.Debug|x86.ActiveCfg = Debug|Win32
		{4826E5E2-752A-430E-B5AF-0F45DC090354}.Debug|x86.Build.0 = Debug|Win32
		{4826E5E2-752A-430E-B5AF-0F45DC090354}.Release|x64.ActiveCfg = Release|x64
		{4826E5E2-752A-430E-B5AF-0F45DC090354}.Release|x64.Build.0 = Release|x64
		{4826E5E2-752A-430E-B5AF-0F45DC090354}.Release|x86.ActiveCfg = Release|Win32
		{4826E5E2-752A-430E-B5AF-0F45DC090354}.Release|x86.Build.0 = Release|Win32
		{2C15C326-8C97-4F1B-B6CF-2B2A0DB2C59C}.Debug|x64.ActiveCfg = Debug|x64
		{2C15C326-8C97-4F1B-B6CF-2B2A0DB2C59C}.Debug|x64.Build.0 = Debug|x64
		{2C15C326-8C97-4F1B-B6CF-2B2A0DB2C59C}.Debug|x86.ActiveCfg = Debug|Win32
		{2C15C326-8C97-4F1B-B6CF-2B2A0DB2C59C}.Debug|x86.Build.0 = Debug|Win32
		{2C15C326-8C97-4F1B-B6CF-2B2A0DB2C59C}.Release|x64.ActiveCfg = Release|x64
		{2C15C326-8C97-4F1B-B6CF-2B2A0DB2C59C}.Release|x64.Build.0 = Release|x64
		{2C15C326-8C97-4F1B-B6CF-2B2A0DB2C59C}.Release|x86.ActiveCfg = Release|Win32
		{2C15C326-8C97-4F1B-B6CF-2B2A0DB2C59C}.Release|x86.Build.0 = Release|Win32
		{18CA2964-2D8C-4530-B67E-575D73938B49}.Debug|x64.ActiveCfg = Debug|x64
		{18CA2964-2D8C-4530-B67E-575D73938B49}.Debug|x64.Build.0 = Debug|x64
		{18CA2964-2D8C-4530-B67E-575D73938B49}.Debug|x86.ActiveCfg = Debug|Win32
		{18CA2964-2D8C-4530-B67E-575D73938B49}.Debug|x86.Build.0 = Debug|Win32
		{18CA2964-2D8C-4530-B67E-575D73938B49}.Release|x64.ActiveCfg = Release|x64
		{18CA2964-2D8C-4530-B67E-575D73938B49}.Release|x64.Build.0 = Release|x64
		{18CA2964-2D8C-4530-B67E-575D73938B49}.Release|x86.ActiveCfg = Release|Win32
		{18CA2964-2D8C-4530-B67E-575D73938B49}.Release|x86.Build.0 = Release|Win32
		{9CA86285-084A-4733-805E-ECA3042102AF}.Debug|x64.ActiveCfg = Debug|x64
		{9CA86285-084A-4733-805E-ECA3042102AF}.Debug|x64.Build.0 = Debug|x64
		{9CA86285-084A-4733-805E-ECA3042102AF}.Debug|x86.ActiveCfg = Debug|Win32
		{9CA86285-084A-4733-805E-ECA3042102AF}.Debug|x86.Build.0 = Debug|Win32
		{9CA86285-084A-4733-805E-ECA3042102AF}.Release|x64.ActiveCfg = Release|x64
		{9CA86285-084A-4733-805E-ECA3042102AF}.Release|x64.Build.0 = Release|x64
		{9CA86285-084A-4733-805E-ECA3042102AF}.Release|x86.ActiveCfg = Release|Win32
		{9CA86285-084A-4733-805E-ECA3042102AF}.Release|x86.Build.0 = Release|Win32
		{44929A7D-5A6E-4A80-8FB6-EABE08F2E117}.Debug|x64.ActiveCfg = Debug|x64
		{44929A7D-5A6E-4A80-8FB6-EABE08F2E117}.Debug|x64.Build.0 = Debug|x64
		{44929A7D-5A6E-4A80-8FB6-EABE08F2E117}.Debug|x86.ActiveCfg = Debug|Win32
		{44929A7D-5A6E-4A80-8FB6-EABE08F2E117}.Debug|x86.Build.0 = Debug|Win32
		{44929A7D-5A6E-4A80-8FB6-EABE08F2E117}.Release|x64.ActiveCfg = Release|x64
		{44929A7D-5A6E-4A80-8FB6-EABE08F2E117}.Release|x64.Build.0 = Release|x64
		{44929A7D-5A6E-4A80-8FB6-EABE08F2E117}.Release|x86.ActiveCfg = Release|Win32
		{44929A7D-5A6E-4A80-8FB6-EABE08F2E117}.Release|x86.Build.0 = Release|Win32
		{BE3711D6-FECF-4BA2-A5F5-EF504CFF5CB9}.Debug|x64.ActiveCfg = Debug|x64
		{BE3711D6-FECF-4BA2-A5F5-EF504CFF5CB9}.Debug|x64.Build.0 = Debug|x64
		{BE3711D6-FECF-4BA2-A5F5-EF504CFF5CB9}.Debug|x86.ActiveCfg = Debug|Win32
		{BE3711D6-FECF-4BA2-A5F5-EF504CFF5CB9}.Debug|x86.Build.0 = Debug|Win32
		{BE3711D6-FECF-4BA2-A5F5-EF504CFF5CB9}.Release|x64.ActiveCfg = Release|x64
		{BE3711D6-FECF-4BA2-A5F5-EF504CFF5CB9}.Release|x64.Build.0 = Release|x64
		{BE3711D6-FECF-4BA2-A5F5-EF504CFF5CB9}.Release|x86.ActiveCfg = Release|Win32
		{BE3711D6-FECF-4BA2-A5F5-EF504CFF5CB9}.Release|x86.Build.0 = Release|Win32
		{53407738-5A07-4F5B-8D15-D96F1E78F500}.Debug|x64.ActiveCfg = Debug|x64
		{53407738-5A07-4F5B-8D15-D96F1E78F500}.Debug|x64.Build.0 = Debug|x64
		{53407738-5A07-4F5B-8D15-D96F1E78F500}.Debug|x86.ActiveCfg = Debug|Win32
		{53407738-5A07-4F5B-8D15-D96F1E78F500}.Debug|x86.Build.0 = Debug|Win32
		{53407738-5A07-4F5B-8D15-D96F1E78F500}.Release|x64.ActiveCfg = Release|x64
		{53407738-5A07-4F5B-8D15-D96F1E78F500}.Release|x64.Build.0 = Release|x64
		{53407738-5A07-4F5B-8D15-D96F1E78F500}.Release|x86.ActiveCfg = Release|Win32
		{53407738-5A07-4F5B-8D15-D96F1E78F500}.Release|x86.Build.0 = Release|Win32
		{1F45B191-11E4-4DB7-8AD2-4A66FC620D74}.Debug|x64.ActiveCfg = Debug|x64
		{1F45B191-11E4-4DB7-8AD2-4A66FC620D74}.Debug|x64.Build.0 = Debug|x64
		{1F45B191-11E4-4DB7-8AD2-4A66FC620D74}.Debug|x86.ActiveCfg = Debug|Win32
		{1F45B191-11E4-4DB7-8AD2-4A66FC620D74}.Debug|x86.Build.0 = Debug|Win32
		{1F45B191-11E4-4DB7-8AD2-4A66FC620D74}.Release|x64.ActiveCfg = Release|x64
		{1F45B191-11E4-4DB7-8AD2-4A66FC620D74}.Release|x64.Build.0 = Release|x64
		{1F45B191-11E4-4DB7-8AD2-4A66FC620D74}.Release|x86.ActiveCfg = Release|Win32
		{1F45B191-11E4-4DB7-8AD2-4A66FC620D74}.Release|x86.Build.0 = Release|Win32
		{247FE126-EBB8-44C7-970A-101526A6AA54}.Debug|x64.ActiveCfg = Debug|x64
		{247FE126-EBB8-44C7-970A-101526A6AA54}.Debug|x64.Build.0 = Debug|x64
		{247FE126-EBB8-44C7-970A-101526A6AA54}.Debug|x86.ActiveCfg = Debug|Win32
		{247FE126-EBB8-44C7-970A-101526A6AA54}.Debug|x86.Build.0 = Debug|Win32
		{247FE126-EBB8-44C7-970A-101526A6AA54}.Release|x64.ActiveCfg = Release|x64
		{247FE126-EBB8-44C7-970A-101526A6AA54}.Release|x64.Build.0 = Release|x64
		{247FE126-EBB8-44C7-970A-101526A6AA54}.Release|x86.ActiveCfg = Release|Win32
		{247FE126-EBB8-44C7-970A-101526A6AA54}.Release|x86.Build.0 = Release|Win32
		{2CD9DCCF-0116-4825-A3AD-4977CD6A5B07}.Debug|x64.ActiveCfg = Debug|x64
		{2CD9DCCF-0116-4825-A3AD-4977CD6A5B07}.Debug|x64.Build.0 = Debug|x64
		{2CD9DCCF-0116-4825-A3AD-4977CD6A5B07}.Debug|x86.ActiveCfg = Debug|Win32
		{2CD9DCCF-0116-4825-A3AD-4977CD6A5B07}.Debug|x86.Build.0 = Debug|Win32
		{2CD9DCCF-0116-4825-A3AD-4977CD6A5B07}.Release|x64.ActiveCfg = Release|x64
		{2CD9DCCF-0116-4825-A3AD-4977CD6A5B07}.Release|x64.Build.0 = Release|x64
		{2CD9DCCF-0116-4825-A3AD-4977CD6A5B07}.Release|x86.ActiveCfg = Release|Win32
		{2CD9DCCF-0116-4825-A3AD-4977CD6A5B07}.Release|x86.Build.0 = Release|Win32
		{75970CF2-9E19-4882-85DB-A9807AEFAEAE}.Debug|x64.ActiveCfg = Debug|x64
		{75970CF2-9E19-4882-85DB-A9807AEFAEAE}.Debug|x64.Build.0 = Debug|x64
		{75970CF2-9E19-4882-85DB-A9807AEFAEAE}.Debug|x86.ActiveCfg = Debug|Win32
		{75970CF2-9E19-4882-85DB-A9807AEFAEAE}.Debug|x86.Build.0 = Debug|Win32
		{75970CF2-9E19-4882-85DB-A9807AEFAEAE}.Release|x64.ActiveCfg = Release|x64
		{75970CF2-9E19-4882-85DB-A9807AEFAEAE}.Release|x64.Build.0 = Release|x64
		{75970CF2-9E19-4882-85DB-A9807AEFAEAE}.Release|x86.ActiveCfg = Release|Win32
		{75970CF2-9E19-4882-85DB-A9807AEFAEAE}.Release|x86.Build.0 = Release|Win32
		{808A1F17-56B2-434E-A78F-CD546239F205}.Debug|x64.ActiveCfg = Debug|x64
		{808A1F17-56B2-434E-A78F-CD546239F205}.Debug|x64.Build.0 = Debug|x64
		{808A1F17-56B2-434E-A78F-CD546239F205}.Debug|x86.ActiveCfg = Debug|Win32
		{808A1F17-56B2-434E-A78F-CD546239F205}.Debug|x86.Build.0 = Debug|Win32
		{808A1F17-56B2-434E-A78F-CD546239F205}.Release|x64.ActiveCfg = Release|x64
		{808A1F17-56B2-434E-A78F-CD546239F205}.Release|x64.Build.0 = Release|x64
		{808A1F17-56B2-434E-A78F-CD546239F205}.Release|x86.ActiveCfg = Release|Win32
		{808A1F17-56B2-434E-A78F-CD546239F205}.Release|x86.Build.0 = Release|Win32
		{CA11A20E-A9A4-4F7A-980B-96DEAED564A4}.Debug|x64.ActiveCfg = Debug|x64
		{CA11A20E-A9A4-4F7A-980B-96DEAED564A4}.Debug|x64.Build.0 = Debug|x64
		{CA11A20E-A9A4-4F7A-980B-96DEAED564A4}.Debug|x86.ActiveCfg = Debug|Win32
		{CA11A20E-A9A4-4F7A-980B-96DEAED564A4}.Debug|x86.Build.0 = Debug|Win32
		{CA11A20E-A9A4-4F7A-980B-96DEAED564A4}.Release|x64.ActiveCfg = Release|x64
		{CA11A20E-A9A4-4F7A-980B-96DEAED564A4}.Release|x64.Build.0 = Release|x64
		{CA11A20E-A9A4-4F7A-980B-96DEAED564A4}.Release|x86.ActiveCfg = Release|Win32
		{CA11A20E-A9A4-4F7A-980B-96DEAED564A4}.Release|x86.Build.0 = Release|Win32
		{F5FCF208-3EB7-44FA-B4FD-4EC708BF9CF4}.Debug|x64.ActiveCfg = Debug|x64
		{F5FCF208-3EB7-44FA-B4FD-4EC708BF9CF4}.Debug|x64.Build.0 = Debug|x64
		{F5FCF208-3EB7-44FA-B4FD-4EC708BF9CF4}.Debug|x86.ActiveCfg = Debug|Win32
		{F5FCF208-3EB7-44FA-B4FD-4EC708BF9CF4}.Debug|x86.Build.0 = Debug|Win32
		{F5FCF208-3EB7-44FA-B4FD-4EC708BF9CF4}.Release|x64.ActiveCfg = Release|x64
		{F5FCF208-3EB7-44FA-B4FD-4EC708BF9CF4}.Release|x64.Build.0 = Release|x64
		{F5FCF208-3EB7-44FA-B4FD-4EC708BF9CF4}.Release|x86.ActiveCfg = Release|Win32
		{F5FCF208-3EB7-44FA-B4FD-4EC708BF9CF4}.Release|x86.Build.0 = Release|Win32
		{A7FD11B6-3DF6-4347-92C5-48248111728C}.Debug|x64.ActiveCfg = Debug|x64
		{A7FD11B6-3DF6-4347-92C5-48248111728C}.Debug|x64.Build.0 = Debug|x64
		{A7FD11B6-3DF6-4347-92C5-48248111728C}.Debug|x86.ActiveCfg = Debug|Win32
		{A7FD11B6-3DF6-4347-92C5-48248111728C}.Debug|x86.Build.0 = Debug|Win32
		{A7FD11B6-3DF6-4347-92C5-48248111728C}.Release|x64.ActiveCfg = Release|x64
		{A7FD11B6-3DF6-4347-92C5-48248111728C}.Release|x64.Build.0 = Release|x64
		{A7FD11B6-3DF6-4347-92C5-48248111728C}.Release|x86.ActiveCfg = Release|Win32
		{A7FD11B6-3DF6-4347-92C5-48248111728C}.Release|x86.Build.0 = Release|Win32
		{B1286D6C-1B22-4FC7-9866-A3E5CED06014}.Debug|x64.ActiveCfg = Debug|x64
		{B1286D6C-1B22-4FC7-9866-A3E5CED06014}.Debug|x64.Build.0 = Debug|x64
		{B1286D6C-1B22-4FC7-9866-A3E5CED06014}.Debug|x86.ActiveCfg = Debug|Win32
		{B1286D6C-1B22-4FC7-9866-A3E5CED06014}.Debug|x86.Build.0 = Debug|Win32
		{B1286D6C-1B22-4FC7-9866-A3E5CED06014}.Release|x64.ActiveCfg = Release|x64
		{B1286D6C-1B22-4FC7-9866-A3E5CED06014}.Release|x64.Build.0 = Release|x64
		{B1286D6C-1B22-4FC7-9866-A3E5CED06014}.Release|x86.ActiveCfg = Release|Win32
		{B1286D6C-1B22-4FC7-9866-A3E5CED06014}.Release|x86.Build.0 = Release|Win32
		{23C7EB77-8A36-4858-A1EF-5D5B0B1E698C}.Debug|x64.ActiveCfg = Debug|x64
		{23C7EB77-8A36-4858-A1EF-5D5B0B1E698C}.Debug|x64.Build.0 = Debug|x64
		{23C7EB77-8A36-4858-A1EF-5D5B0B1E698C}.Debug|x86.ActiveCfg = Debug|Win32
		{23C7EB77-8A36-4858-A1EF-5D5B0B1E698C}.Debug|x86.Build.0 = Debug|Win32
		{23C7EB77-8A36-4858-A1EF-5D5B0B1E698C}.Release|x64.ActiveCfg = Release|x64
		{23C7EB77-8A36-4858-A1EF-5D5B0B1E698C}.Release|x64.Build.0 = Release|x64
		{23C7EB77-8A36-4858-A1EF-5D5B0B1E698C}.Release|x86.ActiveCfg = Release|Win32
		{23C7EB77-8A36-4858-A1EF-5D5B0B1E698C}.Release|x86.Build.0 = Release|Win32
		{7503519C-52CB-4D15-B205-130DED63EFAE}.Debug|x64.ActiveCfg = Debug|x64
		{7503519C-52CB-4D15-B205-130DED63EFAE}.Debug|x64.Build.0 = Debug|x64
		{7503519C-52CB-4D15-B205-130DED63EFAE}.Debug|x86.ActiveCfg = Debug|Win32
		{7503519C-52CB-4D15-B205-130DED63EFAE}.Debug|x86.Build.0 = Debug|Win32
		{7503519C-52CB-4D15-B205-130DED63EFAE}.Release|x64.ActiveCfg = Release|x64
		{7503519C-52CB-4D15-B205-130DED63EFAE}.Release|x64.Build.0 = Release|x64
		{7503519C-52CB-4D15-B205-130DED63EFAE}.Release|x86.ActiveCfg = Release|Win32
		{7503519C-52CB-4D15-B205-130DED63EFAE}.Release|x86.Build.0 = Release|Win32
		{1D9D770D-887A-4C0F-83E3-9EDEC640FB1E}.Debug|x64.ActiveCfg = Debug|x64
		{1D9D770D-887A-4C0F-83E3-9EDEC640FB1E}.Debug|x64.Build.0 = Debug|x64
		{1D9D770D-887A-4C0F-83E3-9EDEC640FB1E}.Debug|x86.ActiveCfg = Debug|Win32
		{1D9D770D-887A-4C0F-83E3-9EDEC640FB1E}.Debug|x86.Build.0 = Debug|Win32
		{1D9D770D-887A-4C0F-83E3-9EDEC640FB1E}.Release|x64.ActiveCfg = Release|x64
		{1D9D770D-887A-4C0F-83E3-9EDEC640FB1E}.Release|x64.Build.0 = Release|x64
		{1D9D770D-887A-4C0F-83E3-9EDEC640FB1E}.Release|x86.ActiveCfg = Release|Win32
		{1D9D770D-887A-4C0F-83E3-9EDEC640FB1E}.Release|x86.Build.0 = Release|Win32
		{6FF7873C-72E3-48D1-BB82-B60CC346A01E}.Debug|x64.ActiveCfg = Debug|x64
		{6FF7873C-72E3-48D1-BB82-B60CC346A01E}.Debug|x64.Build.0 = Debug|x64
		{6FF7873C-72E3-48D1-BB82-B60CC346A01E}.Debug|x86.ActiveCfg = Debug|Win32
		{6FF7873C-72E3-48D1-BB82-B60CC346A01E}.Debug|x86.Build.0 = Debug|Win32
		{6FF7873C-72E3-48D1-BB82-B60CC346A01E}.Release|x64.ActiveCfg = Release|x64
		{6FF7873C-72E3-48D1-BB82-B60CC346A01E}.Release|x64.Build.0 = Release|x64
		{6FF7873C-72E3-48D1-BB82-B60CC346A01E}.Release|x86.ActiveCfg = Release|Win32
		{6FF7873C-72E3-48D1-BB82-B60CC346A01E}.Release|x86.Build.0 = Release|Win32
		{70D106D1-EF0A-4A22-871A-E5891A489B66}.Debug|x64.ActiveCfg = Debug|x64
		{70D106D1-EF0A-4A22-871A-E5891A489B66}.Debug|x64.Build.0 = Debug|x64
		{70D106D1-EF0A-4A22-871A-E5891A489B66}.Debug|x86.ActiveCfg = Debug|Win32
		{70D106D1-EF0A-4A22-871A-E5891A489B66}.Debug|x86.Build.0 = Debug|Win32
		{70D106D1-EF0A-4A22-871A-E5891A489B66}.Release|x64.ActiveCfg = Release|x64
		{70D106D1-EF0A-4A22-871A-E5891A489B66}.Release|x64.Build.0 = Release|x64
		{70D106D1-EF0A-4A22-871A-E5891A489B66}.Release|x86.ActiveCfg = Release|Win32
		{70D106D1-EF0A-4A22-871A-E5891A489B66}.Release|x86.Build.0 = Release|Win32
		{F94DDBE0-CCC8-400C-9279-A414A1DEDC43}.Debug|x64.ActiveCfg = Debug|x64
		{F94DDBE0-CCC8-400C-9279-A414A1DEDC43}.Debug|x64.Build.0 = Debug|x64
		{F94DDBE0-CCC8-400C-9279-A414A1DEDC43}.Debug|x86.ActiveCfg = Debug|Win32
		{F94DDBE0-CCC8-400C-9279-A414A1DEDC43}.Debug|x86.Build.0 = Debug|Win32
		{F94DDBE0-CCC8-400C-9279-A414A1DEDC43}.Release|x64.ActiveCfg = Release|x64
		{F94DDBE0-CCC8-400C-9279-A414A1DEDC43}.Release|x64.Build.0 = Release|x64
		{F94DDBE0-CCC8-400C-9279-A414A1DEDC43}.Release|x86.ActiveCfg = Release|Win32
		{F94DDBE0-CCC8-400C-9279-A414A1DEDC43}.Release|x86.Build.0 = Release|Win32
		{FB866EAE-C6C5-430F-919E-EBA22D396A9D}.Debug|x64.ActiveCfg = Debug|x64
		{FB866EAE-C6C5-430F-919E-EBA22D396A9D}.Debug|x64.Build.0 = Debug|x64
		{FB866EAE-C6C5-430F-919E-EBA22D396A9D}.Debug|x86.ActiveCfg = Debug|Win32
		{FB866EAE-C6C5-430F-919E-EBA22D396A9D}.Debug|x86.Build.0 = Debug|Win32
		{FB866EAE-C6C5-430F-919E-EBA22D396A9D}.Release|x64.ActiveCfg = Release|x64
		{FB866EAE-C6C5-430F-919E-EBA22D396A9D}.Release|x64.Build.0 = Release|x64
		{FB866EAE-C6C5-430F-919E-EBA22D396A9D}.Release|x86.ActiveCfg = Release|Win32
		{FB866EAE-C6C5-430F-919E-EBA22D396A9D}.Release|x86.Build.0 = Release|Win32
		{D2C61882-098F-4522-A2EA-943F8508984F}.Debug|x64.ActiveCfg = Debug|x64
		{D2C61882-098F-4522-A2EA-943F8508984F}.Debug|x64.Build.0 = Debug|x64
		{D2C61882-098F-4522-A2EA-943F8508984F}.Debug|x86.ActiveCfg = Debug|Win32
		{D2C61882-098F-4522-A2EA-943F8508984F}.Debug|x86.Build.0 = Debug|Win32
		{D2C61882-098F-4522-A2EA-943F8508984F}.Release|x64.ActiveCfg = Release|x64
		{D2C61882-098F-4522-A2EA-943F8508984F}.Release|x64.Build.0 = Release|x64
		{D2C61882-098F-4522-A2EA-943F8508984F}.Release|x86.ActiveCfg = Release|Win32
		{D2C61882-098F-4522-A2EA-943F8508984F}.Release|x86.Build.0 = Release|Win32
		{12289A20-7ADE-44EA-93F4-B1599DC57F59}.Debug|x64.ActiveCfg = Debug|x64
		{12289A20-7ADE-44EA-93F4-B1599DC57F59}.Debug|x64.Build.0 = Debug|x64
		{12289A20-7ADE-44EA-93F4-B1599DC57F59}.Debug|x86.ActiveCfg = Debug|Win32
		{12289A20-7ADE-44EA-93F4-B1599DC57F59}.Debug|x86.Build.0 = Debug|Win32
		{12289A20-7ADE-44EA-93F4-B1599DC57F59}.Release|x64.ActiveCfg = Release|x64
		{12289A20-7ADE-44EA-93F4-B1599DC57F59}.Release|x64.Build.0 = Release|x64
		{12289A20-7ADE-44EA-93F4-B1599DC57F59}.Release|x86.ActiveCfg = Release|Win32
		{12289A20-7ADE-44EA-93F4-B1599DC57F59}.Release|x86.Build.0 = Release|Win32
		{073CED24-7B79-498B-ADDA-71AB1C3624B8}.Debug|x64.ActiveCfg = Debug|x64
		{073CED24-7B79-498B-ADDA-71AB1C3624B8}.Debug|x64.Build.0 = Debug|x64
		{073CED24-7B79-498B-ADDA-71AB1C3624B8}.Debug|x86.ActiveCfg = Debug|Win32
		{073CED24-7B79-498B-ADDA-71AB1C3624B8}.Debug|x86.Build.0 = Debug|Win32
		{073CED24-7B79-498B-ADDA-71AB1C3624B8}.Release|x64.ActiveCfg = Release|x64
		{073CED24-7B79-498B-ADDA-71AB1C3624B8}.Release|x64.Build.0 = Release|x64
		{073CED24-7B79-498B-ADDA-71AB1C3624B8}.Release|x86.ActiveCfg = Release|Win32
		{073CED24-7B79-498B-ADDA-71AB1C3624B8}.Release|x86.Build.0 = Release|Win32
		{4335C683-5008-463C-BDA9-B785D521296F}.Debug|x64.ActiveCfg = Debug|x64
		{4335C683-5008-463C-BDA9-B785D521296F}.Debug|x64.Build.0 = Debug|x64
		{4335C683-5008-463C-BDA9-B785D521296F}.Debug|x86.ActiveCfg = Debug|Win32
		{4335C683-5008-463C-BDA9-B785D521296F}.Debug|x86.Build.0 = Debug|Win32
		{4335C683-5008-463C-BDA9-B785D521296F}.Release|x64.ActiveCfg = Release|x64
		{4335C683-5008-463C-BDA9-B785D521296F}.Release|x64.Build.0 = Release|x64
		{4335C683-5008-463C-BDA9-B785D521296F}.Release|x86.ActiveCfg = Release|Win32
		{4335C683-5008-463C-BDA9-B785D521296F}.Release|x86.Build.0 = Release|Win32
		{F47BF447-9D88-46B9-8814-06F7562619A3}.Debug|x64.ActiveCfg = Debug|x64
		{F47BF447-9D88-46B9-8814-06F7562619A3}.Debug|x64.Build.0 = Debug|x64
		{F47BF447-9D88-46B9-8814-06F7562619A3}.Debug|x86.ActiveCfg = Debug|Win32
		{F47BF447-9D88-46B9-8814-06F7562619A3}.Debug|x86.Build.0 = Debug|Win32
		{F47BF447-9D88-46B9-8814-06F7562619A3}.Release|x64.ActiveCfg = Release|x64
		{F47BF447-9D88-46B9-8814-06F7562619A3}.Release|x64.Build.0 = Release|x64
		{F47BF447-9D88-46B9-8814-06F7562619A3}.Release|x86.ActiveCfg = Release|Win32
		{F47BF447-9D88-46B9-8814-06F7562619A3}.Release|x86.Build.0 = Release|Win32
		{1418993B-CD32-4CE2-8141-9F62B0D0C01F}.Debug|x64.ActiveCfg = Debug|x64
		{1418993B-CD32-4CE2-8141-9F62B0D0C01F}.Debug|x64.Build.0 = Debug|x64
		{1418993B-CD32-4CE2-8141-9F62B0D0C01F}.Debug|x86.ActiveCfg = Debug|Win32
		{1418993B-CD32-4CE2-8141-9F62B0D0C01F}.Debug|x86.Build.0 = Debug|Win32
		{1418993B-CD32-4CE2-8141-9F62B0D0C01F}.Release|x64.ActiveCfg = Release|x64
		{1418993B-CD32-4CE2-8141-9F62B0D0C01F}.Release|x64.Build.0 = Release|x64
		{1418993B-CD32-4CE2-8141-9F62B0D0C01F}.Release|x86.ActiveCfg = Release|Win32
		{1418993B-CD32-4CE2-8141-9F62B0D0C01F}.Release|x86.Build.0 = Release|Win32
		{24B6BC9D-9C55-4559-ACAC-440B745774BC}.Debug|x64.ActiveCfg = Debug|x64
		{24B6BC9D-9C55-4559-ACAC-440B745774BC}.Debug|x64.Build.0 = Debug|x64
		{24B6BC9D-9C55-4559-ACAC-440B745774BC}.Debug|x86.ActiveCfg = Debug|Win32
		{24B6BC9D-9C55-4559-ACAC-440B745774BC}.Debug|x86.Build.0 = Debug|Win32
		{24B6BC9D-9C55-4559-ACAC-440B745774BC}.Release|x64.ActiveCfg = Release|x64
		{24B6BC9D-9C55-4559-ACAC-440B745774BC}.Release|x64.Build.0 = Release|x64
		{24B6BC9D-9C55-4559-ACAC-440B745774BC}.Release|x86.ActiveCfg = Release|Win32
		{24B6BC9D-9C55-4559-ACAC-440B745774BC}.Release|x86.Build.0 = Release|Win32
		{12EB1334-E4A6-49B8-854B-BE5EDA472F4B}.Debug|x64.ActiveCfg = Debug|x64
		{12EB1334-E4A6-49B8-854B-BE5EDA472F4B}.Debug|x64.Build.0 = Debug|x64
		{12EB1334-E4A6-49B8-854B-BE5EDA472F4B}.Debug|x86.ActiveCfg = Debug|Win32
		{12EB1334-E4A6-49B8-854B-BE5EDA472F4B}.Debug|x86.Build.0 = Debug|Win32
		{12EB1334-E4A6-49B8-854B-BE5EDA472F4B}.Release|x64.ActiveCfg = Release|x64
		{12EB1334-E4A6-49B8-854B-BE5EDA472F4B}.Release|x64.Build.0 = Release|x64
		{12EB1334-E4A6-49B8-854B-BE5EDA472F4B}.Release|x86.ActiveCfg = Release|Win32
		{12EB1334-E4A6-49B8-854B-BE5EDA472F4B}.Release|x86.Build.0 = Release|Win32
		{F00BB1AD-F462-4F1B-9936-CC9F2B26BB7F}.Debug|x64.ActiveCfg = Debug|x64
		{F00BB1AD-F462-4F1B-9936-CC9F2B26BB7F}.Debug|x64.Build.0 = Debug|x64
		{F00BB1AD-F462-4F1B-9936-CC9F2B26BB7F}.Debug|x86.ActiveCfg = Debug|Win32
		{F00BB1AD-F462-4F1B-9936-CC9F2B26BB7F}.Debug|x86.Build.0 = Debug|Win32
		{F00BB1AD-F462-4F1B-9936-CC9F2B26BB7F}.Release|x64.ActiveCfg = Release|x64
		{F00BB1AD-F462-4F1B-9936-CC9F2B26BB7F}.Release|x64.Build.0 = Release|x64
		{F00BB1AD-F462-4F1B-9936-CC9F2B26BB7F}.Release|x86.ActiveCfg = Release|Win32
		{F00BB1AD-F462-4F1B-9936-CC9F2B26BB7F}.Release|x86.Build.0 = Release|Win32
		{CADFA89B-357D-477F-A90C-948502E3235A}.Debug|x64.ActiveCfg = Debug|x64
		{CADFA89B-357D-477F-A90C-948502E3235A}.Debug|x64.Build.0 = Debug|x64
		{CADFA89B-357D-477F-A90C-948502E3235A}.Debug|x86.ActiveCfg = Debug|Win32
		{CADFA89B-357D-477F-A90C-948502E3235A}.Debug|x86.Build.0 = Debug|Win32
		{CADFA89B-357D-477F-A90C-948502E3235A}.Release|x64.ActiveCfg = Release|x64
		{CADFA89B-357D-477F-A90C-948502E3235A}.Release|x64.Build.0 = Release|x64
		{CADFA89B-357D-477F-A90C-948502E3235A}.Release|x86.ActiveCfg = Release|Win32
		{CADFA89B-357D-477F-A90C-948502E3235A}.Release|x86.Build.0 = Release|Win32
	EndGlobalSection
	GlobalSection(SolutionProperties) = preSolution
		HideSolutionNode = FALSE
	EndGlobalSection
	GlobalSection(ExtensibilityGlobals) = postSolution
		SolutionGuid = {1ED52C57-43E0-4081-8456-B2A7FD99E828}
	EndGlobalSection
EndGlobal
