
Microsoft Visual Studio Solution File, Format Version 12.00
# Visual Studio Version 16
VisualStudioVersion = 16.0.31205.134
MinimumVisualStudioVersion = 10.0.40219.1
Project("{8BC9CEB8-8B4A-11D0-8D11-00A0C91BC942}") = "1. Fibonacci", "1. Fibonacci\1. Fibonacci.vcxproj", "{B1C5FFDE-71DC-4F4C-BA15-0618EB501032}"
EndProject
Project("{8BC9CEB8-8B4A-11D0-8D11-00A0C91BC942}") = "2. Tribunaci", "2. Tribunaci\2. Tribunaci.vcxproj", "{FA258FA7-7555-472A-B1CF-F0D476EB51F9}"
EndProject
Project("{8BC9CEB8-8B4A-11D0-8D11-00A0C91BC942}") = "3. sum x^k", "3. sum x^k\3. sum x^k.vcxproj", "{48E5D497-9867-4C34-91D0-2027D5121CDA}"
EndProject
Project("{8BC9CEB8-8B4A-11D0-8D11-00A0C91BC942}") = "4. MinMax", "4. MinMax\4. MinMax.vcxproj", "{3ADD1057-39F9-4E13-A435-3C7FA715E9E5}"
EndProject
Project("{8BC9CEB8-8B4A-11D0-8D11-00A0C91BC942}") = "5. NumCount", "5. NumCount\5. NumCount.vcxproj", "{783DC390-A25B-45BA-A296-5112330C1C6F}"
EndProject
Project("{8BC9CEB8-8B4A-11D0-8D11-00A0C91BC942}") = "6. Indexes", "6. Indexes\6. Indexes.vcxproj", "{9B94F496-B31C-4607-8BE1-271979203760}"
EndProject
Project("{8BC9CEB8-8B4A-11D0-8D11-00A0C91BC942}") = "7. BubbleSort", "7. BubbleSort\7. BubbleSort.vcxproj", "{DA24520D-0BAD-4ECE-8877-E7F28D8C0B14}"
EndProject
Global
	GlobalSection(SolutionConfigurationPlatforms) = preSolution
		Debug|x64 = Debug|x64
		Debug|x86 = Debug|x86
		Release|x64 = Release|x64
		Release|x86 = Release|x86
	EndGlobalSection
	GlobalSection(ProjectConfigurationPlatforms) = postSolution
		{B1C5FFDE-71DC-4F4C-BA15-0618EB501032}.Debug|x64.ActiveCfg = Debug|x64
		{B1C5FFDE-71DC-4F4C-BA15-0618EB501032}.Debug|x64.Build.0 = Debug|x64
		{B1C5FFDE-71DC-4F4C-BA15-0618EB501032}.Debug|x86.ActiveCfg = Debug|Win32
		{B1C5FFDE-71DC-4F4C-BA15-0618EB501032}.Debug|x86.Build.0 = Debug|Win32
		{B1C5FFDE-71DC-4F4C-BA15-0618EB501032}.Release|x64.ActiveCfg = Release|x64
		{B1C5FFDE-71DC-4F4C-BA15-0618EB501032}.Release|x64.Build.0 = Release|x64
		{B1C5FFDE-71DC-4F4C-BA15-0618EB501032}.Release|x86.ActiveCfg = Release|Win32
		{B1C5FFDE-71DC-4F4C-BA15-0618EB501032}.Release|x86.Build.0 = Release|Win32
		{FA258FA7-7555-472A-B1CF-F0D476EB51F9}.Debug|x64.ActiveCfg = Debug|x64
		{FA258FA7-7555-472A-B1CF-F0D476EB51F9}.Debug|x64.Build.0 = Debug|x64
		{FA258FA7-7555-472A-B1CF-F0D476EB51F9}.Debug|x86.ActiveCfg = Debug|Win32
		{FA258FA7-7555-472A-B1CF-F0D476EB51F9}.Debug|x86.Build.0 = Debug|Win32
		{FA258FA7-7555-472A-B1CF-F0D476EB51F9}.Release|x64.ActiveCfg = Release|x64
		{FA258FA7-7555-472A-B1CF-F0D476EB51F9}.Release|x64.Build.0 = Release|x64
		{FA258FA7-7555-472A-B1CF-F0D476EB51F9}.Release|x86.ActiveCfg = Release|Win32
		{FA258FA7-7555-472A-B1CF-F0D476EB51F9}.Release|x86.Build.0 = Release|Win32
		{48E5D497-9867-4C34-91D0-2027D5121CDA}.Debug|x64.ActiveCfg = Debug|x64
		{48E5D497-9867-4C34-91D0-2027D5121CDA}.Debug|x64.Build.0 = Debug|x64
		{48E5D497-9867-4C34-91D0-2027D5121CDA}.Debug|x86.ActiveCfg = Debug|Win32
		{48E5D497-9867-4C34-91D0-2027D5121CDA}.Debug|x86.Build.0 = Debug|Win32
		{48E5D497-9867-4C34-91D0-2027D5121CDA}.Release|x64.ActiveCfg = Release|x64
		{48E5D497-9867-4C34-91D0-2027D5121CDA}.Release|x64.Build.0 = Release|x64
		{48E5D497-9867-4C34-91D0-2027D5121CDA}.Release|x86.ActiveCfg = Release|Win32
		{48E5D497-9867-4C34-91D0-2027D5121CDA}.Release|x86.Build.0 = Release|Win32
		{3ADD1057-39F9-4E13-A435-3C7FA715E9E5}.Debug|x64.ActiveCfg = Debug|x64
		{3ADD1057-39F9-4E13-A435-3C7FA715E9E5}.Debug|x64.Build.0 = Debug|x64
		{3ADD1057-39F9-4E13-A435-3C7FA715E9E5}.Debug|x86.ActiveCfg = Debug|Win32
		{3ADD1057-39F9-4E13-A435-3C7FA715E9E5}.Debug|x86.Build.0 = Debug|Win32
		{3ADD1057-39F9-4E13-A435-3C7FA715E9E5}.Release|x64.ActiveCfg = Release|x64
		{3ADD1057-39F9-4E13-A435-3C7FA715E9E5}.Release|x64.Build.0 = Release|x64
		{3ADD1057-39F9-4E13-A435-3C7FA715E9E5}.Release|x86.ActiveCfg = Release|Win32
		{3ADD1057-39F9-4E13-A435-3C7FA715E9E5}.Release|x86.Build.0 = Release|Win32
		{783DC390-A25B-45BA-A296-5112330C1C6F}.Debug|x64.ActiveCfg = Debug|x64
		{783DC390-A25B-45BA-A296-5112330C1C6F}.Debug|x64.Build.0 = Debug|x64
		{783DC390-A25B-45BA-A296-5112330C1C6F}.Debug|x86.ActiveCfg = Debug|Win32
		{783DC390-A25B-45BA-A296-5112330C1C6F}.Debug|x86.Build.0 = Debug|Win32
		{783DC390-A25B-45BA-A296-5112330C1C6F}.Release|x64.ActiveCfg = Release|x64
		{783DC390-A25B-45BA-A296-5112330C1C6F}.Release|x64.Build.0 = Release|x64
		{783DC390-A25B-45BA-A296-5112330C1C6F}.Release|x86.ActiveCfg = Release|Win32
		{783DC390-A25B-45BA-A296-5112330C1C6F}.Release|x86.Build.0 = Release|Win32
		{9B94F496-B31C-4607-8BE1-271979203760}.Debug|x64.ActiveCfg = Debug|x64
		{9B94F496-B31C-4607-8BE1-271979203760}.Debug|x64.Build.0 = Debug|x64
		{9B94F496-B31C-4607-8BE1-271979203760}.Debug|x86.ActiveCfg = Debug|Win32
		{9B94F496-B31C-4607-8BE1-271979203760}.Debug|x86.Build.0 = Debug|Win32
		{9B94F496-B31C-4607-8BE1-271979203760}.Release|x64.ActiveCfg = Release|x64
		{9B94F496-B31C-4607-8BE1-271979203760}.Release|x64.Build.0 = Release|x64
		{9B94F496-B31C-4607-8BE1-271979203760}.Release|x86.ActiveCfg = Release|Win32
		{9B94F496-B31C-4607-8BE1-271979203760}.Release|x86.Build.0 = Release|Win32
		{DA24520D-0BAD-4ECE-8877-E7F28D8C0B14}.Debug|x64.ActiveCfg = Debug|x64
		{DA24520D-0BAD-4ECE-8877-E7F28D8C0B14}.Debug|x64.Build.0 = Debug|x64
		{DA24520D-0BAD-4ECE-8877-E7F28D8C0B14}.Debug|x86.ActiveCfg = Debug|Win32
		{DA24520D-0BAD-4ECE-8877-E7F28D8C0B14}.Debug|x86.Build.0 = Debug|Win32
		{DA24520D-0BAD-4ECE-8877-E7F28D8C0B14}.Release|x64.ActiveCfg = Release|x64
		{DA24520D-0BAD-4ECE-8877-E7F28D8C0B14}.Release|x64.Build.0 = Release|x64
		{DA24520D-0BAD-4ECE-8877-E7F28D8C0B14}.Release|x86.ActiveCfg = Release|Win32
		{DA24520D-0BAD-4ECE-8877-E7F28D8C0B14}.Release|x86.Build.0 = Release|Win32
	EndGlobalSection
	GlobalSection(SolutionProperties) = preSolution
		HideSolutionNode = FALSE
	EndGlobalSection
	GlobalSection(ExtensibilityGlobals) = postSolution
		SolutionGuid = {C1847454-B71C-4CC0-9570-D5EE5869E853}
	EndGlobalSection
EndGlobal
