
Microsoft Visual Studio Solution File, Format Version 12.00
# Visual Studio Version 17
VisualStudioVersion = 17.14.36414.22
MinimumVisualStudioVersion = 10.0.40219.1
Project("{8BC9CEB8-8B4A-11D0-8D11-00A0C91BC942}") = "01_HELLO", "01_HELLO\01_HELLO.vcxproj", "{B45BB67F-C97E-44A0-B09C-74CA8613A217}"
EndProject
Project("{8BC9CEB8-8B4A-11D0-8D11-00A0C91BC942}") = "02_Suma", "02_Suma\02_Suma.vcxproj", "{6197A160-E160-46B8-B7F8-D6CF43BE105B}"
EndProject
Project("{8BC9CEB8-8B4A-11D0-8D11-00A0C91BC942}") = "03_Rectangle", "03_Rectangle\Rectangle.vcxproj", "{32C69B54-DA29-4367-8EF0-0A75A8DA9DCA}"
EndProject
Project("{8BC9CEB8-8B4A-11D0-8D11-00A0C91BC942}") = "04_Circle", "04_Circle\04_Circle.vcxproj", "{C6879F70-EE93-44C2-91C1-E91C601B9D18}"
EndProject
Project("{8BC9CEB8-8B4A-11D0-8D11-00A0C91BC942}") = "05_Monety", "05_Monety\05_Monety.vcxproj", "{EC9821DE-9195-4F7E-84F0-9E06D3EADBA3}"
EndProject
Project("{8BC9CEB8-8B4A-11D0-8D11-00A0C91BC942}") = "06_Reserve", "06_Reserve\06_Reserve.vcxproj", "{85A81F2E-BBBA-416B-A599-458BBC5713BC}"
EndProject
Project("{8BC9CEB8-8B4A-11D0-8D11-00A0C91BC942}") = "07_SumPro", "07_SumPro\07_SumPro.vcxproj", "{69B60586-7D69-46E2-B794-BED45147E643}"
EndProject
Project("{8BC9CEB8-8B4A-11D0-8D11-00A0C91BC942}") = "08_5digit", "08_5digit\08_5digit.vcxproj", "{D65E305A-F8EE-49BE-9055-8D277A761624}"
EndProject
Project("{8BC9CEB8-8B4A-11D0-8D11-00A0C91BC942}") = "09_6digit", "09_6digit\09_6digit.vcxproj", "{3B4B996B-B4FA-469E-99B2-456CA104A29C}"
EndProject
Project("{8BC9CEB8-8B4A-11D0-8D11-00A0C91BC942}") = "10_sqeq", "10_sqeq\10_sqeq.vcxproj", "{1B740B76-2FAB-4A25-BDD9-A9AE756D7549}"
EndProject
Project("{8BC9CEB8-8B4A-11D0-8D11-00A0C91BC942}") = "11_sqeq2", "11_sqeq2\11_sqeq2.vcxproj", "{E3D084A5-83FB-41F7-8628-F64CA6ADB0CE}"
EndProject
Project("{8BC9CEB8-8B4A-11D0-8D11-00A0C91BC942}") = "12_finance", "ConsoleApplication1\ConsoleApplication1.vcxproj", "{CED31C21-E9F5-4718-AFE3-BB9A9B0C3B50}"
EndProject
Project("{8BC9CEB8-8B4A-11D0-8D11-00A0C91BC942}") = "13_NAP2016", "13_NAP2016\13_NAP2016.vcxproj", "{7B68D065-348A-4987-9152-0B1441583D91}"
EndProject
Project("{8BC9CEB8-8B4A-11D0-8D11-00A0C91BC942}") = "14_MinMaxOf3", "14_MinMaxOf3\14_MinMaxOf3.vcxproj", "{9494DAB0-FBB6-4A83-8143-0251DB2C7D15}"
EndProject
Project("{8BC9CEB8-8B4A-11D0-8D11-00A0C91BC942}") = "15_sp", "15_sp\15_sp.vcxproj", "{B0EF8449-007E-433E-BB42-442E54BFC8FA}"
EndProject
Project("{8BC9CEB8-8B4A-11D0-8D11-00A0C91BC942}") = "16_Circle_intercept", "16_Circle_intercept\16_Circle_intercept.vcxproj", "{F53C8422-FAE1-4C7A-A11A-E3E08DF64241}"
EndProject
Global
	GlobalSection(SolutionConfigurationPlatforms) = preSolution
		Debug|x64 = Debug|x64
		Debug|x86 = Debug|x86
		Release|x64 = Release|x64
		Release|x86 = Release|x86
	EndGlobalSection
	GlobalSection(ProjectConfigurationPlatforms) = postSolution
		{B45BB67F-C97E-44A0-B09C-74CA8613A217}.Debug|x64.ActiveCfg = Debug|x64
		{B45BB67F-C97E-44A0-B09C-74CA8613A217}.Debug|x64.Build.0 = Debug|x64
		{B45BB67F-C97E-44A0-B09C-74CA8613A217}.Debug|x86.ActiveCfg = Debug|Win32
		{B45BB67F-C97E-44A0-B09C-74CA8613A217}.Debug|x86.Build.0 = Debug|Win32
		{B45BB67F-C97E-44A0-B09C-74CA8613A217}.Release|x64.ActiveCfg = Release|x64
		{B45BB67F-C97E-44A0-B09C-74CA8613A217}.Release|x64.Build.0 = Release|x64
		{B45BB67F-C97E-44A0-B09C-74CA8613A217}.Release|x86.ActiveCfg = Release|Win32
		{B45BB67F-C97E-44A0-B09C-74CA8613A217}.Release|x86.Build.0 = Release|Win32
		{6197A160-E160-46B8-B7F8-D6CF43BE105B}.Debug|x64.ActiveCfg = Debug|x64
		{6197A160-E160-46B8-B7F8-D6CF43BE105B}.Debug|x64.Build.0 = Debug|x64
		{6197A160-E160-46B8-B7F8-D6CF43BE105B}.Debug|x86.ActiveCfg = Debug|Win32
		{6197A160-E160-46B8-B7F8-D6CF43BE105B}.Debug|x86.Build.0 = Debug|Win32
		{6197A160-E160-46B8-B7F8-D6CF43BE105B}.Release|x64.ActiveCfg = Release|x64
		{6197A160-E160-46B8-B7F8-D6CF43BE105B}.Release|x64.Build.0 = Release|x64
		{6197A160-E160-46B8-B7F8-D6CF43BE105B}.Release|x86.ActiveCfg = Release|Win32
		{6197A160-E160-46B8-B7F8-D6CF43BE105B}.Release|x86.Build.0 = Release|Win32
		{32C69B54-DA29-4367-8EF0-0A75A8DA9DCA}.Debug|x64.ActiveCfg = Debug|x64
		{32C69B54-DA29-4367-8EF0-0A75A8DA9DCA}.Debug|x64.Build.0 = Debug|x64
		{32C69B54-DA29-4367-8EF0-0A75A8DA9DCA}.Debug|x86.ActiveCfg = Debug|Win32
		{32C69B54-DA29-4367-8EF0-0A75A8DA9DCA}.Debug|x86.Build.0 = Debug|Win32
		{32C69B54-DA29-4367-8EF0-0A75A8DA9DCA}.Release|x64.ActiveCfg = Release|x64
		{32C69B54-DA29-4367-8EF0-0A75A8DA9DCA}.Release|x64.Build.0 = Release|x64
		{32C69B54-DA29-4367-8EF0-0A75A8DA9DCA}.Release|x86.ActiveCfg = Release|Win32
		{32C69B54-DA29-4367-8EF0-0A75A8DA9DCA}.Release|x86.Build.0 = Release|Win32
		{C6879F70-EE93-44C2-91C1-E91C601B9D18}.Debug|x64.ActiveCfg = Debug|x64
		{C6879F70-EE93-44C2-91C1-E91C601B9D18}.Debug|x64.Build.0 = Debug|x64
		{C6879F70-EE93-44C2-91C1-E91C601B9D18}.Debug|x86.ActiveCfg = Debug|Win32
		{C6879F70-EE93-44C2-91C1-E91C601B9D18}.Debug|x86.Build.0 = Debug|Win32
		{C6879F70-EE93-44C2-91C1-E91C601B9D18}.Release|x64.ActiveCfg = Release|x64
		{C6879F70-EE93-44C2-91C1-E91C601B9D18}.Release|x64.Build.0 = Release|x64
		{C6879F70-EE93-44C2-91C1-E91C601B9D18}.Release|x86.ActiveCfg = Release|Win32
		{C6879F70-EE93-44C2-91C1-E91C601B9D18}.Release|x86.Build.0 = Release|Win32
		{EC9821DE-9195-4F7E-84F0-9E06D3EADBA3}.Debug|x64.ActiveCfg = Debug|x64
		{EC9821DE-9195-4F7E-84F0-9E06D3EADBA3}.Debug|x64.Build.0 = Debug|x64
		{EC9821DE-9195-4F7E-84F0-9E06D3EADBA3}.Debug|x86.ActiveCfg = Debug|Win32
		{EC9821DE-9195-4F7E-84F0-9E06D3EADBA3}.Debug|x86.Build.0 = Debug|Win32
		{EC9821DE-9195-4F7E-84F0-9E06D3EADBA3}.Release|x64.ActiveCfg = Release|x64
		{EC9821DE-9195-4F7E-84F0-9E06D3EADBA3}.Release|x64.Build.0 = Release|x64
		{EC9821DE-9195-4F7E-84F0-9E06D3EADBA3}.Release|x86.ActiveCfg = Release|Win32
		{EC9821DE-9195-4F7E-84F0-9E06D3EADBA3}.Release|x86.Build.0 = Release|Win32
		{85A81F2E-BBBA-416B-A599-458BBC5713BC}.Debug|x64.ActiveCfg = Debug|x64
		{85A81F2E-BBBA-416B-A599-458BBC5713BC}.Debug|x64.Build.0 = Debug|x64
		{85A81F2E-BBBA-416B-A599-458BBC5713BC}.Debug|x86.ActiveCfg = Debug|Win32
		{85A81F2E-BBBA-416B-A599-458BBC5713BC}.Debug|x86.Build.0 = Debug|Win32
		{85A81F2E-BBBA-416B-A599-458BBC5713BC}.Release|x64.ActiveCfg = Release|x64
		{85A81F2E-BBBA-416B-A599-458BBC5713BC}.Release|x64.Build.0 = Release|x64
		{85A81F2E-BBBA-416B-A599-458BBC5713BC}.Release|x86.ActiveCfg = Release|Win32
		{85A81F2E-BBBA-416B-A599-458BBC5713BC}.Release|x86.Build.0 = Release|Win32
		{69B60586-7D69-46E2-B794-BED45147E643}.Debug|x64.ActiveCfg = Debug|x64
		{69B60586-7D69-46E2-B794-BED45147E643}.Debug|x64.Build.0 = Debug|x64
		{69B60586-7D69-46E2-B794-BED45147E643}.Debug|x86.ActiveCfg = Debug|Win32
		{69B60586-7D69-46E2-B794-BED45147E643}.Debug|x86.Build.0 = Debug|Win32
		{69B60586-7D69-46E2-B794-BED45147E643}.Release|x64.ActiveCfg = Release|x64
		{69B60586-7D69-46E2-B794-BED45147E643}.Release|x64.Build.0 = Release|x64
		{69B60586-7D69-46E2-B794-BED45147E643}.Release|x86.ActiveCfg = Release|Win32
		{69B60586-7D69-46E2-B794-BED45147E643}.Release|x86.Build.0 = Release|Win32
		{D65E305A-F8EE-49BE-9055-8D277A761624}.Debug|x64.ActiveCfg = Debug|x64
		{D65E305A-F8EE-49BE-9055-8D277A761624}.Debug|x64.Build.0 = Debug|x64
		{D65E305A-F8EE-49BE-9055-8D277A761624}.Debug|x86.ActiveCfg = Debug|Win32
		{D65E305A-F8EE-49BE-9055-8D277A761624}.Debug|x86.Build.0 = Debug|Win32
		{D65E305A-F8EE-49BE-9055-8D277A761624}.Release|x64.ActiveCfg = Release|x64
		{D65E305A-F8EE-49BE-9055-8D277A761624}.Release|x64.Build.0 = Release|x64
		{D65E305A-F8EE-49BE-9055-8D277A761624}.Release|x86.ActiveCfg = Release|Win32
		{D65E305A-F8EE-49BE-9055-8D277A761624}.Release|x86.Build.0 = Release|Win32
		{3B4B996B-B4FA-469E-99B2-456CA104A29C}.Debug|x64.ActiveCfg = Debug|x64
		{3B4B996B-B4FA-469E-99B2-456CA104A29C}.Debug|x64.Build.0 = Debug|x64
		{3B4B996B-B4FA-469E-99B2-456CA104A29C}.Debug|x86.ActiveCfg = Debug|Win32
		{3B4B996B-B4FA-469E-99B2-456CA104A29C}.Debug|x86.Build.0 = Debug|Win32
		{3B4B996B-B4FA-469E-99B2-456CA104A29C}.Release|x64.ActiveCfg = Release|x64
		{3B4B996B-B4FA-469E-99B2-456CA104A29C}.Release|x64.Build.0 = Release|x64
		{3B4B996B-B4FA-469E-99B2-456CA104A29C}.Release|x86.ActiveCfg = Release|Win32
		{3B4B996B-B4FA-469E-99B2-456CA104A29C}.Release|x86.Build.0 = Release|Win32
		{1B740B76-2FAB-4A25-BDD9-A9AE756D7549}.Debug|x64.ActiveCfg = Debug|x64
		{1B740B76-2FAB-4A25-BDD9-A9AE756D7549}.Debug|x64.Build.0 = Debug|x64
		{1B740B76-2FAB-4A25-BDD9-A9AE756D7549}.Debug|x86.ActiveCfg = Debug|Win32
		{1B740B76-2FAB-4A25-BDD9-A9AE756D7549}.Debug|x86.Build.0 = Debug|Win32
		{1B740B76-2FAB-4A25-BDD9-A9AE756D7549}.Release|x64.ActiveCfg = Release|x64
		{1B740B76-2FAB-4A25-BDD9-A9AE756D7549}.Release|x64.Build.0 = Release|x64
		{1B740B76-2FAB-4A25-BDD9-A9AE756D7549}.Release|x86.ActiveCfg = Release|Win32
		{1B740B76-2FAB-4A25-BDD9-A9AE756D7549}.Release|x86.Build.0 = Release|Win32
		{E3D084A5-83FB-41F7-8628-F64CA6ADB0CE}.Debug|x64.ActiveCfg = Debug|x64
		{E3D084A5-83FB-41F7-8628-F64CA6ADB0CE}.Debug|x64.Build.0 = Debug|x64
		{E3D084A5-83FB-41F7-8628-F64CA6ADB0CE}.Debug|x86.ActiveCfg = Debug|Win32
		{E3D084A5-83FB-41F7-8628-F64CA6ADB0CE}.Debug|x86.Build.0 = Debug|Win32
		{E3D084A5-83FB-41F7-8628-F64CA6ADB0CE}.Release|x64.ActiveCfg = Release|x64
		{E3D084A5-83FB-41F7-8628-F64CA6ADB0CE}.Release|x64.Build.0 = Release|x64
		{E3D084A5-83FB-41F7-8628-F64CA6ADB0CE}.Release|x86.ActiveCfg = Release|Win32
		{E3D084A5-83FB-41F7-8628-F64CA6ADB0CE}.Release|x86.Build.0 = Release|Win32
		{CED31C21-E9F5-4718-AFE3-BB9A9B0C3B50}.Debug|x64.ActiveCfg = Debug|x64
		{CED31C21-E9F5-4718-AFE3-BB9A9B0C3B50}.Debug|x64.Build.0 = Debug|x64
		{CED31C21-E9F5-4718-AFE3-BB9A9B0C3B50}.Debug|x86.ActiveCfg = Debug|Win32
		{CED31C21-E9F5-4718-AFE3-BB9A9B0C3B50}.Debug|x86.Build.0 = Debug|Win32
		{CED31C21-E9F5-4718-AFE3-BB9A9B0C3B50}.Release|x64.ActiveCfg = Release|x64
		{CED31C21-E9F5-4718-AFE3-BB9A9B0C3B50}.Release|x64.Build.0 = Release|x64
		{CED31C21-E9F5-4718-AFE3-BB9A9B0C3B50}.Release|x86.ActiveCfg = Release|Win32
		{CED31C21-E9F5-4718-AFE3-BB9A9B0C3B50}.Release|x86.Build.0 = Release|Win32
		{7B68D065-348A-4987-9152-0B1441583D91}.Debug|x64.ActiveCfg = Debug|x64
		{7B68D065-348A-4987-9152-0B1441583D91}.Debug|x64.Build.0 = Debug|x64
		{7B68D065-348A-4987-9152-0B1441583D91}.Debug|x86.ActiveCfg = Debug|Win32
		{7B68D065-348A-4987-9152-0B1441583D91}.Debug|x86.Build.0 = Debug|Win32
		{7B68D065-348A-4987-9152-0B1441583D91}.Release|x64.ActiveCfg = Release|x64
		{7B68D065-348A-4987-9152-0B1441583D91}.Release|x64.Build.0 = Release|x64
		{7B68D065-348A-4987-9152-0B1441583D91}.Release|x86.ActiveCfg = Release|Win32
		{7B68D065-348A-4987-9152-0B1441583D91}.Release|x86.Build.0 = Release|Win32
		{9494DAB0-FBB6-4A83-8143-0251DB2C7D15}.Debug|x64.ActiveCfg = Debug|x64
		{9494DAB0-FBB6-4A83-8143-0251DB2C7D15}.Debug|x64.Build.0 = Debug|x64
		{9494DAB0-FBB6-4A83-8143-0251DB2C7D15}.Debug|x86.ActiveCfg = Debug|Win32
		{9494DAB0-FBB6-4A83-8143-0251DB2C7D15}.Debug|x86.Build.0 = Debug|Win32
		{9494DAB0-FBB6-4A83-8143-0251DB2C7D15}.Release|x64.ActiveCfg = Release|x64
		{9494DAB0-FBB6-4A83-8143-0251DB2C7D15}.Release|x64.Build.0 = Release|x64
		{9494DAB0-FBB6-4A83-8143-0251DB2C7D15}.Release|x86.ActiveCfg = Release|Win32
		{9494DAB0-FBB6-4A83-8143-0251DB2C7D15}.Release|x86.Build.0 = Release|Win32
		{B0EF8449-007E-433E-BB42-442E54BFC8FA}.Debug|x64.ActiveCfg = Debug|x64
		{B0EF8449-007E-433E-BB42-442E54BFC8FA}.Debug|x64.Build.0 = Debug|x64
		{B0EF8449-007E-433E-BB42-442E54BFC8FA}.Debug|x86.ActiveCfg = Debug|Win32
		{B0EF8449-007E-433E-BB42-442E54BFC8FA}.Debug|x86.Build.0 = Debug|Win32
		{B0EF8449-007E-433E-BB42-442E54BFC8FA}.Release|x64.ActiveCfg = Release|x64
		{B0EF8449-007E-433E-BB42-442E54BFC8FA}.Release|x64.Build.0 = Release|x64
		{B0EF8449-007E-433E-BB42-442E54BFC8FA}.Release|x86.ActiveCfg = Release|Win32
		{B0EF8449-007E-433E-BB42-442E54BFC8FA}.Release|x86.Build.0 = Release|Win32
		{F53C8422-FAE1-4C7A-A11A-E3E08DF64241}.Debug|x64.ActiveCfg = Debug|x64
		{F53C8422-FAE1-4C7A-A11A-E3E08DF64241}.Debug|x64.Build.0 = Debug|x64
		{F53C8422-FAE1-4C7A-A11A-E3E08DF64241}.Debug|x86.ActiveCfg = Debug|Win32
		{F53C8422-FAE1-4C7A-A11A-E3E08DF64241}.Debug|x86.Build.0 = Debug|Win32
		{F53C8422-FAE1-4C7A-A11A-E3E08DF64241}.Release|x64.ActiveCfg = Release|x64
		{F53C8422-FAE1-4C7A-A11A-E3E08DF64241}.Release|x64.Build.0 = Release|x64
		{F53C8422-FAE1-4C7A-A11A-E3E08DF64241}.Release|x86.ActiveCfg = Release|Win32
		{F53C8422-FAE1-4C7A-A11A-E3E08DF64241}.Release|x86.Build.0 = Release|Win32
	EndGlobalSection
	GlobalSection(SolutionProperties) = preSolution
		HideSolutionNode = FALSE
	EndGlobalSection
	GlobalSection(ExtensibilityGlobals) = postSolution
		SolutionGuid = {039C05D1-CE58-45CC-A9C7-35FAABEE5B07}
	EndGlobalSection
EndGlobal
