<Solution>
  <Configurations>
    <Platform Name="x64" />
    <Platform Name="x86" />
  </Configurations>
  <Project Path="01_Hello/01_Hello.vcxproj" Id="6ab0a28d-94da-477d-ab64-002c0153aa92" />
  <Project Path="02_Sum/02_Sum.vcxproj" Id="9e83485c-1d38-40c3-b00e-7412d0e27e9f" />
  <Project Path="03_rectangle/03_rectangle.vcxproj" Id="09fc8e6b-dc5c-417c-b4c9-8d83564341fb" />
  <Project Path="04_circle/04_circle.vcxproj" Id="44f61ad8-4488-4e73-b6a9-70f4016300ec" />
  <Project Path="04_circlee/04_circlee.vcxproj" Id="a5fc0fea-3028-4ce9-8cbc-9c71c738d785" />
  <Project Path="05_pocet_money/05_pocet_money.vcxproj" Id="7f439e35-6d09-4c8f-9810-e904950a0791" />
  <Project Path="06_reverse/06_reverse.vcxproj" Id="40a7313a-1e6a-4213-b928-d4b90ad7c515" />
  <Project Path="07_sum_pro/07_sum_pro.vcxproj" Id="0e2b4582-7837-4aba-987c-e0d17306b5db" />
  <Project Path="08_5digits/08_5digits.vcxproj" Id="45b96542-6eb6-4856-839e-005a2ff1c170" />
  <Project Path="09_6digits/09_6digits.vcxproj" Id="6cbee3b3-769d-4555-8f1e-85ad1025e994" />
  <Project Path="10_square_equation/10_square_equation.vcxproj" Id="22cdb842-1bec-4704-b848-19fdc952bf6e" />
  <Project Path="12_finances/12_finances.vcxproj" Id="d0dc0d56-a6be-421d-8dd9-23ff80bb1bd4" />
  <Project Path="13_Nap2026/13_Nap2026.vcxproj" Id="9ea7a440-09e9-4073-856d-f6c84c82c366" />
  <Project Path="SQ.EQ.2/SQ.EQ.2.vcxproj" Id="c40bab7f-b4b0-453e-af37-32bd49f0c7f8" />
</Solution>
