
Microsoft Visual Studio Solution File, Format Version 12.00
# Visual Studio Version 16
VisualStudioVersion = 16.0.31112.23
MinimumVisualStudioVersion = 10.0.40219.1
Project("{8BC9CEB8-8B4A-11D0-8D11-00A0C91BC942}") = "ReversNum", "20321026\20321026.vcxproj", "{644153EB-1DA6-4BF7-8B42-72AE16C9D938}"
EndProject
Project("{8BC9CEB8-8B4A-11D0-8D11-00A0C91BC942}") = "SumOdd", "SumOdd\SumOdd.vcxproj", "{16704334-87F7-4ED2-B7CA-CF6217A3BD35}"
EndProject
Project("{8BC9CEB8-8B4A-11D0-8D11-00A0C91BC942}") = "ProEven", "ProEven\ProEven.vcxproj", "{AC5F7253-A5CC-4023-9E3D-E6469CE866E5}"
EndProject
Project("{8BC9CEB8-8B4A-11D0-8D11-00A0C91BC942}") = "SqEq", "SqEq\SqEq.vcxproj", "{AB5A6D1F-5B72-4CED-A957-C149E9993D6B}"
EndProject
Global
	GlobalSection(SolutionConfigurationPlatforms) = preSolution
		Debug|x64 = Debug|x64
		Debug|x86 = Debug|x86
		Release|x64 = Release|x64
		Release|x86 = Release|x86
	EndGlobalSection
	GlobalSection(ProjectConfigurationPlatforms) = postSolution
		{644153EB-1DA6-4BF7-8B42-72AE16C9D938}.Debug|x64.ActiveCfg = Debug|x64
		{644153EB-1DA6-4BF7-8B42-72AE16C9D938}.Debug|x64.Build.0 = Debug|x64
		{644153EB-1DA6-4BF7-8B42-72AE16C9D938}.Debug|x86.ActiveCfg = Debug|Win32
		{644153EB-1DA6-4BF7-8B42-72AE16C9D938}.Debug|x86.Build.0 = Debug|Win32
		{644153EB-1DA6-4BF7-8B42-72AE16C9D938}.Release|x64.ActiveCfg = Release|x64
		{644153EB-1DA6-4BF7-8B42-72AE16C9D938}.Release|x64.Build.0 = Release|x64
		{644153EB-1DA6-4BF7-8B42-72AE16C9D938}.Release|x86.ActiveCfg = Release|Win32
		{644153EB-1DA6-4BF7-8B42-72AE16C9D938}.Release|x86.Build.0 = Release|Win32
		{16704334-87F7-4ED2-B7CA-CF6217A3BD35}.Debug|x64.ActiveCfg = Debug|x64
		{16704334-87F7-4ED2-B7CA-CF6217A3BD35}.Debug|x64.Build.0 = Debug|x64
		{16704334-87F7-4ED2-B7CA-CF6217A3BD35}.Debug|x86.ActiveCfg = Debug|Win32
		{16704334-87F7-4ED2-B7CA-CF6217A3BD35}.Debug|x86.Build.0 = Debug|Win32
		{16704334-87F7-4ED2-B7CA-CF6217A3BD35}.Release|x64.ActiveCfg = Release|x64
		{16704334-87F7-4ED2-B7CA-CF6217A3BD35}.Release|x64.Build.0 = Release|x64
		{16704334-87F7-4ED2-B7CA-CF6217A3BD35}.Release|x86.ActiveCfg = Release|Win32
		{16704334-87F7-4ED2-B7CA-CF6217A3BD35}.Release|x86.Build.0 = Release|Win32
		{AC5F7253-A5CC-4023-9E3D-E6469CE866E5}.Debug|x64.ActiveCfg = Debug|x64
		{AC5F7253-A5CC-4023-9E3D-E6469CE866E5}.Debug|x64.Build.0 = Debug|x64
		{AC5F7253-A5CC-4023-9E3D-E6469CE866E5}.Debug|x86.ActiveCfg = Debug|Win32
		{AC5F7253-A5CC-4023-9E3D-E6469CE866E5}.Debug|x86.Build.0 = Debug|Win32
		{AC5F7253-A5CC-4023-9E3D-E6469CE866E5}.Release|x64.ActiveCfg = Release|x64
		{AC5F7253-A5CC-4023-9E3D-E6469CE866E5}.Release|x64.Build.0 = Release|x64
		{AC5F7253-A5CC-4023-9E3D-E6469CE866E5}.Release|x86.ActiveCfg = Release|Win32
		{AC5F7253-A5CC-4023-9E3D-E6469CE866E5}.Release|x86.Build.0 = Release|Win32
		{AB5A6D1F-5B72-4CED-A957-C149E9993D6B}.Debug|x64.ActiveCfg = Debug|x64
		{AB5A6D1F-5B72-4CED-A957-C149E9993D6B}.Debug|x64.Build.0 = Debug|x64
		{AB5A6D1F-5B72-4CED-A957-C149E9993D6B}.Debug|x86.ActiveCfg = Debug|Win32
		{AB5A6D1F-5B72-4CED-A957-C149E9993D6B}.Debug|x86.Build.0 = Debug|Win32
		{AB5A6D1F-5B72-4CED-A957-C149E9993D6B}.Release|x64.ActiveCfg = Release|x64
		{AB5A6D1F-5B72-4CED-A957-C149E9993D6B}.Release|x64.Build.0 = Release|x64
		{AB5A6D1F-5B72-4CED-A957-C149E9993D6B}.Release|x86.ActiveCfg = Release|Win32
		{AB5A6D1F-5B72-4CED-A957-C149E9993D6B}.Release|x86.Build.0 = Release|Win32
	EndGlobalSection
	GlobalSection(SolutionProperties) = preSolution
		HideSolutionNode = FALSE
	EndGlobalSection
	GlobalSection(ExtensibilityGlobals) = postSolution
		SolutionGuid = {E3573BCA-2C2E-4BFB-86CE-6B06B1B7A248}
	EndGlobalSection
EndGlobal
